
Microsoft Visual Studio Solution File, Format Version 12.00
# Visual Studio Version 16
VisualStudioVersion = 16.0.29215.179
MinimumVisualStudioVersion = 10.0.40219.1
Project("{9A19103F-16F7-4668-BE54-9A1E7A4F7556}") = "Cloudents.Web", "Cloudents.Web\Cloudents.Web.csproj", "{513E9862-224F-43A4-BBCE-ED71C335A670}"
EndProject
Project("{9A19103F-16F7-4668-BE54-9A1E7A4F7556}") = "Cloudents.Core", "Cloudents.Core\Cloudents.Core.csproj", "{0447E684-5E78-445A-ADCB-3A761D4E0606}"
EndProject
Project("{9A19103F-16F7-4668-BE54-9A1E7A4F7556}") = "Cloudents.Infrastructure", "Cloudents.Infrastructure\Cloudents.Infrastructure.csproj", "{49F15A50-5FE8-48D4-B3AF-30806FAA965C}"
EndProject
Project("{9A19103F-16F7-4668-BE54-9A1E7A4F7556}") = "Cloudents.Infrastructure.Framework", "Cloudents.Infrastructure.Framework\Cloudents.Infrastructure.Framework.csproj", "{82B21D8A-536E-4998-BD35-DEA5864382B1}"
EndProject
Project("{9A19103F-16F7-4668-BE54-9A1E7A4F7556}") = "Cloudents.Core.Test", "Cloudents.Core.Test\Cloudents.Core.Test.csproj", "{0F5740B6-3192-43BF-BD8E-87C136926403}"
EndProject
Project("{9A19103F-16F7-4668-BE54-9A1E7A4F7556}") = "Cloudents.Infrastructure.Test", "Cloudents.Infrastructure.Test\Cloudents.Infrastructure.Test.csproj", "{8CE38E8A-C315-4CA3-A071-9B071033F370}"
EndProject
Project("{9A19103F-16F7-4668-BE54-9A1E7A4F7556}") = "Cloudents.Web.Test", "Cloudents.Web.Test\Cloudents.Web.Test.csproj", "{73E55742-40AF-4C17-A725-8FD79D07142E}"
EndProject
Project("{2150E333-8FDC-42A3-9474-1A3956D46DE8}") = "src", "src", "{2EB273BF-0342-4FDC-942E-70261335187C}"
EndProject
Project("{2150E333-8FDC-42A3-9474-1A3956D46DE8}") = "tests", "tests", "{974199DB-E3D7-4CAC-BBEA-6A0801E51009}"
EndProject
Project("{2150E333-8FDC-42A3-9474-1A3956D46DE8}") = "app", "app", "{11BD4A18-56D6-4D9B-8257-87AEBE3053F4}"
EndProject
Project("{9A19103F-16F7-4668-BE54-9A1E7A4F7556}") = "ConsoleApp", "ConsoleApp\ConsoleApp.csproj", "{D6F086D9-F99F-4AB0-B396-1880F753C6CB}"
EndProject
Project("{9A19103F-16F7-4668-BE54-9A1E7A4F7556}") = "Cloudents.Infrastructure.Storage", "Cloudents.Infrastructure.Storage\Cloudents.Infrastructure.Storage.csproj", "{A9838733-C134-4B25-924D-B15DFB0C077F}"
EndProject
Project("{2150E333-8FDC-42A3-9474-1A3956D46DE8}") = "Solution Items", "Solution Items", "{50278DEE-EB2D-4F76-871C-65FFF8E73D1F}"
	ProjectSection(SolutionItems) = preProject
		azure-pipelines-1.yml = azure-pipelines-1.yml
		azure-pipelines.yml = azure-pipelines.yml
		Cloudents2018.pfx = Cloudents2018.pfx
		Cloudents2019.pfx = Cloudents2019.pfx
		Pass.txt = Pass.txt
		Queries.sql = Queries.sql
		README.md = README.md
		W-15-scripts.txt = W-15-scripts.txt
	EndProjectSection
EndProject
Project("{9A19103F-16F7-4668-BE54-9A1E7A4F7556}") = "Cloudents.Infrastructure.Data.Test", "Cloudents.Infrastructure.Data.Test\Cloudents.Infrastructure.Data.Test.csproj", "{0F4CDB18-8825-4D7B-A42C-B87C67813C48}"
EndProject
Project("{9A19103F-16F7-4668-BE54-9A1E7A4F7556}") = "Cloudents.Admin2", "Cloudents.Admin2\Cloudents.Admin2.csproj", "{70D5B492-28D9-4612-87A0-A77C046D9DA9}"
EndProject
Project("{9A19103F-16F7-4668-BE54-9A1E7A4F7556}") = "Cloudents.FunctionsV2", "Cloudents.FunctionsV2\Cloudents.FunctionsV2.csproj", "{4E7E766C-BBAF-46C9-81D4-5375ED0206A7}"
EndProject
Project("{9A19103F-16F7-4668-BE54-9A1E7A4F7556}") = "Cloudents.Functions", "Cloudents.Functions\Cloudents.Functions.csproj", "{3AC66976-4B8A-4585-9124-961D979B05EF}"
EndProject
Project("{9A19103F-16F7-4668-BE54-9A1E7A4F7556}") = "Cloudents.Admin.Test", "Cloudents.Web.Test2\Cloudents.Admin.Test.csproj", "{F833BC6D-A4E8-4A35-BC80-852165F0C995}"
EndProject
Project("{2150E333-8FDC-42A3-9474-1A3956D46DE8}") = "Core", "Core", "{87821F4F-6A1A-48D1-A863-EE9B2778EA3D}"
EndProject
Project("{2150E333-8FDC-42A3-9474-1A3956D46DE8}") = "Infrastructure", "Infrastructure", "{A2004D2E-1C93-4050-93F3-8A70BA3A4010}"
EndProject
Project("{9A19103F-16F7-4668-BE54-9A1E7A4F7556}") = "Cloudents.Search", "Cloudents.Search\Cloudents.Search.csproj", "{A3CDCD79-3F17-4D40-BAFF-CB1C5CCC0AEC}"
EndProject
Project("{9A19103F-16F7-4668-BE54-9A1E7A4F7556}") = "Cloudents.Persistence", "Cloudents.Persistance\Cloudents.Persistence.csproj", "{E9B9A3DE-ABF9-4BEA-91A1-74CB790A260C}"
EndProject
Project("{9A19103F-16F7-4668-BE54-9A1E7A4F7556}") = "Cloudents.Query", "Cloudents.Query\Cloudents.Query.csproj", "{F4C03D79-CEE5-4994-8E60-9537C24AEB30}"
EndProject
Project("{9A19103F-16F7-4668-BE54-9A1E7A4F7556}") = "Cloudents.Command", "Cloudents.Command\Cloudents.Command.csproj", "{8F15B0EE-A780-4F16-879A-A0F078F7890C}"
EndProject
Project("{9A19103F-16F7-4668-BE54-9A1E7A4F7556}") = "Cloudents.Selenium.Test", "Cloudents.Selenium.Test\Cloudents.Selenium.Test.csproj", "{138B6C76-BE9C-46D5-BD61-B2E760E25841}"
EndProject
Project("{9A19103F-16F7-4668-BE54-9A1E7A4F7556}") = "Cloudents.FunctionsV2.Test", "Cloudents.FunctionV2.Test\Cloudents.FunctionsV2.Test.csproj", "{B7CC771A-76D3-41F0-BBA7-4C598D1A057C}"
EndProject
Global
	GlobalSection(SolutionConfigurationPlatforms) = preSolution
		Debug|Any CPU = Debug|Any CPU
		Release|Any CPU = Release|Any CPU
	EndGlobalSection
	GlobalSection(ProjectConfigurationPlatforms) = postSolution
		{513E9862-224F-43A4-BBCE-ED71C335A670}.Debug|Any CPU.ActiveCfg = Debug|Any CPU
		{513E9862-224F-43A4-BBCE-ED71C335A670}.Debug|Any CPU.Build.0 = Debug|Any CPU
		{513E9862-224F-43A4-BBCE-ED71C335A670}.Release|Any CPU.ActiveCfg = Release|Any CPU
		{513E9862-224F-43A4-BBCE-ED71C335A670}.Release|Any CPU.Build.0 = Release|Any CPU
		{0447E684-5E78-445A-ADCB-3A761D4E0606}.Debug|Any CPU.ActiveCfg = Debug|Any CPU
		{0447E684-5E78-445A-ADCB-3A761D4E0606}.Debug|Any CPU.Build.0 = Debug|Any CPU
		{0447E684-5E78-445A-ADCB-3A761D4E0606}.Release|Any CPU.ActiveCfg = Release|Any CPU
		{0447E684-5E78-445A-ADCB-3A761D4E0606}.Release|Any CPU.Build.0 = Release|Any CPU
		{49F15A50-5FE8-48D4-B3AF-30806FAA965C}.Debug|Any CPU.ActiveCfg = Debug|Any CPU
		{49F15A50-5FE8-48D4-B3AF-30806FAA965C}.Debug|Any CPU.Build.0 = Debug|Any CPU
		{49F15A50-5FE8-48D4-B3AF-30806FAA965C}.Release|Any CPU.ActiveCfg = Release|Any CPU
		{49F15A50-5FE8-48D4-B3AF-30806FAA965C}.Release|Any CPU.Build.0 = Release|Any CPU
		{82B21D8A-536E-4998-BD35-DEA5864382B1}.Debug|Any CPU.ActiveCfg = Debug|Any CPU
		{82B21D8A-536E-4998-BD35-DEA5864382B1}.Debug|Any CPU.Build.0 = Debug|Any CPU
		{82B21D8A-536E-4998-BD35-DEA5864382B1}.Release|Any CPU.ActiveCfg = Release|Any CPU
		{82B21D8A-536E-4998-BD35-DEA5864382B1}.Release|Any CPU.Build.0 = Release|Any CPU
		{0F5740B6-3192-43BF-BD8E-87C136926403}.Debug|Any CPU.ActiveCfg = Debug|Any CPU
		{0F5740B6-3192-43BF-BD8E-87C136926403}.Debug|Any CPU.Build.0 = Debug|Any CPU
		{0F5740B6-3192-43BF-BD8E-87C136926403}.Release|Any CPU.ActiveCfg = Release|Any CPU
		{0F5740B6-3192-43BF-BD8E-87C136926403}.Release|Any CPU.Build.0 = Release|Any CPU
		{8CE38E8A-C315-4CA3-A071-9B071033F370}.Debug|Any CPU.ActiveCfg = Debug|Any CPU
		{8CE38E8A-C315-4CA3-A071-9B071033F370}.Debug|Any CPU.Build.0 = Debug|Any CPU
		{8CE38E8A-C315-4CA3-A071-9B071033F370}.Release|Any CPU.ActiveCfg = Release|Any CPU
		{8CE38E8A-C315-4CA3-A071-9B071033F370}.Release|Any CPU.Build.0 = Release|Any CPU
		{73E55742-40AF-4C17-A725-8FD79D07142E}.Debug|Any CPU.ActiveCfg = Debug|Any CPU
		{73E55742-40AF-4C17-A725-8FD79D07142E}.Debug|Any CPU.Build.0 = Debug|Any CPU
		{73E55742-40AF-4C17-A725-8FD79D07142E}.Release|Any CPU.ActiveCfg = Release|Any CPU
		{73E55742-40AF-4C17-A725-8FD79D07142E}.Release|Any CPU.Build.0 = Release|Any CPU
		{D6F086D9-F99F-4AB0-B396-1880F753C6CB}.Debug|Any CPU.ActiveCfg = Debug|Any CPU
		{D6F086D9-F99F-4AB0-B396-1880F753C6CB}.Debug|Any CPU.Build.0 = Debug|Any CPU
		{D6F086D9-F99F-4AB0-B396-1880F753C6CB}.Release|Any CPU.ActiveCfg = Release|Any CPU
		{D6F086D9-F99F-4AB0-B396-1880F753C6CB}.Release|Any CPU.Build.0 = Release|Any CPU
		{A9838733-C134-4B25-924D-B15DFB0C077F}.Debug|Any CPU.ActiveCfg = Debug|Any CPU
		{A9838733-C134-4B25-924D-B15DFB0C077F}.Debug|Any CPU.Build.0 = Debug|Any CPU
		{A9838733-C134-4B25-924D-B15DFB0C077F}.Release|Any CPU.ActiveCfg = Release|Any CPU
		{A9838733-C134-4B25-924D-B15DFB0C077F}.Release|Any CPU.Build.0 = Release|Any CPU
		{0F4CDB18-8825-4D7B-A42C-B87C67813C48}.Debug|Any CPU.ActiveCfg = Debug|Any CPU
		{0F4CDB18-8825-4D7B-A42C-B87C67813C48}.Debug|Any CPU.Build.0 = Debug|Any CPU
		{0F4CDB18-8825-4D7B-A42C-B87C67813C48}.Release|Any CPU.ActiveCfg = Release|Any CPU
		{0F4CDB18-8825-4D7B-A42C-B87C67813C48}.Release|Any CPU.Build.0 = Release|Any CPU
		{70D5B492-28D9-4612-87A0-A77C046D9DA9}.Debug|Any CPU.ActiveCfg = Debug|Any CPU
		{70D5B492-28D9-4612-87A0-A77C046D9DA9}.Debug|Any CPU.Build.0 = Debug|Any CPU
		{70D5B492-28D9-4612-87A0-A77C046D9DA9}.Release|Any CPU.ActiveCfg = Release|Any CPU
		{70D5B492-28D9-4612-87A0-A77C046D9DA9}.Release|Any CPU.Build.0 = Release|Any CPU
		{4E7E766C-BBAF-46C9-81D4-5375ED0206A7}.Debug|Any CPU.ActiveCfg = Debug|Any CPU
		{4E7E766C-BBAF-46C9-81D4-5375ED0206A7}.Debug|Any CPU.Build.0 = Debug|Any CPU
		{4E7E766C-BBAF-46C9-81D4-5375ED0206A7}.Release|Any CPU.ActiveCfg = Release|Any CPU
		{4E7E766C-BBAF-46C9-81D4-5375ED0206A7}.Release|Any CPU.Build.0 = Release|Any CPU
		{3AC66976-4B8A-4585-9124-961D979B05EF}.Debug|Any CPU.ActiveCfg = Debug|Any CPU
		{3AC66976-4B8A-4585-9124-961D979B05EF}.Debug|Any CPU.Build.0 = Debug|Any CPU
		{3AC66976-4B8A-4585-9124-961D979B05EF}.Release|Any CPU.ActiveCfg = Release|Any CPU
		{3AC66976-4B8A-4585-9124-961D979B05EF}.Release|Any CPU.Build.0 = Release|Any CPU
		{F833BC6D-A4E8-4A35-BC80-852165F0C995}.Debug|Any CPU.ActiveCfg = Debug|Any CPU
		{F833BC6D-A4E8-4A35-BC80-852165F0C995}.Debug|Any CPU.Build.0 = Debug|Any CPU
		{F833BC6D-A4E8-4A35-BC80-852165F0C995}.Release|Any CPU.ActiveCfg = Release|Any CPU
		{F833BC6D-A4E8-4A35-BC80-852165F0C995}.Release|Any CPU.Build.0 = Release|Any CPU
		{A3CDCD79-3F17-4D40-BAFF-CB1C5CCC0AEC}.Debug|Any CPU.ActiveCfg = Debug|Any CPU
		{A3CDCD79-3F17-4D40-BAFF-CB1C5CCC0AEC}.Debug|Any CPU.Build.0 = Debug|Any CPU
		{A3CDCD79-3F17-4D40-BAFF-CB1C5CCC0AEC}.Release|Any CPU.ActiveCfg = Release|Any CPU
		{A3CDCD79-3F17-4D40-BAFF-CB1C5CCC0AEC}.Release|Any CPU.Build.0 = Release|Any CPU
		{E9B9A3DE-ABF9-4BEA-91A1-74CB790A260C}.Debug|Any CPU.ActiveCfg = Debug|Any CPU
		{E9B9A3DE-ABF9-4BEA-91A1-74CB790A260C}.Debug|Any CPU.Build.0 = Debug|Any CPU
		{E9B9A3DE-ABF9-4BEA-91A1-74CB790A260C}.Release|Any CPU.ActiveCfg = Release|Any CPU
		{E9B9A3DE-ABF9-4BEA-91A1-74CB790A260C}.Release|Any CPU.Build.0 = Release|Any CPU
		{F4C03D79-CEE5-4994-8E60-9537C24AEB30}.Debug|Any CPU.ActiveCfg = Debug|Any CPU
		{F4C03D79-CEE5-4994-8E60-9537C24AEB30}.Debug|Any CPU.Build.0 = Debug|Any CPU
		{F4C03D79-CEE5-4994-8E60-9537C24AEB30}.Release|Any CPU.ActiveCfg = Release|Any CPU
		{F4C03D79-CEE5-4994-8E60-9537C24AEB30}.Release|Any CPU.Build.0 = Release|Any CPU
		{8F15B0EE-A780-4F16-879A-A0F078F7890C}.Debug|Any CPU.ActiveCfg = Debug|Any CPU
		{8F15B0EE-A780-4F16-879A-A0F078F7890C}.Debug|Any CPU.Build.0 = Debug|Any CPU
		{8F15B0EE-A780-4F16-879A-A0F078F7890C}.Release|Any CPU.ActiveCfg = Release|Any CPU
		{8F15B0EE-A780-4F16-879A-A0F078F7890C}.Release|Any CPU.Build.0 = Release|Any CPU
		{138B6C76-BE9C-46D5-BD61-B2E760E25841}.Debug|Any CPU.ActiveCfg = Debug|Any CPU
		{138B6C76-BE9C-46D5-BD61-B2E760E25841}.Debug|Any CPU.Build.0 = Debug|Any CPU
		{138B6C76-BE9C-46D5-BD61-B2E760E25841}.Release|Any CPU.ActiveCfg = Release|Any CPU
		{138B6C76-BE9C-46D5-BD61-B2E760E25841}.Release|Any CPU.Build.0 = Release|Any CPU
		{B7CC771A-76D3-41F0-BBA7-4C598D1A057C}.Debug|Any CPU.ActiveCfg = Debug|Any CPU
		{B7CC771A-76D3-41F0-BBA7-4C598D1A057C}.Debug|Any CPU.Build.0 = Debug|Any CPU
		{B7CC771A-76D3-41F0-BBA7-4C598D1A057C}.Release|Any CPU.ActiveCfg = Release|Any CPU
		{B7CC771A-76D3-41F0-BBA7-4C598D1A057C}.Release|Any CPU.Build.0 = Release|Any CPU
	EndGlobalSection
	GlobalSection(SolutionProperties) = preSolution
		HideSolutionNode = FALSE
	EndGlobalSection
	GlobalSection(NestedProjects) = preSolution
		{513E9862-224F-43A4-BBCE-ED71C335A670} = {11BD4A18-56D6-4D9B-8257-87AEBE3053F4}
		{0447E684-5E78-445A-ADCB-3A761D4E0606} = {87821F4F-6A1A-48D1-A863-EE9B2778EA3D}
		{49F15A50-5FE8-48D4-B3AF-30806FAA965C} = {A2004D2E-1C93-4050-93F3-8A70BA3A4010}
		{82B21D8A-536E-4998-BD35-DEA5864382B1} = {2EB273BF-0342-4FDC-942E-70261335187C}
		{0F5740B6-3192-43BF-BD8E-87C136926403} = {974199DB-E3D7-4CAC-BBEA-6A0801E51009}
		{8CE38E8A-C315-4CA3-A071-9B071033F370} = {974199DB-E3D7-4CAC-BBEA-6A0801E51009}
		{73E55742-40AF-4C17-A725-8FD79D07142E} = {974199DB-E3D7-4CAC-BBEA-6A0801E51009}
		{D6F086D9-F99F-4AB0-B396-1880F753C6CB} = {974199DB-E3D7-4CAC-BBEA-6A0801E51009}
		{A9838733-C134-4B25-924D-B15DFB0C077F} = {A2004D2E-1C93-4050-93F3-8A70BA3A4010}
		{0F4CDB18-8825-4D7B-A42C-B87C67813C48} = {974199DB-E3D7-4CAC-BBEA-6A0801E51009}
		{70D5B492-28D9-4612-87A0-A77C046D9DA9} = {11BD4A18-56D6-4D9B-8257-87AEBE3053F4}
		{4E7E766C-BBAF-46C9-81D4-5375ED0206A7} = {11BD4A18-56D6-4D9B-8257-87AEBE3053F4}
		{3AC66976-4B8A-4585-9124-961D979B05EF} = {11BD4A18-56D6-4D9B-8257-87AEBE3053F4}
		{F833BC6D-A4E8-4A35-BC80-852165F0C995} = {974199DB-E3D7-4CAC-BBEA-6A0801E51009}
		{87821F4F-6A1A-48D1-A863-EE9B2778EA3D} = {2EB273BF-0342-4FDC-942E-70261335187C}
		{A2004D2E-1C93-4050-93F3-8A70BA3A4010} = {2EB273BF-0342-4FDC-942E-70261335187C}
		{A3CDCD79-3F17-4D40-BAFF-CB1C5CCC0AEC} = {A2004D2E-1C93-4050-93F3-8A70BA3A4010}
		{E9B9A3DE-ABF9-4BEA-91A1-74CB790A260C} = {A2004D2E-1C93-4050-93F3-8A70BA3A4010}
		{F4C03D79-CEE5-4994-8E60-9537C24AEB30} = {87821F4F-6A1A-48D1-A863-EE9B2778EA3D}
		{8F15B0EE-A780-4F16-879A-A0F078F7890C} = {87821F4F-6A1A-48D1-A863-EE9B2778EA3D}
		{138B6C76-BE9C-46D5-BD61-B2E760E25841} = {974199DB-E3D7-4CAC-BBEA-6A0801E51009}
		{B7CC771A-76D3-41F0-BBA7-4C598D1A057C} = {974199DB-E3D7-4CAC-BBEA-6A0801E51009}
	EndGlobalSection
	GlobalSection(ExtensibilityGlobals) = postSolution
		RESX_ConfirmAddLanguageFile = False
		RESX_AutoCreateNewLanguageFiles = True
		RESX_SortFileContentOnSave = True
		SolutionGuid = {56AA6A08-3F4E-4388-9483-D32CB8C78F83}
		RESX_PrefixTranslations = False
	EndGlobalSection
EndGlobal
