
Microsoft Visual Studio Solution File, Format Version 12.00
# Visual Studio 15
VisualStudioVersion = 15.0.27130.2036
MinimumVisualStudioVersion = 10.0.40219.1
Project("{9A19103F-16F7-4668-BE54-9A1E7A4F7556}") = "Cloudents.Web", "Cloudents.Web\Cloudents.Web.csproj", "{513E9862-224F-43A4-BBCE-ED71C335A670}"
EndProject
Project("{9A19103F-16F7-4668-BE54-9A1E7A4F7556}") = "Cloudents.Core", "Cloudents.Core\Cloudents.Core.csproj", "{0447E684-5E78-445A-ADCB-3A761D4E0606}"
EndProject
Project("{9A19103F-16F7-4668-BE54-9A1E7A4F7556}") = "Cloudents.Infrastructure", "Cloudents.Infrastructure\Cloudents.Infrastructure.csproj", "{49F15A50-5FE8-48D4-B3AF-30806FAA965C}"
EndProject
Project("{9A19103F-16F7-4668-BE54-9A1E7A4F7556}") = "Cloudents.Infrastructure.Framework", "Cloudents.Infrastructure.Framework\Cloudents.Infrastructure.Framework.csproj", "{82B21D8A-536E-4998-BD35-DEA5864382B1}"
EndProject
Project("{9A19103F-16F7-4668-BE54-9A1E7A4F7556}") = "Cloudents.Core.Test", "Cloudents.Core.Test\Cloudents.Core.Test.csproj", "{0F5740B6-3192-43BF-BD8E-87C136926403}"
EndProject
Project("{9A19103F-16F7-4668-BE54-9A1E7A4F7556}") = "Cloudents.Infrastructure.Test", "Cloudents.Infrastructure.Test\Cloudents.Infrastructure.Test.csproj", "{8CE38E8A-C315-4CA3-A071-9B071033F370}"
EndProject
Project("{9A19103F-16F7-4668-BE54-9A1E7A4F7556}") = "Cloudents.Api.Test", "Cloudents.Mobile.Test\Cloudents.Api.Test.csproj", "{E2E029BF-3854-4059-9E30-3AD19D506653}"
EndProject
Project("{9A19103F-16F7-4668-BE54-9A1E7A4F7556}") = "Cloudents.Web.Test", "Cloudents.Web.Test\Cloudents.Web.Test.csproj", "{73E55742-40AF-4C17-A725-8FD79D07142E}"
EndProject
Project("{2150E333-8FDC-42A3-9474-1A3956D46DE8}") = "src", "src", "{2EB273BF-0342-4FDC-942E-70261335187C}"
EndProject
Project("{2150E333-8FDC-42A3-9474-1A3956D46DE8}") = "tests", "tests", "{974199DB-E3D7-4CAC-BBEA-6A0801E51009}"
EndProject
Project("{2150E333-8FDC-42A3-9474-1A3956D46DE8}") = "app", "app", "{11BD4A18-56D6-4D9B-8257-87AEBE3053F4}"
EndProject
Project("{9A19103F-16F7-4668-BE54-9A1E7A4F7556}") = "Cloudents.Infrastructure.Framework.Test", "Cloudents.Infrastructure.Framework.Test\Cloudents.Infrastructure.Framework.Test.csproj", "{B5BFF057-ABD0-43EC-A6EE-6497C202A936}"
EndProject
Project("{9A19103F-16F7-4668-BE54-9A1E7A4F7556}") = "Cloudents.Api", "Cloudents.MobileApi\Cloudents.Api.csproj", "{C9F9FAE7-F630-4646-A877-B64507B060D4}"
EndProject
Project("{FAE04EC0-301F-11D3-BF4B-00C04F79EFBC}") = "ConsoleApp", "ConsoleApp\ConsoleApp.csproj", "{D6F086D9-F99F-4AB0-B396-1880F753C6CB}"
EndProject
Project("{9A19103F-16F7-4668-BE54-9A1E7A4F7556}") = "Cloudents.Functions", "Cloudents.Functions\Cloudents.Functions.csproj", "{44539E5F-400A-4580-8898-85B283CD64DC}"
EndProject
Project("{9A19103F-16F7-4668-BE54-9A1E7A4F7556}") = "Cloudents.Web.Extensions", "Cloudents.Web.Extensions\Cloudents.Web.Extensions.csproj", "{9D82D979-315E-4A67-82ED-ACCF56A0122A}"
EndProject
Project("{9A19103F-16F7-4668-BE54-9A1E7A4F7556}") = "Cloudents.Infrastructure.Storage", "Cloudents.Infrastructure.Storage\Cloudents.Infrastructure.Storage.csproj", "{A9838733-C134-4B25-924D-B15DFB0C077F}"
EndProject
Project("{2150E333-8FDC-42A3-9474-1A3956D46DE8}") = "Solution Items", "Solution Items", "{50278DEE-EB2D-4F76-871C-65FFF8E73D1F}"
	ProjectSection(SolutionItems) = preProject
		Cloudents2018.pfx = Cloudents2018.pfx
		Pass.txt = Pass.txt
	EndProjectSection
EndProject
Global
	GlobalSection(SolutionConfigurationPlatforms) = preSolution
		Debug|Any CPU = Debug|Any CPU
		Release|Any CPU = Release|Any CPU
	EndGlobalSection
	GlobalSection(ProjectConfigurationPlatforms) = postSolution
		{513E9862-224F-43A4-BBCE-ED71C335A670}.Debug|Any CPU.ActiveCfg = Debug|Any CPU
		{513E9862-224F-43A4-BBCE-ED71C335A670}.Debug|Any CPU.Build.0 = Debug|Any CPU
		{513E9862-224F-43A4-BBCE-ED71C335A670}.Release|Any CPU.ActiveCfg = Release|Any CPU
		{513E9862-224F-43A4-BBCE-ED71C335A670}.Release|Any CPU.Build.0 = Release|Any CPU
		{0447E684-5E78-445A-ADCB-3A761D4E0606}.Debug|Any CPU.ActiveCfg = Debug|Any CPU
		{0447E684-5E78-445A-ADCB-3A761D4E0606}.Debug|Any CPU.Build.0 = Debug|Any CPU
		{0447E684-5E78-445A-ADCB-3A761D4E0606}.Release|Any CPU.ActiveCfg = Release|Any CPU
		{0447E684-5E78-445A-ADCB-3A761D4E0606}.Release|Any CPU.Build.0 = Release|Any CPU
		{49F15A50-5FE8-48D4-B3AF-30806FAA965C}.Debug|Any CPU.ActiveCfg = Debug|Any CPU
		{49F15A50-5FE8-48D4-B3AF-30806FAA965C}.Debug|Any CPU.Build.0 = Debug|Any CPU
		{49F15A50-5FE8-48D4-B3AF-30806FAA965C}.Release|Any CPU.ActiveCfg = Release|Any CPU
		{49F15A50-5FE8-48D4-B3AF-30806FAA965C}.Release|Any CPU.Build.0 = Release|Any CPU
		{82B21D8A-536E-4998-BD35-DEA5864382B1}.Debug|Any CPU.ActiveCfg = Debug|Any CPU
		{82B21D8A-536E-4998-BD35-DEA5864382B1}.Debug|Any CPU.Build.0 = Debug|Any CPU
		{82B21D8A-536E-4998-BD35-DEA5864382B1}.Release|Any CPU.ActiveCfg = Release|Any CPU
		{82B21D8A-536E-4998-BD35-DEA5864382B1}.Release|Any CPU.Build.0 = Release|Any CPU
		{0F5740B6-3192-43BF-BD8E-87C136926403}.Debug|Any CPU.ActiveCfg = Debug|Any CPU
		{0F5740B6-3192-43BF-BD8E-87C136926403}.Debug|Any CPU.Build.0 = Debug|Any CPU
		{0F5740B6-3192-43BF-BD8E-87C136926403}.Release|Any CPU.ActiveCfg = Release|Any CPU
		{0F5740B6-3192-43BF-BD8E-87C136926403}.Release|Any CPU.Build.0 = Release|Any CPU
		{8CE38E8A-C315-4CA3-A071-9B071033F370}.Debug|Any CPU.ActiveCfg = Debug|Any CPU
		{8CE38E8A-C315-4CA3-A071-9B071033F370}.Debug|Any CPU.Build.0 = Debug|Any CPU
		{8CE38E8A-C315-4CA3-A071-9B071033F370}.Release|Any CPU.ActiveCfg = Release|Any CPU
		{8CE38E8A-C315-4CA3-A071-9B071033F370}.Release|Any CPU.Build.0 = Release|Any CPU
		{E2E029BF-3854-4059-9E30-3AD19D506653}.Debug|Any CPU.ActiveCfg = Debug|Any CPU
		{E2E029BF-3854-4059-9E30-3AD19D506653}.Debug|Any CPU.Build.0 = Debug|Any CPU
		{E2E029BF-3854-4059-9E30-3AD19D506653}.Release|Any CPU.ActiveCfg = Release|Any CPU
		{E2E029BF-3854-4059-9E30-3AD19D506653}.Release|Any CPU.Build.0 = Release|Any CPU
		{73E55742-40AF-4C17-A725-8FD79D07142E}.Debug|Any CPU.ActiveCfg = Debug|Any CPU
		{73E55742-40AF-4C17-A725-8FD79D07142E}.Debug|Any CPU.Build.0 = Debug|Any CPU
		{73E55742-40AF-4C17-A725-8FD79D07142E}.Release|Any CPU.ActiveCfg = Release|Any CPU
		{73E55742-40AF-4C17-A725-8FD79D07142E}.Release|Any CPU.Build.0 = Release|Any CPU
		{B5BFF057-ABD0-43EC-A6EE-6497C202A936}.Debug|Any CPU.ActiveCfg = Debug|Any CPU
		{B5BFF057-ABD0-43EC-A6EE-6497C202A936}.Debug|Any CPU.Build.0 = Debug|Any CPU
		{B5BFF057-ABD0-43EC-A6EE-6497C202A936}.Release|Any CPU.ActiveCfg = Release|Any CPU
		{B5BFF057-ABD0-43EC-A6EE-6497C202A936}.Release|Any CPU.Build.0 = Release|Any CPU
		{C9F9FAE7-F630-4646-A877-B64507B060D4}.Debug|Any CPU.ActiveCfg = Debug|Any CPU
		{C9F9FAE7-F630-4646-A877-B64507B060D4}.Debug|Any CPU.Build.0 = Debug|Any CPU
		{C9F9FAE7-F630-4646-A877-B64507B060D4}.Release|Any CPU.ActiveCfg = Release|Any CPU
		{C9F9FAE7-F630-4646-A877-B64507B060D4}.Release|Any CPU.Build.0 = Release|Any CPU
		{D6F086D9-F99F-4AB0-B396-1880F753C6CB}.Debug|Any CPU.ActiveCfg = Debug|Any CPU
		{D6F086D9-F99F-4AB0-B396-1880F753C6CB}.Debug|Any CPU.Build.0 = Debug|Any CPU
		{D6F086D9-F99F-4AB0-B396-1880F753C6CB}.Release|Any CPU.ActiveCfg = Release|Any CPU
		{D6F086D9-F99F-4AB0-B396-1880F753C6CB}.Release|Any CPU.Build.0 = Release|Any CPU
		{44539E5F-400A-4580-8898-85B283CD64DC}.Debug|Any CPU.ActiveCfg = Debug|Any CPU
		{44539E5F-400A-4580-8898-85B283CD64DC}.Debug|Any CPU.Build.0 = Debug|Any CPU
		{44539E5F-400A-4580-8898-85B283CD64DC}.Release|Any CPU.ActiveCfg = Release|Any CPU
		{44539E5F-400A-4580-8898-85B283CD64DC}.Release|Any CPU.Build.0 = Release|Any CPU
		{9D82D979-315E-4A67-82ED-ACCF56A0122A}.Debug|Any CPU.ActiveCfg = Debug|Any CPU
		{9D82D979-315E-4A67-82ED-ACCF56A0122A}.Debug|Any CPU.Build.0 = Debug|Any CPU
		{9D82D979-315E-4A67-82ED-ACCF56A0122A}.Release|Any CPU.ActiveCfg = Release|Any CPU
		{9D82D979-315E-4A67-82ED-ACCF56A0122A}.Release|Any CPU.Build.0 = Release|Any CPU
		{A9838733-C134-4B25-924D-B15DFB0C077F}.Debug|Any CPU.ActiveCfg = Debug|Any CPU
		{A9838733-C134-4B25-924D-B15DFB0C077F}.Debug|Any CPU.Build.0 = Debug|Any CPU
		{A9838733-C134-4B25-924D-B15DFB0C077F}.Release|Any CPU.ActiveCfg = Release|Any CPU
		{A9838733-C134-4B25-924D-B15DFB0C077F}.Release|Any CPU.Build.0 = Release|Any CPU
	EndGlobalSection
	GlobalSection(SolutionProperties) = preSolution
		HideSolutionNode = FALSE
	EndGlobalSection
	GlobalSection(NestedProjects) = preSolution
		{513E9862-224F-43A4-BBCE-ED71C335A670} = {11BD4A18-56D6-4D9B-8257-87AEBE3053F4}
		{0447E684-5E78-445A-ADCB-3A761D4E0606} = {2EB273BF-0342-4FDC-942E-70261335187C}
		{49F15A50-5FE8-48D4-B3AF-30806FAA965C} = {2EB273BF-0342-4FDC-942E-70261335187C}
		{82B21D8A-536E-4998-BD35-DEA5864382B1} = {2EB273BF-0342-4FDC-942E-70261335187C}
		{0F5740B6-3192-43BF-BD8E-87C136926403} = {974199DB-E3D7-4CAC-BBEA-6A0801E51009}
		{8CE38E8A-C315-4CA3-A071-9B071033F370} = {974199DB-E3D7-4CAC-BBEA-6A0801E51009}
		{E2E029BF-3854-4059-9E30-3AD19D506653} = {974199DB-E3D7-4CAC-BBEA-6A0801E51009}
		{73E55742-40AF-4C17-A725-8FD79D07142E} = {974199DB-E3D7-4CAC-BBEA-6A0801E51009}
		{B5BFF057-ABD0-43EC-A6EE-6497C202A936} = {974199DB-E3D7-4CAC-BBEA-6A0801E51009}
		{C9F9FAE7-F630-4646-A877-B64507B060D4} = {11BD4A18-56D6-4D9B-8257-87AEBE3053F4}
		{D6F086D9-F99F-4AB0-B396-1880F753C6CB} = {974199DB-E3D7-4CAC-BBEA-6A0801E51009}
		{44539E5F-400A-4580-8898-85B283CD64DC} = {11BD4A18-56D6-4D9B-8257-87AEBE3053F4}
		{9D82D979-315E-4A67-82ED-ACCF56A0122A} = {11BD4A18-56D6-4D9B-8257-87AEBE3053F4}
		{A9838733-C134-4B25-924D-B15DFB0C077F} = {2EB273BF-0342-4FDC-942E-70261335187C}
	EndGlobalSection
	GlobalSection(ExtensibilityGlobals) = postSolution
		SolutionGuid = {56AA6A08-3F4E-4388-9483-D32CB8C78F83}
	EndGlobalSection
EndGlobal
