
Microsoft Visual Studio Solution File, Format Version 12.00
# Visual Studio 15
VisualStudioVersion = 15.0.27130.2020
MinimumVisualStudioVersion = 10.0.40219.1
Project("{2150E333-8FDC-42A3-9474-1A3956D46DE8}") = "Domain", "Domain", "{7CEA4962-8C5A-4AA1-983B-B80ADE0E1231}"
EndProject
Project("{2150E333-8FDC-42A3-9474-1A3956D46DE8}") = "Infrastructure", "Infrastructure", "{F7B23167-AD4A-4FF4-ABDE-ACB6E2746F4E}"
EndProject
Project("{2150E333-8FDC-42A3-9474-1A3956D46DE8}") = "Application", "Application", "{BF3B9217-EC8F-41EF-ABFE-79DBD13CB37C}"
EndProject
Project("{2150E333-8FDC-42A3-9474-1A3956D46DE8}") = "Cloud", "Cloud", "{B3E23D7B-5670-4C30-85BF-0094713146B2}"
EndProject
Project("{2150E333-8FDC-42A3-9474-1A3956D46DE8}") = "ReadModel", "ReadModel", "{81F68805-46D9-4911-BBA9-3F908CC606EF}"
EndProject
Project("{2150E333-8FDC-42A3-9474-1A3956D46DE8}") = "Solution Items", "Solution Items", "{8F56843E-1C10-461C-A727-BDF17F07F531}"
	ProjectSection(SolutionItems) = preProject
		.deployment = .deployment
		CerPass.txt = CerPass.txt
	EndProjectSection
EndProject
Project("{FAE04EC0-301F-11D3-BF4B-00C04F79EFBC}") = "Zbang.Zbox.Infrastructure", "Zbang.Zbox.Infrastructure\Zbang.Zbox.Infrastructure.csproj", "{3E0F1FBF-60D1-40B2-B649-933142C27CB7}"
EndProject
Project("{FAE04EC0-301F-11D3-BF4B-00C04F79EFBC}") = "Zbang.Zbox.Domain.CommandHandlers", "Zbang.Zbox.Domain.CommandHandlers\Zbang.Zbox.Domain.CommandHandlers.csproj", "{9ED04567-B2D0-4040-88A6-1AD752A3D83F}"
EndProject
Project("{FAE04EC0-301F-11D3-BF4B-00C04F79EFBC}") = "Zbang.Zbox.Domain.Commands", "Zbang.Zbox.Domain.Commands\Zbang.Zbox.Domain.Commands.csproj", "{0CAEE4F2-421B-4FA3-9A13-1402EA6FCDA8}"
EndProject
Project("{FAE04EC0-301F-11D3-BF4B-00C04F79EFBC}") = "Zbang.Zbox.ViewModel", "Zbang.Zbox.ViewModel\Zbang.Zbox.ViewModel.csproj", "{BC85A7BD-262D-43E0-8D9D-EE76C602BFAF}"
EndProject
Project("{FAE04EC0-301F-11D3-BF4B-00C04F79EFBC}") = "Zbang.Zbox.Domain.Services", "Zbang.Zbox.Domain.Services\Zbang.Zbox.Domain.Services.csproj", "{F1AC4D4D-0633-4343-A657-DA275D33466D}"
EndProject
Project("{FAE04EC0-301F-11D3-BF4B-00C04F79EFBC}") = "Zbang.Zbox.Domain.Common", "Zbang.Zbox.Domain.Common\Zbang.Zbox.Domain.Common.csproj", "{B4B7F91C-9412-4D6B-93E2-F3B7C4BD9B90}"
EndProject
Project("{FAE04EC0-301F-11D3-BF4B-00C04F79EFBC}") = "Zbang.Zbox.Infrastructure.Data", "Zbang.Zbox.Infrastructure.Data\Zbang.Zbox.Infrastructure.Data.csproj", "{A29AAA7A-E472-4661-A503-EB00FD43D2C3}"
EndProject
Project("{FAE04EC0-301F-11D3-BF4B-00C04F79EFBC}") = "Zbang.Zbox.Domain.DataAccess", "Zbang.Zbox.Domain.DataAccess\Zbang.Zbox.Domain.DataAccess.csproj", "{C2010FF2-7020-4BE7-8CB8-D43C7F9C4363}"
EndProject
Project("{FAE04EC0-301F-11D3-BF4B-00C04F79EFBC}") = "Zbang.Zbox.Domain", "Zbang.Zbox.DomainNew\Zbang.Zbox.Domain.csproj", "{35DC2A36-5E24-4E09-8967-838C6EDCA465}"
EndProject
Project("{FAE04EC0-301F-11D3-BF4B-00C04F79EFBC}") = "Zbang.Zbox.ReadServices", "Zbang.Zbox.ReadServices\Zbang.Zbox.ReadServices.csproj", "{091BCB44-6764-41CA-A255-C6DA6157092B}"
EndProject
Project("{FAE04EC0-301F-11D3-BF4B-00C04F79EFBC}") = "Zbang.Zbox.Infrastructure.Ioc", "Zbang.Zbox.Infrastructure.Ioc\Zbang.Zbox.Infrastructure.Ioc.csproj", "{872878FA-A84A-4CD3-856A-4EE9018819C5}"
EndProject
Project("{FAE04EC0-301F-11D3-BF4B-00C04F79EFBC}") = "Zbang.Zbox.Infrastructure.Mail", "Zbang.Zbox.Infrastructure.Mail\Zbang.Zbox.Infrastructure.Mail.csproj", "{F5E270CF-6B83-4879-9B04-773B87F80B0E}"
EndProject
Project("{FAE04EC0-301F-11D3-BF4B-00C04F79EFBC}") = "Zbang.Zbox.Infrastructure.Transport", "Zbang.Zbox.Infrastructure.Transport\Zbang.Zbox.Infrastructure.Transport.csproj", "{4F5EDC5B-31FA-4904-BD11-2CF1790AE234}"
EndProject
Project("{FAE04EC0-301F-11D3-BF4B-00C04F79EFBC}") = "Zbang.Zbox.Infrastructure.File", "Zbang.Zbox.Infrastructure.File\Zbang.Zbox.Infrastructure.File.csproj", "{9BA4DF6C-B4DA-40D4-8A33-795F0BED2622}"
EndProject
Project("{FAE04EC0-301F-11D3-BF4B-00C04F79EFBC}") = "Zbang.Zbox.Infrastructure.Azure", "Zbang.Zbox.Infrastructure.Azure\Zbang.Zbox.Infrastructure.Azure.csproj", "{9A210D03-F7A2-4CF6-B311-742A2A1949D4}"
EndProject
Project("{FAE04EC0-301F-11D3-BF4B-00C04F79EFBC}") = "Zbang.Zbox.Infrastructure.Security", "Zbang.Zbox.Infrastructure.Security\Zbang.Zbox.Infrastructure.Security.csproj", "{BFBD0E92-DABF-4179-9586-C344B9315529}"
EndProject
Project("{FAE04EC0-301F-11D3-BF4B-00C04F79EFBC}") = "Zbang.Zbox.WorkerRoleSearch", "Zbang.Zbox.WorkerRoleSearch\Zbang.Zbox.WorkerRoleSearch.csproj", "{927A65BD-1F90-42DD-81D9-E9F3E0637C07}"
EndProject
Project("{FAE04EC0-301F-11D3-BF4B-00C04F79EFBC}") = "Zbang.Zbox.Infrastructure.Search", "Zbang.Zbox.Infrastructure.Search\Zbang.Zbox.Infrastructure.Search.csproj", "{D79B5CEC-09DE-4337-873F-0C65B58D86D3}"
EndProject
Project("{FAE04EC0-301F-11D3-BF4B-00C04F79EFBC}") = "Zbang.Zbox.Infrastructure.Notifications", "Zbang.Zbox.Infrastructure.Notification\Zbang.Zbox.Infrastructure.Notifications.csproj", "{20D10149-03BF-4C32-ABE4-D278A46CAD7F}"
EndProject
Project("{CC5FD16D-436D-48AD-A40C-5A424C6E3E79}") = "Zbang.Cloudents.Cloud.BackgroundWorker2", "Zbang.Cloudents.Cloud.BackgroundWorker2\Zbang.Cloudents.Cloud.BackgroundWorker2.ccproj", "{DD6289C1-67B6-4E08-A261-40BF46ACBC93}"
EndProject
Project("{FAE04EC0-301F-11D3-BF4B-00C04F79EFBC}") = "Zbang.Cloudents.Images", "Zbang.Cloudents.Images\Zbang.Cloudents.Images.csproj", "{430EEA01-F9ED-46E6-A23B-D33AD6634AA7}"
EndProject
Project("{CC5FD16D-436D-48AD-A40C-5A424C6E3E79}") = "Zbang.Cloudents.Cloud.Images", "Zbang.Cloudents.Cloud.Images\Zbang.Cloudents.Cloud.Images.ccproj", "{55208D32-DD75-4C47-B692-89620A6A41F1}"
EndProject
Project("{FAE04EC0-301F-11D3-BF4B-00C04F79EFBC}") = "Management Application", "Management Application\Management Application.csproj", "{8E505C7F-EF4B-43D1-9906-34823932AAED}"
EndProject
Project("{2150E333-8FDC-42A3-9474-1A3956D46DE8}") = "Src", "Src", "{5E236067-82C7-4A3C-99D7-F64C95268EDB}"
EndProject
Project("{9A19103F-16F7-4668-BE54-9A1E7A4F7556}") = "Cloudents.Web", "Cloudents.Web\Cloudents.Web.csproj", "{CC9D9000-196A-432B-968C-85A239B1ABF9}"
EndProject
Project("{9A19103F-16F7-4668-BE54-9A1E7A4F7556}") = "Cloudents.Core", "Cloudents.Core\Cloudents.Core.csproj", "{85208B6B-6AD1-4B2E-8CC7-EEC6990085A7}"
EndProject
Project("{9A19103F-16F7-4668-BE54-9A1E7A4F7556}") = "Cloudents.Infrastructure", "Cloudents.Infrastructure\Cloudents.Infrastructure.csproj", "{1464AECE-AAF3-4910-A0DA-153420580A69}"
EndProject
Project("{2150E333-8FDC-42A3-9474-1A3956D46DE8}") = "test", "test", "{AEE91C15-BC24-464C-9C73-7EBBE61B6044}"
EndProject
Project("{FAE04EC0-301F-11D3-BF4B-00C04F79EFBC}") = "Cloudents.Infrastructure.Test", "Cloudents.Infrastructure.Test\Cloudents.Infrastructure.Test.csproj", "{F32AEFE0-37BF-43B4-8A6D-AFF09E082C8F}"
EndProject
Project("{FAE04EC0-301F-11D3-BF4B-00C04F79EFBC}") = "Cloudents.Infrastructure.Framework", "Cloudents.Infrastructure.Framework\Cloudents.Infrastructure.Framework.csproj", "{7144FD3F-2400-40BF-BC67-1864057E371E}"
EndProject
Project("{FAE04EC0-301F-11D3-BF4B-00C04F79EFBC}") = "Cloudents.Web.Test", "Cloudents.Web.Test\Cloudents.Web.Test.csproj", "{222EEBD9-3507-4822-A589-77A2500A38B7}"
EndProject
Project("{FAE04EC0-301F-11D3-BF4B-00C04F79EFBC}") = "Cloudents.Mobile", "Cloudents.Mobile\Cloudents.Mobile.csproj", "{3C8E64C1-BF7D-4B46-BCD1-2D67BDEB0B0D}"
EndProject
Project("{FAE04EC0-301F-11D3-BF4B-00C04F79EFBC}") = "ConsoleApp", "ConsoleApp\ConsoleApp.csproj", "{D6F086D9-F99F-4AB0-B396-1880F753C6CB}"
EndProject
Project("{FAE04EC0-301F-11D3-BF4B-00C04F79EFBC}") = "Cloudents.Core.Test", "Cloudents.Core.Test\Cloudents.Core.Test.csproj", "{420E23A8-9832-4E2B-A6CE-082F5DDBB547}"
EndProject
Global
	GlobalSection(SolutionConfigurationPlatforms) = preSolution
		CD_ROM|Any CPU = CD_ROM|Any CPU
		CD_ROM|Mixed Platforms = CD_ROM|Mixed Platforms
		CD_ROM|x86 = CD_ROM|x86
		Debug|Any CPU = Debug|Any CPU
		Debug|Mixed Platforms = Debug|Mixed Platforms
		Debug|x86 = Debug|x86
		DVD-5|Any CPU = DVD-5|Any CPU
		DVD-5|Mixed Platforms = DVD-5|Mixed Platforms
		DVD-5|x86 = DVD-5|x86
		Release|Any CPU = Release|Any CPU
		Release|Mixed Platforms = Release|Mixed Platforms
		Release|x86 = Release|x86
		SingleImage|Any CPU = SingleImage|Any CPU
		SingleImage|Mixed Platforms = SingleImage|Mixed Platforms
		SingleImage|x86 = SingleImage|x86
	EndGlobalSection
	GlobalSection(ProjectConfigurationPlatforms) = postSolution
		{3E0F1FBF-60D1-40B2-B649-933142C27CB7}.CD_ROM|Any CPU.ActiveCfg = Release|Any CPU
		{3E0F1FBF-60D1-40B2-B649-933142C27CB7}.CD_ROM|Any CPU.Build.0 = Release|Any CPU
		{3E0F1FBF-60D1-40B2-B649-933142C27CB7}.CD_ROM|Mixed Platforms.ActiveCfg = Release|Any CPU
		{3E0F1FBF-60D1-40B2-B649-933142C27CB7}.CD_ROM|Mixed Platforms.Build.0 = Release|Any CPU
		{3E0F1FBF-60D1-40B2-B649-933142C27CB7}.CD_ROM|x86.ActiveCfg = Release|Any CPU
		{3E0F1FBF-60D1-40B2-B649-933142C27CB7}.Debug|Any CPU.ActiveCfg = Debug|Any CPU
		{3E0F1FBF-60D1-40B2-B649-933142C27CB7}.Debug|Any CPU.Build.0 = Debug|Any CPU
		{3E0F1FBF-60D1-40B2-B649-933142C27CB7}.Debug|Mixed Platforms.ActiveCfg = Debug|Any CPU
		{3E0F1FBF-60D1-40B2-B649-933142C27CB7}.Debug|Mixed Platforms.Build.0 = Debug|Any CPU
		{3E0F1FBF-60D1-40B2-B649-933142C27CB7}.Debug|x86.ActiveCfg = Debug|Any CPU
		{3E0F1FBF-60D1-40B2-B649-933142C27CB7}.DVD-5|Any CPU.ActiveCfg = Debug|Any CPU
		{3E0F1FBF-60D1-40B2-B649-933142C27CB7}.DVD-5|Any CPU.Build.0 = Debug|Any CPU
		{3E0F1FBF-60D1-40B2-B649-933142C27CB7}.DVD-5|Mixed Platforms.ActiveCfg = Debug|Any CPU
		{3E0F1FBF-60D1-40B2-B649-933142C27CB7}.DVD-5|Mixed Platforms.Build.0 = Debug|Any CPU
		{3E0F1FBF-60D1-40B2-B649-933142C27CB7}.DVD-5|x86.ActiveCfg = Debug|Any CPU
		{3E0F1FBF-60D1-40B2-B649-933142C27CB7}.Release|Any CPU.ActiveCfg = Release|Any CPU
		{3E0F1FBF-60D1-40B2-B649-933142C27CB7}.Release|Any CPU.Build.0 = Release|Any CPU
		{3E0F1FBF-60D1-40B2-B649-933142C27CB7}.Release|Mixed Platforms.ActiveCfg = Release|Any CPU
		{3E0F1FBF-60D1-40B2-B649-933142C27CB7}.Release|Mixed Platforms.Build.0 = Release|Any CPU
		{3E0F1FBF-60D1-40B2-B649-933142C27CB7}.Release|x86.ActiveCfg = Release|Any CPU
		{3E0F1FBF-60D1-40B2-B649-933142C27CB7}.SingleImage|Any CPU.ActiveCfg = Release|Any CPU
		{3E0F1FBF-60D1-40B2-B649-933142C27CB7}.SingleImage|Any CPU.Build.0 = Release|Any CPU
		{3E0F1FBF-60D1-40B2-B649-933142C27CB7}.SingleImage|Mixed Platforms.ActiveCfg = Release|Any CPU
		{3E0F1FBF-60D1-40B2-B649-933142C27CB7}.SingleImage|Mixed Platforms.Build.0 = Release|Any CPU
		{3E0F1FBF-60D1-40B2-B649-933142C27CB7}.SingleImage|x86.ActiveCfg = Release|Any CPU
		{9ED04567-B2D0-4040-88A6-1AD752A3D83F}.CD_ROM|Any CPU.ActiveCfg = Release|Any CPU
		{9ED04567-B2D0-4040-88A6-1AD752A3D83F}.CD_ROM|Any CPU.Build.0 = Release|Any CPU
		{9ED04567-B2D0-4040-88A6-1AD752A3D83F}.CD_ROM|Mixed Platforms.ActiveCfg = Release|Any CPU
		{9ED04567-B2D0-4040-88A6-1AD752A3D83F}.CD_ROM|Mixed Platforms.Build.0 = Release|Any CPU
		{9ED04567-B2D0-4040-88A6-1AD752A3D83F}.CD_ROM|x86.ActiveCfg = Release|Any CPU
		{9ED04567-B2D0-4040-88A6-1AD752A3D83F}.Debug|Any CPU.ActiveCfg = Debug|Any CPU
		{9ED04567-B2D0-4040-88A6-1AD752A3D83F}.Debug|Any CPU.Build.0 = Debug|Any CPU
		{9ED04567-B2D0-4040-88A6-1AD752A3D83F}.Debug|Mixed Platforms.ActiveCfg = Debug|Any CPU
		{9ED04567-B2D0-4040-88A6-1AD752A3D83F}.Debug|Mixed Platforms.Build.0 = Debug|Any CPU
		{9ED04567-B2D0-4040-88A6-1AD752A3D83F}.Debug|x86.ActiveCfg = Debug|Any CPU
		{9ED04567-B2D0-4040-88A6-1AD752A3D83F}.DVD-5|Any CPU.ActiveCfg = Debug|Any CPU
		{9ED04567-B2D0-4040-88A6-1AD752A3D83F}.DVD-5|Any CPU.Build.0 = Debug|Any CPU
		{9ED04567-B2D0-4040-88A6-1AD752A3D83F}.DVD-5|Mixed Platforms.ActiveCfg = Debug|Any CPU
		{9ED04567-B2D0-4040-88A6-1AD752A3D83F}.DVD-5|Mixed Platforms.Build.0 = Debug|Any CPU
		{9ED04567-B2D0-4040-88A6-1AD752A3D83F}.DVD-5|x86.ActiveCfg = Debug|Any CPU
		{9ED04567-B2D0-4040-88A6-1AD752A3D83F}.Release|Any CPU.ActiveCfg = Release|Any CPU
		{9ED04567-B2D0-4040-88A6-1AD752A3D83F}.Release|Any CPU.Build.0 = Release|Any CPU
		{9ED04567-B2D0-4040-88A6-1AD752A3D83F}.Release|Mixed Platforms.ActiveCfg = Release|Any CPU
		{9ED04567-B2D0-4040-88A6-1AD752A3D83F}.Release|Mixed Platforms.Build.0 = Release|Any CPU
		{9ED04567-B2D0-4040-88A6-1AD752A3D83F}.Release|x86.ActiveCfg = Release|Any CPU
		{9ED04567-B2D0-4040-88A6-1AD752A3D83F}.SingleImage|Any CPU.ActiveCfg = Release|Any CPU
		{9ED04567-B2D0-4040-88A6-1AD752A3D83F}.SingleImage|Any CPU.Build.0 = Release|Any CPU
		{9ED04567-B2D0-4040-88A6-1AD752A3D83F}.SingleImage|Mixed Platforms.ActiveCfg = Release|Any CPU
		{9ED04567-B2D0-4040-88A6-1AD752A3D83F}.SingleImage|Mixed Platforms.Build.0 = Release|Any CPU
		{9ED04567-B2D0-4040-88A6-1AD752A3D83F}.SingleImage|x86.ActiveCfg = Release|Any CPU
		{0CAEE4F2-421B-4FA3-9A13-1402EA6FCDA8}.CD_ROM|Any CPU.ActiveCfg = Release|Any CPU
		{0CAEE4F2-421B-4FA3-9A13-1402EA6FCDA8}.CD_ROM|Any CPU.Build.0 = Release|Any CPU
		{0CAEE4F2-421B-4FA3-9A13-1402EA6FCDA8}.CD_ROM|Mixed Platforms.ActiveCfg = Release|Any CPU
		{0CAEE4F2-421B-4FA3-9A13-1402EA6FCDA8}.CD_ROM|Mixed Platforms.Build.0 = Release|Any CPU
		{0CAEE4F2-421B-4FA3-9A13-1402EA6FCDA8}.CD_ROM|x86.ActiveCfg = Release|Any CPU
		{0CAEE4F2-421B-4FA3-9A13-1402EA6FCDA8}.Debug|Any CPU.ActiveCfg = Debug|Any CPU
		{0CAEE4F2-421B-4FA3-9A13-1402EA6FCDA8}.Debug|Any CPU.Build.0 = Debug|Any CPU
		{0CAEE4F2-421B-4FA3-9A13-1402EA6FCDA8}.Debug|Mixed Platforms.ActiveCfg = Debug|Any CPU
		{0CAEE4F2-421B-4FA3-9A13-1402EA6FCDA8}.Debug|Mixed Platforms.Build.0 = Debug|Any CPU
		{0CAEE4F2-421B-4FA3-9A13-1402EA6FCDA8}.Debug|x86.ActiveCfg = Debug|Any CPU
		{0CAEE4F2-421B-4FA3-9A13-1402EA6FCDA8}.DVD-5|Any CPU.ActiveCfg = Debug|Any CPU
		{0CAEE4F2-421B-4FA3-9A13-1402EA6FCDA8}.DVD-5|Any CPU.Build.0 = Debug|Any CPU
		{0CAEE4F2-421B-4FA3-9A13-1402EA6FCDA8}.DVD-5|Mixed Platforms.ActiveCfg = Debug|Any CPU
		{0CAEE4F2-421B-4FA3-9A13-1402EA6FCDA8}.DVD-5|Mixed Platforms.Build.0 = Debug|Any CPU
		{0CAEE4F2-421B-4FA3-9A13-1402EA6FCDA8}.DVD-5|x86.ActiveCfg = Debug|Any CPU
		{0CAEE4F2-421B-4FA3-9A13-1402EA6FCDA8}.Release|Any CPU.ActiveCfg = Release|Any CPU
		{0CAEE4F2-421B-4FA3-9A13-1402EA6FCDA8}.Release|Any CPU.Build.0 = Release|Any CPU
		{0CAEE4F2-421B-4FA3-9A13-1402EA6FCDA8}.Release|Mixed Platforms.ActiveCfg = Release|Any CPU
		{0CAEE4F2-421B-4FA3-9A13-1402EA6FCDA8}.Release|Mixed Platforms.Build.0 = Release|Any CPU
		{0CAEE4F2-421B-4FA3-9A13-1402EA6FCDA8}.Release|x86.ActiveCfg = Release|Any CPU
		{0CAEE4F2-421B-4FA3-9A13-1402EA6FCDA8}.SingleImage|Any CPU.ActiveCfg = Release|Any CPU
		{0CAEE4F2-421B-4FA3-9A13-1402EA6FCDA8}.SingleImage|Any CPU.Build.0 = Release|Any CPU
		{0CAEE4F2-421B-4FA3-9A13-1402EA6FCDA8}.SingleImage|Mixed Platforms.ActiveCfg = Release|Any CPU
		{0CAEE4F2-421B-4FA3-9A13-1402EA6FCDA8}.SingleImage|Mixed Platforms.Build.0 = Release|Any CPU
		{0CAEE4F2-421B-4FA3-9A13-1402EA6FCDA8}.SingleImage|x86.ActiveCfg = Release|Any CPU
		{BC85A7BD-262D-43E0-8D9D-EE76C602BFAF}.CD_ROM|Any CPU.ActiveCfg = Release|Any CPU
		{BC85A7BD-262D-43E0-8D9D-EE76C602BFAF}.CD_ROM|Any CPU.Build.0 = Release|Any CPU
		{BC85A7BD-262D-43E0-8D9D-EE76C602BFAF}.CD_ROM|Mixed Platforms.ActiveCfg = Release|Any CPU
		{BC85A7BD-262D-43E0-8D9D-EE76C602BFAF}.CD_ROM|Mixed Platforms.Build.0 = Release|Any CPU
		{BC85A7BD-262D-43E0-8D9D-EE76C602BFAF}.CD_ROM|x86.ActiveCfg = Release|Any CPU
		{BC85A7BD-262D-43E0-8D9D-EE76C602BFAF}.Debug|Any CPU.ActiveCfg = Debug|Any CPU
		{BC85A7BD-262D-43E0-8D9D-EE76C602BFAF}.Debug|Any CPU.Build.0 = Debug|Any CPU
		{BC85A7BD-262D-43E0-8D9D-EE76C602BFAF}.Debug|Mixed Platforms.ActiveCfg = Debug|Any CPU
		{BC85A7BD-262D-43E0-8D9D-EE76C602BFAF}.Debug|Mixed Platforms.Build.0 = Debug|Any CPU
		{BC85A7BD-262D-43E0-8D9D-EE76C602BFAF}.Debug|x86.ActiveCfg = Debug|Any CPU
		{BC85A7BD-262D-43E0-8D9D-EE76C602BFAF}.DVD-5|Any CPU.ActiveCfg = Debug|Any CPU
		{BC85A7BD-262D-43E0-8D9D-EE76C602BFAF}.DVD-5|Any CPU.Build.0 = Debug|Any CPU
		{BC85A7BD-262D-43E0-8D9D-EE76C602BFAF}.DVD-5|Mixed Platforms.ActiveCfg = Debug|Any CPU
		{BC85A7BD-262D-43E0-8D9D-EE76C602BFAF}.DVD-5|Mixed Platforms.Build.0 = Debug|Any CPU
		{BC85A7BD-262D-43E0-8D9D-EE76C602BFAF}.DVD-5|x86.ActiveCfg = Debug|Any CPU
		{BC85A7BD-262D-43E0-8D9D-EE76C602BFAF}.Release|Any CPU.ActiveCfg = Release|Any CPU
		{BC85A7BD-262D-43E0-8D9D-EE76C602BFAF}.Release|Any CPU.Build.0 = Release|Any CPU
		{BC85A7BD-262D-43E0-8D9D-EE76C602BFAF}.Release|Mixed Platforms.ActiveCfg = Release|Any CPU
		{BC85A7BD-262D-43E0-8D9D-EE76C602BFAF}.Release|Mixed Platforms.Build.0 = Release|Any CPU
		{BC85A7BD-262D-43E0-8D9D-EE76C602BFAF}.Release|x86.ActiveCfg = Release|Any CPU
		{BC85A7BD-262D-43E0-8D9D-EE76C602BFAF}.SingleImage|Any CPU.ActiveCfg = Release|Any CPU
		{BC85A7BD-262D-43E0-8D9D-EE76C602BFAF}.SingleImage|Any CPU.Build.0 = Release|Any CPU
		{BC85A7BD-262D-43E0-8D9D-EE76C602BFAF}.SingleImage|Mixed Platforms.ActiveCfg = Release|Any CPU
		{BC85A7BD-262D-43E0-8D9D-EE76C602BFAF}.SingleImage|Mixed Platforms.Build.0 = Release|Any CPU
		{BC85A7BD-262D-43E0-8D9D-EE76C602BFAF}.SingleImage|x86.ActiveCfg = Release|Any CPU
		{F1AC4D4D-0633-4343-A657-DA275D33466D}.CD_ROM|Any CPU.ActiveCfg = Release|Any CPU
		{F1AC4D4D-0633-4343-A657-DA275D33466D}.CD_ROM|Any CPU.Build.0 = Release|Any CPU
		{F1AC4D4D-0633-4343-A657-DA275D33466D}.CD_ROM|Mixed Platforms.ActiveCfg = Release|Any CPU
		{F1AC4D4D-0633-4343-A657-DA275D33466D}.CD_ROM|Mixed Platforms.Build.0 = Release|Any CPU
		{F1AC4D4D-0633-4343-A657-DA275D33466D}.CD_ROM|x86.ActiveCfg = Release|Any CPU
		{F1AC4D4D-0633-4343-A657-DA275D33466D}.Debug|Any CPU.ActiveCfg = Debug|Any CPU
		{F1AC4D4D-0633-4343-A657-DA275D33466D}.Debug|Any CPU.Build.0 = Debug|Any CPU
		{F1AC4D4D-0633-4343-A657-DA275D33466D}.Debug|Mixed Platforms.ActiveCfg = Debug|Any CPU
		{F1AC4D4D-0633-4343-A657-DA275D33466D}.Debug|Mixed Platforms.Build.0 = Debug|Any CPU
		{F1AC4D4D-0633-4343-A657-DA275D33466D}.Debug|x86.ActiveCfg = Debug|Any CPU
		{F1AC4D4D-0633-4343-A657-DA275D33466D}.DVD-5|Any CPU.ActiveCfg = Debug|Any CPU
		{F1AC4D4D-0633-4343-A657-DA275D33466D}.DVD-5|Any CPU.Build.0 = Debug|Any CPU
		{F1AC4D4D-0633-4343-A657-DA275D33466D}.DVD-5|Mixed Platforms.ActiveCfg = Debug|Any CPU
		{F1AC4D4D-0633-4343-A657-DA275D33466D}.DVD-5|Mixed Platforms.Build.0 = Debug|Any CPU
		{F1AC4D4D-0633-4343-A657-DA275D33466D}.DVD-5|x86.ActiveCfg = Debug|Any CPU
		{F1AC4D4D-0633-4343-A657-DA275D33466D}.Release|Any CPU.ActiveCfg = Release|Any CPU
		{F1AC4D4D-0633-4343-A657-DA275D33466D}.Release|Any CPU.Build.0 = Release|Any CPU
		{F1AC4D4D-0633-4343-A657-DA275D33466D}.Release|Mixed Platforms.ActiveCfg = Release|Any CPU
		{F1AC4D4D-0633-4343-A657-DA275D33466D}.Release|Mixed Platforms.Build.0 = Release|Any CPU
		{F1AC4D4D-0633-4343-A657-DA275D33466D}.Release|x86.ActiveCfg = Release|Any CPU
		{F1AC4D4D-0633-4343-A657-DA275D33466D}.SingleImage|Any CPU.ActiveCfg = Release|Any CPU
		{F1AC4D4D-0633-4343-A657-DA275D33466D}.SingleImage|Any CPU.Build.0 = Release|Any CPU
		{F1AC4D4D-0633-4343-A657-DA275D33466D}.SingleImage|Mixed Platforms.ActiveCfg = Release|Any CPU
		{F1AC4D4D-0633-4343-A657-DA275D33466D}.SingleImage|Mixed Platforms.Build.0 = Release|Any CPU
		{F1AC4D4D-0633-4343-A657-DA275D33466D}.SingleImage|x86.ActiveCfg = Release|Any CPU
		{B4B7F91C-9412-4D6B-93E2-F3B7C4BD9B90}.CD_ROM|Any CPU.ActiveCfg = Release|Any CPU
		{B4B7F91C-9412-4D6B-93E2-F3B7C4BD9B90}.CD_ROM|Any CPU.Build.0 = Release|Any CPU
		{B4B7F91C-9412-4D6B-93E2-F3B7C4BD9B90}.CD_ROM|Mixed Platforms.ActiveCfg = Release|Any CPU
		{B4B7F91C-9412-4D6B-93E2-F3B7C4BD9B90}.CD_ROM|Mixed Platforms.Build.0 = Release|Any CPU
		{B4B7F91C-9412-4D6B-93E2-F3B7C4BD9B90}.CD_ROM|x86.ActiveCfg = Release|Any CPU
		{B4B7F91C-9412-4D6B-93E2-F3B7C4BD9B90}.Debug|Any CPU.ActiveCfg = Debug|Any CPU
		{B4B7F91C-9412-4D6B-93E2-F3B7C4BD9B90}.Debug|Any CPU.Build.0 = Debug|Any CPU
		{B4B7F91C-9412-4D6B-93E2-F3B7C4BD9B90}.Debug|Mixed Platforms.ActiveCfg = Debug|Any CPU
		{B4B7F91C-9412-4D6B-93E2-F3B7C4BD9B90}.Debug|Mixed Platforms.Build.0 = Debug|Any CPU
		{B4B7F91C-9412-4D6B-93E2-F3B7C4BD9B90}.Debug|x86.ActiveCfg = Debug|Any CPU
		{B4B7F91C-9412-4D6B-93E2-F3B7C4BD9B90}.DVD-5|Any CPU.ActiveCfg = Debug|Any CPU
		{B4B7F91C-9412-4D6B-93E2-F3B7C4BD9B90}.DVD-5|Any CPU.Build.0 = Debug|Any CPU
		{B4B7F91C-9412-4D6B-93E2-F3B7C4BD9B90}.DVD-5|Mixed Platforms.ActiveCfg = Debug|Any CPU
		{B4B7F91C-9412-4D6B-93E2-F3B7C4BD9B90}.DVD-5|Mixed Platforms.Build.0 = Debug|Any CPU
		{B4B7F91C-9412-4D6B-93E2-F3B7C4BD9B90}.DVD-5|x86.ActiveCfg = Debug|Any CPU
		{B4B7F91C-9412-4D6B-93E2-F3B7C4BD9B90}.Release|Any CPU.ActiveCfg = Release|Any CPU
		{B4B7F91C-9412-4D6B-93E2-F3B7C4BD9B90}.Release|Any CPU.Build.0 = Release|Any CPU
		{B4B7F91C-9412-4D6B-93E2-F3B7C4BD9B90}.Release|Mixed Platforms.ActiveCfg = Release|Any CPU
		{B4B7F91C-9412-4D6B-93E2-F3B7C4BD9B90}.Release|Mixed Platforms.Build.0 = Release|Any CPU
		{B4B7F91C-9412-4D6B-93E2-F3B7C4BD9B90}.Release|x86.ActiveCfg = Release|Any CPU
		{B4B7F91C-9412-4D6B-93E2-F3B7C4BD9B90}.SingleImage|Any CPU.ActiveCfg = Release|Any CPU
		{B4B7F91C-9412-4D6B-93E2-F3B7C4BD9B90}.SingleImage|Any CPU.Build.0 = Release|Any CPU
		{B4B7F91C-9412-4D6B-93E2-F3B7C4BD9B90}.SingleImage|Mixed Platforms.ActiveCfg = Release|Any CPU
		{B4B7F91C-9412-4D6B-93E2-F3B7C4BD9B90}.SingleImage|Mixed Platforms.Build.0 = Release|Any CPU
		{B4B7F91C-9412-4D6B-93E2-F3B7C4BD9B90}.SingleImage|x86.ActiveCfg = Release|Any CPU
		{A29AAA7A-E472-4661-A503-EB00FD43D2C3}.CD_ROM|Any CPU.ActiveCfg = Release|Any CPU
		{A29AAA7A-E472-4661-A503-EB00FD43D2C3}.CD_ROM|Any CPU.Build.0 = Release|Any CPU
		{A29AAA7A-E472-4661-A503-EB00FD43D2C3}.CD_ROM|Mixed Platforms.ActiveCfg = Release|Any CPU
		{A29AAA7A-E472-4661-A503-EB00FD43D2C3}.CD_ROM|Mixed Platforms.Build.0 = Release|Any CPU
		{A29AAA7A-E472-4661-A503-EB00FD43D2C3}.CD_ROM|x86.ActiveCfg = Release|Any CPU
		{A29AAA7A-E472-4661-A503-EB00FD43D2C3}.Debug|Any CPU.ActiveCfg = Debug|Any CPU
		{A29AAA7A-E472-4661-A503-EB00FD43D2C3}.Debug|Any CPU.Build.0 = Debug|Any CPU
		{A29AAA7A-E472-4661-A503-EB00FD43D2C3}.Debug|Mixed Platforms.ActiveCfg = Debug|Any CPU
		{A29AAA7A-E472-4661-A503-EB00FD43D2C3}.Debug|Mixed Platforms.Build.0 = Debug|Any CPU
		{A29AAA7A-E472-4661-A503-EB00FD43D2C3}.Debug|x86.ActiveCfg = Debug|Any CPU
		{A29AAA7A-E472-4661-A503-EB00FD43D2C3}.DVD-5|Any CPU.ActiveCfg = Debug|Any CPU
		{A29AAA7A-E472-4661-A503-EB00FD43D2C3}.DVD-5|Any CPU.Build.0 = Debug|Any CPU
		{A29AAA7A-E472-4661-A503-EB00FD43D2C3}.DVD-5|Mixed Platforms.ActiveCfg = Debug|Any CPU
		{A29AAA7A-E472-4661-A503-EB00FD43D2C3}.DVD-5|Mixed Platforms.Build.0 = Debug|Any CPU
		{A29AAA7A-E472-4661-A503-EB00FD43D2C3}.DVD-5|x86.ActiveCfg = Debug|Any CPU
		{A29AAA7A-E472-4661-A503-EB00FD43D2C3}.Release|Any CPU.ActiveCfg = Release|Any CPU
		{A29AAA7A-E472-4661-A503-EB00FD43D2C3}.Release|Any CPU.Build.0 = Release|Any CPU
		{A29AAA7A-E472-4661-A503-EB00FD43D2C3}.Release|Mixed Platforms.ActiveCfg = Release|Any CPU
		{A29AAA7A-E472-4661-A503-EB00FD43D2C3}.Release|Mixed Platforms.Build.0 = Release|Any CPU
		{A29AAA7A-E472-4661-A503-EB00FD43D2C3}.Release|x86.ActiveCfg = Release|Any CPU
		{A29AAA7A-E472-4661-A503-EB00FD43D2C3}.SingleImage|Any CPU.ActiveCfg = Release|Any CPU
		{A29AAA7A-E472-4661-A503-EB00FD43D2C3}.SingleImage|Any CPU.Build.0 = Release|Any CPU
		{A29AAA7A-E472-4661-A503-EB00FD43D2C3}.SingleImage|Mixed Platforms.ActiveCfg = Release|Any CPU
		{A29AAA7A-E472-4661-A503-EB00FD43D2C3}.SingleImage|Mixed Platforms.Build.0 = Release|Any CPU
		{A29AAA7A-E472-4661-A503-EB00FD43D2C3}.SingleImage|x86.ActiveCfg = Release|Any CPU
		{C2010FF2-7020-4BE7-8CB8-D43C7F9C4363}.CD_ROM|Any CPU.ActiveCfg = Release|Any CPU
		{C2010FF2-7020-4BE7-8CB8-D43C7F9C4363}.CD_ROM|Any CPU.Build.0 = Release|Any CPU
		{C2010FF2-7020-4BE7-8CB8-D43C7F9C4363}.CD_ROM|Mixed Platforms.ActiveCfg = Release|Any CPU
		{C2010FF2-7020-4BE7-8CB8-D43C7F9C4363}.CD_ROM|Mixed Platforms.Build.0 = Release|Any CPU
		{C2010FF2-7020-4BE7-8CB8-D43C7F9C4363}.CD_ROM|x86.ActiveCfg = Release|Any CPU
		{C2010FF2-7020-4BE7-8CB8-D43C7F9C4363}.Debug|Any CPU.ActiveCfg = Debug|Any CPU
		{C2010FF2-7020-4BE7-8CB8-D43C7F9C4363}.Debug|Any CPU.Build.0 = Debug|Any CPU
		{C2010FF2-7020-4BE7-8CB8-D43C7F9C4363}.Debug|Mixed Platforms.ActiveCfg = Debug|Any CPU
		{C2010FF2-7020-4BE7-8CB8-D43C7F9C4363}.Debug|Mixed Platforms.Build.0 = Debug|Any CPU
		{C2010FF2-7020-4BE7-8CB8-D43C7F9C4363}.Debug|x86.ActiveCfg = Debug|Any CPU
		{C2010FF2-7020-4BE7-8CB8-D43C7F9C4363}.DVD-5|Any CPU.ActiveCfg = Debug|Any CPU
		{C2010FF2-7020-4BE7-8CB8-D43C7F9C4363}.DVD-5|Any CPU.Build.0 = Debug|Any CPU
		{C2010FF2-7020-4BE7-8CB8-D43C7F9C4363}.DVD-5|Mixed Platforms.ActiveCfg = Debug|Any CPU
		{C2010FF2-7020-4BE7-8CB8-D43C7F9C4363}.DVD-5|Mixed Platforms.Build.0 = Debug|Any CPU
		{C2010FF2-7020-4BE7-8CB8-D43C7F9C4363}.DVD-5|x86.ActiveCfg = Debug|Any CPU
		{C2010FF2-7020-4BE7-8CB8-D43C7F9C4363}.Release|Any CPU.ActiveCfg = Release|Any CPU
		{C2010FF2-7020-4BE7-8CB8-D43C7F9C4363}.Release|Any CPU.Build.0 = Release|Any CPU
		{C2010FF2-7020-4BE7-8CB8-D43C7F9C4363}.Release|Mixed Platforms.ActiveCfg = Release|Any CPU
		{C2010FF2-7020-4BE7-8CB8-D43C7F9C4363}.Release|Mixed Platforms.Build.0 = Release|Any CPU
		{C2010FF2-7020-4BE7-8CB8-D43C7F9C4363}.Release|x86.ActiveCfg = Release|Any CPU
		{C2010FF2-7020-4BE7-8CB8-D43C7F9C4363}.SingleImage|Any CPU.ActiveCfg = Release|Any CPU
		{C2010FF2-7020-4BE7-8CB8-D43C7F9C4363}.SingleImage|Any CPU.Build.0 = Release|Any CPU
		{C2010FF2-7020-4BE7-8CB8-D43C7F9C4363}.SingleImage|Mixed Platforms.ActiveCfg = Release|Any CPU
		{C2010FF2-7020-4BE7-8CB8-D43C7F9C4363}.SingleImage|Mixed Platforms.Build.0 = Release|Any CPU
		{C2010FF2-7020-4BE7-8CB8-D43C7F9C4363}.SingleImage|x86.ActiveCfg = Release|Any CPU
		{35DC2A36-5E24-4E09-8967-838C6EDCA465}.CD_ROM|Any CPU.ActiveCfg = Release|Any CPU
		{35DC2A36-5E24-4E09-8967-838C6EDCA465}.CD_ROM|Any CPU.Build.0 = Release|Any CPU
		{35DC2A36-5E24-4E09-8967-838C6EDCA465}.CD_ROM|Mixed Platforms.ActiveCfg = Release|Any CPU
		{35DC2A36-5E24-4E09-8967-838C6EDCA465}.CD_ROM|Mixed Platforms.Build.0 = Release|Any CPU
		{35DC2A36-5E24-4E09-8967-838C6EDCA465}.CD_ROM|x86.ActiveCfg = Release|Any CPU
		{35DC2A36-5E24-4E09-8967-838C6EDCA465}.Debug|Any CPU.ActiveCfg = Debug|Any CPU
		{35DC2A36-5E24-4E09-8967-838C6EDCA465}.Debug|Any CPU.Build.0 = Debug|Any CPU
		{35DC2A36-5E24-4E09-8967-838C6EDCA465}.Debug|Mixed Platforms.ActiveCfg = Debug|Any CPU
		{35DC2A36-5E24-4E09-8967-838C6EDCA465}.Debug|Mixed Platforms.Build.0 = Debug|Any CPU
		{35DC2A36-5E24-4E09-8967-838C6EDCA465}.Debug|x86.ActiveCfg = Debug|Any CPU
		{35DC2A36-5E24-4E09-8967-838C6EDCA465}.DVD-5|Any CPU.ActiveCfg = Debug|Any CPU
		{35DC2A36-5E24-4E09-8967-838C6EDCA465}.DVD-5|Any CPU.Build.0 = Debug|Any CPU
		{35DC2A36-5E24-4E09-8967-838C6EDCA465}.DVD-5|Mixed Platforms.ActiveCfg = Debug|Any CPU
		{35DC2A36-5E24-4E09-8967-838C6EDCA465}.DVD-5|Mixed Platforms.Build.0 = Debug|Any CPU
		{35DC2A36-5E24-4E09-8967-838C6EDCA465}.DVD-5|x86.ActiveCfg = Debug|Any CPU
		{35DC2A36-5E24-4E09-8967-838C6EDCA465}.Release|Any CPU.ActiveCfg = Release|Any CPU
		{35DC2A36-5E24-4E09-8967-838C6EDCA465}.Release|Any CPU.Build.0 = Release|Any CPU
		{35DC2A36-5E24-4E09-8967-838C6EDCA465}.Release|Mixed Platforms.ActiveCfg = Release|Any CPU
		{35DC2A36-5E24-4E09-8967-838C6EDCA465}.Release|Mixed Platforms.Build.0 = Release|Any CPU
		{35DC2A36-5E24-4E09-8967-838C6EDCA465}.Release|x86.ActiveCfg = Release|Any CPU
		{35DC2A36-5E24-4E09-8967-838C6EDCA465}.SingleImage|Any CPU.ActiveCfg = Release|Any CPU
		{35DC2A36-5E24-4E09-8967-838C6EDCA465}.SingleImage|Any CPU.Build.0 = Release|Any CPU
		{35DC2A36-5E24-4E09-8967-838C6EDCA465}.SingleImage|Mixed Platforms.ActiveCfg = Release|Any CPU
		{35DC2A36-5E24-4E09-8967-838C6EDCA465}.SingleImage|Mixed Platforms.Build.0 = Release|Any CPU
		{35DC2A36-5E24-4E09-8967-838C6EDCA465}.SingleImage|x86.ActiveCfg = Release|Any CPU
		{091BCB44-6764-41CA-A255-C6DA6157092B}.CD_ROM|Any CPU.ActiveCfg = Release|Any CPU
		{091BCB44-6764-41CA-A255-C6DA6157092B}.CD_ROM|Any CPU.Build.0 = Release|Any CPU
		{091BCB44-6764-41CA-A255-C6DA6157092B}.CD_ROM|Mixed Platforms.ActiveCfg = Release|Any CPU
		{091BCB44-6764-41CA-A255-C6DA6157092B}.CD_ROM|Mixed Platforms.Build.0 = Release|Any CPU
		{091BCB44-6764-41CA-A255-C6DA6157092B}.CD_ROM|x86.ActiveCfg = Release|Any CPU
		{091BCB44-6764-41CA-A255-C6DA6157092B}.Debug|Any CPU.ActiveCfg = Debug|Any CPU
		{091BCB44-6764-41CA-A255-C6DA6157092B}.Debug|Any CPU.Build.0 = Debug|Any CPU
		{091BCB44-6764-41CA-A255-C6DA6157092B}.Debug|Mixed Platforms.ActiveCfg = Debug|Any CPU
		{091BCB44-6764-41CA-A255-C6DA6157092B}.Debug|Mixed Platforms.Build.0 = Debug|Any CPU
		{091BCB44-6764-41CA-A255-C6DA6157092B}.Debug|x86.ActiveCfg = Debug|Any CPU
		{091BCB44-6764-41CA-A255-C6DA6157092B}.DVD-5|Any CPU.ActiveCfg = Debug|Any CPU
		{091BCB44-6764-41CA-A255-C6DA6157092B}.DVD-5|Any CPU.Build.0 = Debug|Any CPU
		{091BCB44-6764-41CA-A255-C6DA6157092B}.DVD-5|Mixed Platforms.ActiveCfg = Debug|Any CPU
		{091BCB44-6764-41CA-A255-C6DA6157092B}.DVD-5|Mixed Platforms.Build.0 = Debug|Any CPU
		{091BCB44-6764-41CA-A255-C6DA6157092B}.DVD-5|x86.ActiveCfg = Debug|Any CPU
		{091BCB44-6764-41CA-A255-C6DA6157092B}.Release|Any CPU.ActiveCfg = Release|Any CPU
		{091BCB44-6764-41CA-A255-C6DA6157092B}.Release|Any CPU.Build.0 = Release|Any CPU
		{091BCB44-6764-41CA-A255-C6DA6157092B}.Release|Mixed Platforms.ActiveCfg = Release|Any CPU
		{091BCB44-6764-41CA-A255-C6DA6157092B}.Release|Mixed Platforms.Build.0 = Release|Any CPU
		{091BCB44-6764-41CA-A255-C6DA6157092B}.Release|x86.ActiveCfg = Release|Any CPU
		{091BCB44-6764-41CA-A255-C6DA6157092B}.SingleImage|Any CPU.ActiveCfg = Release|Any CPU
		{091BCB44-6764-41CA-A255-C6DA6157092B}.SingleImage|Any CPU.Build.0 = Release|Any CPU
		{091BCB44-6764-41CA-A255-C6DA6157092B}.SingleImage|Mixed Platforms.ActiveCfg = Release|Any CPU
		{091BCB44-6764-41CA-A255-C6DA6157092B}.SingleImage|Mixed Platforms.Build.0 = Release|Any CPU
		{091BCB44-6764-41CA-A255-C6DA6157092B}.SingleImage|x86.ActiveCfg = Release|Any CPU
		{872878FA-A84A-4CD3-856A-4EE9018819C5}.CD_ROM|Any CPU.ActiveCfg = Release|Any CPU
		{872878FA-A84A-4CD3-856A-4EE9018819C5}.CD_ROM|Any CPU.Build.0 = Release|Any CPU
		{872878FA-A84A-4CD3-856A-4EE9018819C5}.CD_ROM|Mixed Platforms.ActiveCfg = Release|Any CPU
		{872878FA-A84A-4CD3-856A-4EE9018819C5}.CD_ROM|Mixed Platforms.Build.0 = Release|Any CPU
		{872878FA-A84A-4CD3-856A-4EE9018819C5}.CD_ROM|x86.ActiveCfg = Release|Any CPU
		{872878FA-A84A-4CD3-856A-4EE9018819C5}.Debug|Any CPU.ActiveCfg = Debug|Any CPU
		{872878FA-A84A-4CD3-856A-4EE9018819C5}.Debug|Any CPU.Build.0 = Debug|Any CPU
		{872878FA-A84A-4CD3-856A-4EE9018819C5}.Debug|Mixed Platforms.ActiveCfg = Debug|Any CPU
		{872878FA-A84A-4CD3-856A-4EE9018819C5}.Debug|Mixed Platforms.Build.0 = Debug|Any CPU
		{872878FA-A84A-4CD3-856A-4EE9018819C5}.Debug|x86.ActiveCfg = Debug|Any CPU
		{872878FA-A84A-4CD3-856A-4EE9018819C5}.DVD-5|Any CPU.ActiveCfg = Debug|Any CPU
		{872878FA-A84A-4CD3-856A-4EE9018819C5}.DVD-5|Any CPU.Build.0 = Debug|Any CPU
		{872878FA-A84A-4CD3-856A-4EE9018819C5}.DVD-5|Mixed Platforms.ActiveCfg = Debug|Any CPU
		{872878FA-A84A-4CD3-856A-4EE9018819C5}.DVD-5|Mixed Platforms.Build.0 = Debug|Any CPU
		{872878FA-A84A-4CD3-856A-4EE9018819C5}.DVD-5|x86.ActiveCfg = Debug|Any CPU
		{872878FA-A84A-4CD3-856A-4EE9018819C5}.Release|Any CPU.ActiveCfg = Release|Any CPU
		{872878FA-A84A-4CD3-856A-4EE9018819C5}.Release|Any CPU.Build.0 = Release|Any CPU
		{872878FA-A84A-4CD3-856A-4EE9018819C5}.Release|Mixed Platforms.ActiveCfg = Release|Any CPU
		{872878FA-A84A-4CD3-856A-4EE9018819C5}.Release|Mixed Platforms.Build.0 = Release|Any CPU
		{872878FA-A84A-4CD3-856A-4EE9018819C5}.Release|x86.ActiveCfg = Release|Any CPU
		{872878FA-A84A-4CD3-856A-4EE9018819C5}.SingleImage|Any CPU.ActiveCfg = Release|Any CPU
		{872878FA-A84A-4CD3-856A-4EE9018819C5}.SingleImage|Any CPU.Build.0 = Release|Any CPU
		{872878FA-A84A-4CD3-856A-4EE9018819C5}.SingleImage|Mixed Platforms.ActiveCfg = Release|Any CPU
		{872878FA-A84A-4CD3-856A-4EE9018819C5}.SingleImage|Mixed Platforms.Build.0 = Release|Any CPU
		{872878FA-A84A-4CD3-856A-4EE9018819C5}.SingleImage|x86.ActiveCfg = Release|Any CPU
		{F5E270CF-6B83-4879-9B04-773B87F80B0E}.CD_ROM|Any CPU.ActiveCfg = Release|Any CPU
		{F5E270CF-6B83-4879-9B04-773B87F80B0E}.CD_ROM|Any CPU.Build.0 = Release|Any CPU
		{F5E270CF-6B83-4879-9B04-773B87F80B0E}.CD_ROM|Mixed Platforms.ActiveCfg = Release|Any CPU
		{F5E270CF-6B83-4879-9B04-773B87F80B0E}.CD_ROM|Mixed Platforms.Build.0 = Release|Any CPU
		{F5E270CF-6B83-4879-9B04-773B87F80B0E}.CD_ROM|x86.ActiveCfg = Release|Any CPU
		{F5E270CF-6B83-4879-9B04-773B87F80B0E}.Debug|Any CPU.ActiveCfg = Debug|Any CPU
		{F5E270CF-6B83-4879-9B04-773B87F80B0E}.Debug|Any CPU.Build.0 = Debug|Any CPU
		{F5E270CF-6B83-4879-9B04-773B87F80B0E}.Debug|Mixed Platforms.ActiveCfg = Debug|Any CPU
		{F5E270CF-6B83-4879-9B04-773B87F80B0E}.Debug|Mixed Platforms.Build.0 = Debug|Any CPU
		{F5E270CF-6B83-4879-9B04-773B87F80B0E}.Debug|x86.ActiveCfg = Debug|Any CPU
		{F5E270CF-6B83-4879-9B04-773B87F80B0E}.DVD-5|Any CPU.ActiveCfg = Debug|Any CPU
		{F5E270CF-6B83-4879-9B04-773B87F80B0E}.DVD-5|Any CPU.Build.0 = Debug|Any CPU
		{F5E270CF-6B83-4879-9B04-773B87F80B0E}.DVD-5|Mixed Platforms.ActiveCfg = Debug|Any CPU
		{F5E270CF-6B83-4879-9B04-773B87F80B0E}.DVD-5|Mixed Platforms.Build.0 = Debug|Any CPU
		{F5E270CF-6B83-4879-9B04-773B87F80B0E}.DVD-5|x86.ActiveCfg = Debug|Any CPU
		{F5E270CF-6B83-4879-9B04-773B87F80B0E}.Release|Any CPU.ActiveCfg = Release|Any CPU
		{F5E270CF-6B83-4879-9B04-773B87F80B0E}.Release|Any CPU.Build.0 = Release|Any CPU
		{F5E270CF-6B83-4879-9B04-773B87F80B0E}.Release|Mixed Platforms.ActiveCfg = Release|Any CPU
		{F5E270CF-6B83-4879-9B04-773B87F80B0E}.Release|Mixed Platforms.Build.0 = Release|Any CPU
		{F5E270CF-6B83-4879-9B04-773B87F80B0E}.Release|x86.ActiveCfg = Release|Any CPU
		{F5E270CF-6B83-4879-9B04-773B87F80B0E}.SingleImage|Any CPU.ActiveCfg = Release|Any CPU
		{F5E270CF-6B83-4879-9B04-773B87F80B0E}.SingleImage|Any CPU.Build.0 = Release|Any CPU
		{F5E270CF-6B83-4879-9B04-773B87F80B0E}.SingleImage|Mixed Platforms.ActiveCfg = Release|Any CPU
		{F5E270CF-6B83-4879-9B04-773B87F80B0E}.SingleImage|Mixed Platforms.Build.0 = Release|Any CPU
		{F5E270CF-6B83-4879-9B04-773B87F80B0E}.SingleImage|x86.ActiveCfg = Release|Any CPU
		{4F5EDC5B-31FA-4904-BD11-2CF1790AE234}.CD_ROM|Any CPU.ActiveCfg = Release|Any CPU
		{4F5EDC5B-31FA-4904-BD11-2CF1790AE234}.CD_ROM|Any CPU.Build.0 = Release|Any CPU
		{4F5EDC5B-31FA-4904-BD11-2CF1790AE234}.CD_ROM|Mixed Platforms.ActiveCfg = Release|Any CPU
		{4F5EDC5B-31FA-4904-BD11-2CF1790AE234}.CD_ROM|Mixed Platforms.Build.0 = Release|Any CPU
		{4F5EDC5B-31FA-4904-BD11-2CF1790AE234}.CD_ROM|x86.ActiveCfg = Release|Any CPU
		{4F5EDC5B-31FA-4904-BD11-2CF1790AE234}.Debug|Any CPU.ActiveCfg = Debug|Any CPU
		{4F5EDC5B-31FA-4904-BD11-2CF1790AE234}.Debug|Any CPU.Build.0 = Debug|Any CPU
		{4F5EDC5B-31FA-4904-BD11-2CF1790AE234}.Debug|Mixed Platforms.ActiveCfg = Debug|Any CPU
		{4F5EDC5B-31FA-4904-BD11-2CF1790AE234}.Debug|Mixed Platforms.Build.0 = Debug|Any CPU
		{4F5EDC5B-31FA-4904-BD11-2CF1790AE234}.Debug|x86.ActiveCfg = Debug|Any CPU
		{4F5EDC5B-31FA-4904-BD11-2CF1790AE234}.DVD-5|Any CPU.ActiveCfg = Debug|Any CPU
		{4F5EDC5B-31FA-4904-BD11-2CF1790AE234}.DVD-5|Any CPU.Build.0 = Debug|Any CPU
		{4F5EDC5B-31FA-4904-BD11-2CF1790AE234}.DVD-5|Mixed Platforms.ActiveCfg = Debug|Any CPU
		{4F5EDC5B-31FA-4904-BD11-2CF1790AE234}.DVD-5|Mixed Platforms.Build.0 = Debug|Any CPU
		{4F5EDC5B-31FA-4904-BD11-2CF1790AE234}.DVD-5|x86.ActiveCfg = Debug|Any CPU
		{4F5EDC5B-31FA-4904-BD11-2CF1790AE234}.Release|Any CPU.ActiveCfg = Release|Any CPU
		{4F5EDC5B-31FA-4904-BD11-2CF1790AE234}.Release|Any CPU.Build.0 = Release|Any CPU
		{4F5EDC5B-31FA-4904-BD11-2CF1790AE234}.Release|Mixed Platforms.ActiveCfg = Release|Any CPU
		{4F5EDC5B-31FA-4904-BD11-2CF1790AE234}.Release|Mixed Platforms.Build.0 = Release|Any CPU
		{4F5EDC5B-31FA-4904-BD11-2CF1790AE234}.Release|x86.ActiveCfg = Release|Any CPU
		{4F5EDC5B-31FA-4904-BD11-2CF1790AE234}.SingleImage|Any CPU.ActiveCfg = Release|Any CPU
		{4F5EDC5B-31FA-4904-BD11-2CF1790AE234}.SingleImage|Any CPU.Build.0 = Release|Any CPU
		{4F5EDC5B-31FA-4904-BD11-2CF1790AE234}.SingleImage|Mixed Platforms.ActiveCfg = Release|Any CPU
		{4F5EDC5B-31FA-4904-BD11-2CF1790AE234}.SingleImage|Mixed Platforms.Build.0 = Release|Any CPU
		{4F5EDC5B-31FA-4904-BD11-2CF1790AE234}.SingleImage|x86.ActiveCfg = Release|Any CPU
		{9BA4DF6C-B4DA-40D4-8A33-795F0BED2622}.CD_ROM|Any CPU.ActiveCfg = Release|Any CPU
		{9BA4DF6C-B4DA-40D4-8A33-795F0BED2622}.CD_ROM|Any CPU.Build.0 = Release|Any CPU
		{9BA4DF6C-B4DA-40D4-8A33-795F0BED2622}.CD_ROM|Mixed Platforms.ActiveCfg = Release|Any CPU
		{9BA4DF6C-B4DA-40D4-8A33-795F0BED2622}.CD_ROM|Mixed Platforms.Build.0 = Release|Any CPU
		{9BA4DF6C-B4DA-40D4-8A33-795F0BED2622}.CD_ROM|x86.ActiveCfg = Release|Any CPU
		{9BA4DF6C-B4DA-40D4-8A33-795F0BED2622}.Debug|Any CPU.ActiveCfg = Debug|Any CPU
		{9BA4DF6C-B4DA-40D4-8A33-795F0BED2622}.Debug|Any CPU.Build.0 = Debug|Any CPU
		{9BA4DF6C-B4DA-40D4-8A33-795F0BED2622}.Debug|Mixed Platforms.ActiveCfg = Debug|Any CPU
		{9BA4DF6C-B4DA-40D4-8A33-795F0BED2622}.Debug|Mixed Platforms.Build.0 = Debug|Any CPU
		{9BA4DF6C-B4DA-40D4-8A33-795F0BED2622}.Debug|x86.ActiveCfg = Debug|Any CPU
		{9BA4DF6C-B4DA-40D4-8A33-795F0BED2622}.DVD-5|Any CPU.ActiveCfg = Debug|Any CPU
		{9BA4DF6C-B4DA-40D4-8A33-795F0BED2622}.DVD-5|Any CPU.Build.0 = Debug|Any CPU
		{9BA4DF6C-B4DA-40D4-8A33-795F0BED2622}.DVD-5|Mixed Platforms.ActiveCfg = Debug|Any CPU
		{9BA4DF6C-B4DA-40D4-8A33-795F0BED2622}.DVD-5|Mixed Platforms.Build.0 = Debug|Any CPU
		{9BA4DF6C-B4DA-40D4-8A33-795F0BED2622}.DVD-5|x86.ActiveCfg = Debug|Any CPU
		{9BA4DF6C-B4DA-40D4-8A33-795F0BED2622}.Release|Any CPU.ActiveCfg = Release|Any CPU
		{9BA4DF6C-B4DA-40D4-8A33-795F0BED2622}.Release|Any CPU.Build.0 = Release|Any CPU
		{9BA4DF6C-B4DA-40D4-8A33-795F0BED2622}.Release|Mixed Platforms.ActiveCfg = Release|Any CPU
		{9BA4DF6C-B4DA-40D4-8A33-795F0BED2622}.Release|Mixed Platforms.Build.0 = Release|Any CPU
		{9BA4DF6C-B4DA-40D4-8A33-795F0BED2622}.Release|x86.ActiveCfg = Release|Any CPU
		{9BA4DF6C-B4DA-40D4-8A33-795F0BED2622}.SingleImage|Any CPU.ActiveCfg = Release|Any CPU
		{9BA4DF6C-B4DA-40D4-8A33-795F0BED2622}.SingleImage|Any CPU.Build.0 = Release|Any CPU
		{9BA4DF6C-B4DA-40D4-8A33-795F0BED2622}.SingleImage|Mixed Platforms.ActiveCfg = Release|Any CPU
		{9BA4DF6C-B4DA-40D4-8A33-795F0BED2622}.SingleImage|Mixed Platforms.Build.0 = Release|Any CPU
		{9BA4DF6C-B4DA-40D4-8A33-795F0BED2622}.SingleImage|x86.ActiveCfg = Release|Any CPU
		{9A210D03-F7A2-4CF6-B311-742A2A1949D4}.CD_ROM|Any CPU.ActiveCfg = Release|Any CPU
		{9A210D03-F7A2-4CF6-B311-742A2A1949D4}.CD_ROM|Any CPU.Build.0 = Release|Any CPU
		{9A210D03-F7A2-4CF6-B311-742A2A1949D4}.CD_ROM|Mixed Platforms.ActiveCfg = Release|Any CPU
		{9A210D03-F7A2-4CF6-B311-742A2A1949D4}.CD_ROM|Mixed Platforms.Build.0 = Release|Any CPU
		{9A210D03-F7A2-4CF6-B311-742A2A1949D4}.CD_ROM|x86.ActiveCfg = Release|Any CPU
		{9A210D03-F7A2-4CF6-B311-742A2A1949D4}.Debug|Any CPU.ActiveCfg = Debug|Any CPU
		{9A210D03-F7A2-4CF6-B311-742A2A1949D4}.Debug|Any CPU.Build.0 = Debug|Any CPU
		{9A210D03-F7A2-4CF6-B311-742A2A1949D4}.Debug|Mixed Platforms.ActiveCfg = Debug|Any CPU
		{9A210D03-F7A2-4CF6-B311-742A2A1949D4}.Debug|Mixed Platforms.Build.0 = Debug|Any CPU
		{9A210D03-F7A2-4CF6-B311-742A2A1949D4}.Debug|x86.ActiveCfg = Debug|Any CPU
		{9A210D03-F7A2-4CF6-B311-742A2A1949D4}.DVD-5|Any CPU.ActiveCfg = Debug|Any CPU
		{9A210D03-F7A2-4CF6-B311-742A2A1949D4}.DVD-5|Any CPU.Build.0 = Debug|Any CPU
		{9A210D03-F7A2-4CF6-B311-742A2A1949D4}.DVD-5|Mixed Platforms.ActiveCfg = Debug|Any CPU
		{9A210D03-F7A2-4CF6-B311-742A2A1949D4}.DVD-5|Mixed Platforms.Build.0 = Debug|Any CPU
		{9A210D03-F7A2-4CF6-B311-742A2A1949D4}.DVD-5|x86.ActiveCfg = Debug|Any CPU
		{9A210D03-F7A2-4CF6-B311-742A2A1949D4}.Release|Any CPU.ActiveCfg = Release|Any CPU
		{9A210D03-F7A2-4CF6-B311-742A2A1949D4}.Release|Any CPU.Build.0 = Release|Any CPU
		{9A210D03-F7A2-4CF6-B311-742A2A1949D4}.Release|Mixed Platforms.ActiveCfg = Release|Any CPU
		{9A210D03-F7A2-4CF6-B311-742A2A1949D4}.Release|Mixed Platforms.Build.0 = Release|Any CPU
		{9A210D03-F7A2-4CF6-B311-742A2A1949D4}.Release|x86.ActiveCfg = Release|Any CPU
		{9A210D03-F7A2-4CF6-B311-742A2A1949D4}.SingleImage|Any CPU.ActiveCfg = Release|Any CPU
		{9A210D03-F7A2-4CF6-B311-742A2A1949D4}.SingleImage|Any CPU.Build.0 = Release|Any CPU
		{9A210D03-F7A2-4CF6-B311-742A2A1949D4}.SingleImage|Mixed Platforms.ActiveCfg = Release|Any CPU
		{9A210D03-F7A2-4CF6-B311-742A2A1949D4}.SingleImage|Mixed Platforms.Build.0 = Release|Any CPU
		{9A210D03-F7A2-4CF6-B311-742A2A1949D4}.SingleImage|x86.ActiveCfg = Release|Any CPU
		{BFBD0E92-DABF-4179-9586-C344B9315529}.CD_ROM|Any CPU.ActiveCfg = Release|Any CPU
		{BFBD0E92-DABF-4179-9586-C344B9315529}.CD_ROM|Any CPU.Build.0 = Release|Any CPU
		{BFBD0E92-DABF-4179-9586-C344B9315529}.CD_ROM|Mixed Platforms.ActiveCfg = Release|Any CPU
		{BFBD0E92-DABF-4179-9586-C344B9315529}.CD_ROM|Mixed Platforms.Build.0 = Release|Any CPU
		{BFBD0E92-DABF-4179-9586-C344B9315529}.CD_ROM|x86.ActiveCfg = Release|Any CPU
		{BFBD0E92-DABF-4179-9586-C344B9315529}.Debug|Any CPU.ActiveCfg = Debug|Any CPU
		{BFBD0E92-DABF-4179-9586-C344B9315529}.Debug|Any CPU.Build.0 = Debug|Any CPU
		{BFBD0E92-DABF-4179-9586-C344B9315529}.Debug|Mixed Platforms.ActiveCfg = Debug|Any CPU
		{BFBD0E92-DABF-4179-9586-C344B9315529}.Debug|Mixed Platforms.Build.0 = Debug|Any CPU
		{BFBD0E92-DABF-4179-9586-C344B9315529}.Debug|x86.ActiveCfg = Debug|Any CPU
		{BFBD0E92-DABF-4179-9586-C344B9315529}.DVD-5|Any CPU.ActiveCfg = Debug|Any CPU
		{BFBD0E92-DABF-4179-9586-C344B9315529}.DVD-5|Any CPU.Build.0 = Debug|Any CPU
		{BFBD0E92-DABF-4179-9586-C344B9315529}.DVD-5|Mixed Platforms.ActiveCfg = Debug|Any CPU
		{BFBD0E92-DABF-4179-9586-C344B9315529}.DVD-5|Mixed Platforms.Build.0 = Debug|Any CPU
		{BFBD0E92-DABF-4179-9586-C344B9315529}.DVD-5|x86.ActiveCfg = Debug|Any CPU
		{BFBD0E92-DABF-4179-9586-C344B9315529}.Release|Any CPU.ActiveCfg = Release|Any CPU
		{BFBD0E92-DABF-4179-9586-C344B9315529}.Release|Any CPU.Build.0 = Release|Any CPU
		{BFBD0E92-DABF-4179-9586-C344B9315529}.Release|Mixed Platforms.ActiveCfg = Release|Any CPU
		{BFBD0E92-DABF-4179-9586-C344B9315529}.Release|Mixed Platforms.Build.0 = Release|Any CPU
		{BFBD0E92-DABF-4179-9586-C344B9315529}.Release|x86.ActiveCfg = Release|Any CPU
		{BFBD0E92-DABF-4179-9586-C344B9315529}.SingleImage|Any CPU.ActiveCfg = Release|Any CPU
		{BFBD0E92-DABF-4179-9586-C344B9315529}.SingleImage|Any CPU.Build.0 = Release|Any CPU
		{BFBD0E92-DABF-4179-9586-C344B9315529}.SingleImage|Mixed Platforms.ActiveCfg = Release|Any CPU
		{BFBD0E92-DABF-4179-9586-C344B9315529}.SingleImage|Mixed Platforms.Build.0 = Release|Any CPU
		{BFBD0E92-DABF-4179-9586-C344B9315529}.SingleImage|x86.ActiveCfg = Release|Any CPU
		{927A65BD-1F90-42DD-81D9-E9F3E0637C07}.CD_ROM|Any CPU.ActiveCfg = Release|Any CPU
		{927A65BD-1F90-42DD-81D9-E9F3E0637C07}.CD_ROM|Any CPU.Build.0 = Release|Any CPU
		{927A65BD-1F90-42DD-81D9-E9F3E0637C07}.CD_ROM|Mixed Platforms.ActiveCfg = Release|Any CPU
		{927A65BD-1F90-42DD-81D9-E9F3E0637C07}.CD_ROM|Mixed Platforms.Build.0 = Release|Any CPU
		{927A65BD-1F90-42DD-81D9-E9F3E0637C07}.CD_ROM|x86.ActiveCfg = Release|Any CPU
		{927A65BD-1F90-42DD-81D9-E9F3E0637C07}.Debug|Any CPU.ActiveCfg = Debug|Any CPU
		{927A65BD-1F90-42DD-81D9-E9F3E0637C07}.Debug|Any CPU.Build.0 = Debug|Any CPU
		{927A65BD-1F90-42DD-81D9-E9F3E0637C07}.Debug|Mixed Platforms.ActiveCfg = Debug|Any CPU
		{927A65BD-1F90-42DD-81D9-E9F3E0637C07}.Debug|Mixed Platforms.Build.0 = Debug|Any CPU
		{927A65BD-1F90-42DD-81D9-E9F3E0637C07}.Debug|x86.ActiveCfg = Debug|Any CPU
		{927A65BD-1F90-42DD-81D9-E9F3E0637C07}.DVD-5|Any CPU.ActiveCfg = Debug|Any CPU
		{927A65BD-1F90-42DD-81D9-E9F3E0637C07}.DVD-5|Any CPU.Build.0 = Debug|Any CPU
		{927A65BD-1F90-42DD-81D9-E9F3E0637C07}.DVD-5|Mixed Platforms.ActiveCfg = Debug|Any CPU
		{927A65BD-1F90-42DD-81D9-E9F3E0637C07}.DVD-5|Mixed Platforms.Build.0 = Debug|Any CPU
		{927A65BD-1F90-42DD-81D9-E9F3E0637C07}.DVD-5|x86.ActiveCfg = Debug|Any CPU
		{927A65BD-1F90-42DD-81D9-E9F3E0637C07}.Release|Any CPU.ActiveCfg = Release|Any CPU
		{927A65BD-1F90-42DD-81D9-E9F3E0637C07}.Release|Any CPU.Build.0 = Release|Any CPU
		{927A65BD-1F90-42DD-81D9-E9F3E0637C07}.Release|Mixed Platforms.ActiveCfg = Release|Any CPU
		{927A65BD-1F90-42DD-81D9-E9F3E0637C07}.Release|Mixed Platforms.Build.0 = Release|Any CPU
		{927A65BD-1F90-42DD-81D9-E9F3E0637C07}.Release|x86.ActiveCfg = Release|Any CPU
		{927A65BD-1F90-42DD-81D9-E9F3E0637C07}.SingleImage|Any CPU.ActiveCfg = Release|Any CPU
		{927A65BD-1F90-42DD-81D9-E9F3E0637C07}.SingleImage|Any CPU.Build.0 = Release|Any CPU
		{927A65BD-1F90-42DD-81D9-E9F3E0637C07}.SingleImage|Mixed Platforms.ActiveCfg = Release|Any CPU
		{927A65BD-1F90-42DD-81D9-E9F3E0637C07}.SingleImage|Mixed Platforms.Build.0 = Release|Any CPU
		{927A65BD-1F90-42DD-81D9-E9F3E0637C07}.SingleImage|x86.ActiveCfg = Release|Any CPU
		{D79B5CEC-09DE-4337-873F-0C65B58D86D3}.CD_ROM|Any CPU.ActiveCfg = Release|Any CPU
		{D79B5CEC-09DE-4337-873F-0C65B58D86D3}.CD_ROM|Any CPU.Build.0 = Release|Any CPU
		{D79B5CEC-09DE-4337-873F-0C65B58D86D3}.CD_ROM|Mixed Platforms.ActiveCfg = Release|Any CPU
		{D79B5CEC-09DE-4337-873F-0C65B58D86D3}.CD_ROM|Mixed Platforms.Build.0 = Release|Any CPU
		{D79B5CEC-09DE-4337-873F-0C65B58D86D3}.CD_ROM|x86.ActiveCfg = Release|Any CPU
		{D79B5CEC-09DE-4337-873F-0C65B58D86D3}.Debug|Any CPU.ActiveCfg = Debug|Any CPU
		{D79B5CEC-09DE-4337-873F-0C65B58D86D3}.Debug|Any CPU.Build.0 = Debug|Any CPU
		{D79B5CEC-09DE-4337-873F-0C65B58D86D3}.Debug|Mixed Platforms.ActiveCfg = Debug|Any CPU
		{D79B5CEC-09DE-4337-873F-0C65B58D86D3}.Debug|Mixed Platforms.Build.0 = Debug|Any CPU
		{D79B5CEC-09DE-4337-873F-0C65B58D86D3}.Debug|x86.ActiveCfg = Debug|Any CPU
		{D79B5CEC-09DE-4337-873F-0C65B58D86D3}.DVD-5|Any CPU.ActiveCfg = Debug|Any CPU
		{D79B5CEC-09DE-4337-873F-0C65B58D86D3}.DVD-5|Any CPU.Build.0 = Debug|Any CPU
		{D79B5CEC-09DE-4337-873F-0C65B58D86D3}.DVD-5|Mixed Platforms.ActiveCfg = Debug|Any CPU
		{D79B5CEC-09DE-4337-873F-0C65B58D86D3}.DVD-5|Mixed Platforms.Build.0 = Debug|Any CPU
		{D79B5CEC-09DE-4337-873F-0C65B58D86D3}.DVD-5|x86.ActiveCfg = Debug|Any CPU
		{D79B5CEC-09DE-4337-873F-0C65B58D86D3}.Release|Any CPU.ActiveCfg = Release|Any CPU
		{D79B5CEC-09DE-4337-873F-0C65B58D86D3}.Release|Any CPU.Build.0 = Release|Any CPU
		{D79B5CEC-09DE-4337-873F-0C65B58D86D3}.Release|Mixed Platforms.ActiveCfg = Release|Any CPU
		{D79B5CEC-09DE-4337-873F-0C65B58D86D3}.Release|Mixed Platforms.Build.0 = Release|Any CPU
		{D79B5CEC-09DE-4337-873F-0C65B58D86D3}.Release|x86.ActiveCfg = Release|Any CPU
		{D79B5CEC-09DE-4337-873F-0C65B58D86D3}.SingleImage|Any CPU.ActiveCfg = Release|Any CPU
		{D79B5CEC-09DE-4337-873F-0C65B58D86D3}.SingleImage|Any CPU.Build.0 = Release|Any CPU
		{D79B5CEC-09DE-4337-873F-0C65B58D86D3}.SingleImage|Mixed Platforms.ActiveCfg = Release|Any CPU
		{D79B5CEC-09DE-4337-873F-0C65B58D86D3}.SingleImage|Mixed Platforms.Build.0 = Release|Any CPU
		{D79B5CEC-09DE-4337-873F-0C65B58D86D3}.SingleImage|x86.ActiveCfg = Release|Any CPU
		{20D10149-03BF-4C32-ABE4-D278A46CAD7F}.CD_ROM|Any CPU.ActiveCfg = Release|Any CPU
		{20D10149-03BF-4C32-ABE4-D278A46CAD7F}.CD_ROM|Any CPU.Build.0 = Release|Any CPU
		{20D10149-03BF-4C32-ABE4-D278A46CAD7F}.CD_ROM|Mixed Platforms.ActiveCfg = Release|Any CPU
		{20D10149-03BF-4C32-ABE4-D278A46CAD7F}.CD_ROM|Mixed Platforms.Build.0 = Release|Any CPU
		{20D10149-03BF-4C32-ABE4-D278A46CAD7F}.CD_ROM|x86.ActiveCfg = Release|Any CPU
		{20D10149-03BF-4C32-ABE4-D278A46CAD7F}.Debug|Any CPU.ActiveCfg = Debug|Any CPU
		{20D10149-03BF-4C32-ABE4-D278A46CAD7F}.Debug|Any CPU.Build.0 = Debug|Any CPU
		{20D10149-03BF-4C32-ABE4-D278A46CAD7F}.Debug|Mixed Platforms.ActiveCfg = Debug|Any CPU
		{20D10149-03BF-4C32-ABE4-D278A46CAD7F}.Debug|Mixed Platforms.Build.0 = Debug|Any CPU
		{20D10149-03BF-4C32-ABE4-D278A46CAD7F}.Debug|x86.ActiveCfg = Debug|Any CPU
		{20D10149-03BF-4C32-ABE4-D278A46CAD7F}.DVD-5|Any CPU.ActiveCfg = Debug|Any CPU
		{20D10149-03BF-4C32-ABE4-D278A46CAD7F}.DVD-5|Any CPU.Build.0 = Debug|Any CPU
		{20D10149-03BF-4C32-ABE4-D278A46CAD7F}.DVD-5|Mixed Platforms.ActiveCfg = Debug|Any CPU
		{20D10149-03BF-4C32-ABE4-D278A46CAD7F}.DVD-5|Mixed Platforms.Build.0 = Debug|Any CPU
		{20D10149-03BF-4C32-ABE4-D278A46CAD7F}.DVD-5|x86.ActiveCfg = Debug|Any CPU
		{20D10149-03BF-4C32-ABE4-D278A46CAD7F}.Release|Any CPU.ActiveCfg = Release|Any CPU
		{20D10149-03BF-4C32-ABE4-D278A46CAD7F}.Release|Any CPU.Build.0 = Release|Any CPU
		{20D10149-03BF-4C32-ABE4-D278A46CAD7F}.Release|Mixed Platforms.ActiveCfg = Release|Any CPU
		{20D10149-03BF-4C32-ABE4-D278A46CAD7F}.Release|Mixed Platforms.Build.0 = Release|Any CPU
		{20D10149-03BF-4C32-ABE4-D278A46CAD7F}.Release|x86.ActiveCfg = Release|Any CPU
		{20D10149-03BF-4C32-ABE4-D278A46CAD7F}.SingleImage|Any CPU.ActiveCfg = Release|Any CPU
		{20D10149-03BF-4C32-ABE4-D278A46CAD7F}.SingleImage|Any CPU.Build.0 = Release|Any CPU
		{20D10149-03BF-4C32-ABE4-D278A46CAD7F}.SingleImage|Mixed Platforms.ActiveCfg = Release|Any CPU
		{20D10149-03BF-4C32-ABE4-D278A46CAD7F}.SingleImage|Mixed Platforms.Build.0 = Release|Any CPU
		{20D10149-03BF-4C32-ABE4-D278A46CAD7F}.SingleImage|x86.ActiveCfg = Release|Any CPU
		{DD6289C1-67B6-4E08-A261-40BF46ACBC93}.CD_ROM|Any CPU.ActiveCfg = Release|Any CPU
		{DD6289C1-67B6-4E08-A261-40BF46ACBC93}.CD_ROM|Any CPU.Build.0 = Release|Any CPU
		{DD6289C1-67B6-4E08-A261-40BF46ACBC93}.CD_ROM|Mixed Platforms.ActiveCfg = Release|Any CPU
		{DD6289C1-67B6-4E08-A261-40BF46ACBC93}.CD_ROM|Mixed Platforms.Build.0 = Release|Any CPU
		{DD6289C1-67B6-4E08-A261-40BF46ACBC93}.CD_ROM|x86.ActiveCfg = Release|Any CPU
		{DD6289C1-67B6-4E08-A261-40BF46ACBC93}.Debug|Any CPU.ActiveCfg = Debug|Any CPU
		{DD6289C1-67B6-4E08-A261-40BF46ACBC93}.Debug|Any CPU.Build.0 = Debug|Any CPU
		{DD6289C1-67B6-4E08-A261-40BF46ACBC93}.Debug|Mixed Platforms.ActiveCfg = Debug|Any CPU
		{DD6289C1-67B6-4E08-A261-40BF46ACBC93}.Debug|Mixed Platforms.Build.0 = Debug|Any CPU
		{DD6289C1-67B6-4E08-A261-40BF46ACBC93}.Debug|x86.ActiveCfg = Debug|Any CPU
		{DD6289C1-67B6-4E08-A261-40BF46ACBC93}.DVD-5|Any CPU.ActiveCfg = Debug|Any CPU
		{DD6289C1-67B6-4E08-A261-40BF46ACBC93}.DVD-5|Any CPU.Build.0 = Debug|Any CPU
		{DD6289C1-67B6-4E08-A261-40BF46ACBC93}.DVD-5|Mixed Platforms.ActiveCfg = Debug|Any CPU
		{DD6289C1-67B6-4E08-A261-40BF46ACBC93}.DVD-5|Mixed Platforms.Build.0 = Debug|Any CPU
		{DD6289C1-67B6-4E08-A261-40BF46ACBC93}.DVD-5|x86.ActiveCfg = Debug|Any CPU
		{DD6289C1-67B6-4E08-A261-40BF46ACBC93}.Release|Any CPU.ActiveCfg = Release|Any CPU
		{DD6289C1-67B6-4E08-A261-40BF46ACBC93}.Release|Any CPU.Build.0 = Release|Any CPU
		{DD6289C1-67B6-4E08-A261-40BF46ACBC93}.Release|Mixed Platforms.ActiveCfg = Release|Any CPU
		{DD6289C1-67B6-4E08-A261-40BF46ACBC93}.Release|Mixed Platforms.Build.0 = Release|Any CPU
		{DD6289C1-67B6-4E08-A261-40BF46ACBC93}.Release|x86.ActiveCfg = Release|Any CPU
		{DD6289C1-67B6-4E08-A261-40BF46ACBC93}.SingleImage|Any CPU.ActiveCfg = Release|Any CPU
		{DD6289C1-67B6-4E08-A261-40BF46ACBC93}.SingleImage|Any CPU.Build.0 = Release|Any CPU
		{DD6289C1-67B6-4E08-A261-40BF46ACBC93}.SingleImage|Mixed Platforms.ActiveCfg = Release|Any CPU
		{DD6289C1-67B6-4E08-A261-40BF46ACBC93}.SingleImage|Mixed Platforms.Build.0 = Release|Any CPU
		{DD6289C1-67B6-4E08-A261-40BF46ACBC93}.SingleImage|x86.ActiveCfg = Release|Any CPU
		{430EEA01-F9ED-46E6-A23B-D33AD6634AA7}.CD_ROM|Any CPU.ActiveCfg = Release|Any CPU
		{430EEA01-F9ED-46E6-A23B-D33AD6634AA7}.CD_ROM|Any CPU.Build.0 = Release|Any CPU
		{430EEA01-F9ED-46E6-A23B-D33AD6634AA7}.CD_ROM|Mixed Platforms.ActiveCfg = Release|Any CPU
		{430EEA01-F9ED-46E6-A23B-D33AD6634AA7}.CD_ROM|Mixed Platforms.Build.0 = Release|Any CPU
		{430EEA01-F9ED-46E6-A23B-D33AD6634AA7}.CD_ROM|x86.ActiveCfg = Release|Any CPU
		{430EEA01-F9ED-46E6-A23B-D33AD6634AA7}.Debug|Any CPU.ActiveCfg = Debug|Any CPU
		{430EEA01-F9ED-46E6-A23B-D33AD6634AA7}.Debug|Any CPU.Build.0 = Debug|Any CPU
		{430EEA01-F9ED-46E6-A23B-D33AD6634AA7}.Debug|Mixed Platforms.ActiveCfg = Debug|Any CPU
		{430EEA01-F9ED-46E6-A23B-D33AD6634AA7}.Debug|Mixed Platforms.Build.0 = Debug|Any CPU
		{430EEA01-F9ED-46E6-A23B-D33AD6634AA7}.Debug|x86.ActiveCfg = Debug|Any CPU
		{430EEA01-F9ED-46E6-A23B-D33AD6634AA7}.DVD-5|Any CPU.ActiveCfg = Debug|Any CPU
		{430EEA01-F9ED-46E6-A23B-D33AD6634AA7}.DVD-5|Any CPU.Build.0 = Debug|Any CPU
		{430EEA01-F9ED-46E6-A23B-D33AD6634AA7}.DVD-5|Mixed Platforms.ActiveCfg = Debug|Any CPU
		{430EEA01-F9ED-46E6-A23B-D33AD6634AA7}.DVD-5|Mixed Platforms.Build.0 = Debug|Any CPU
		{430EEA01-F9ED-46E6-A23B-D33AD6634AA7}.DVD-5|x86.ActiveCfg = Debug|Any CPU
		{430EEA01-F9ED-46E6-A23B-D33AD6634AA7}.Release|Any CPU.ActiveCfg = Release|Any CPU
		{430EEA01-F9ED-46E6-A23B-D33AD6634AA7}.Release|Any CPU.Build.0 = Release|Any CPU
		{430EEA01-F9ED-46E6-A23B-D33AD6634AA7}.Release|Mixed Platforms.ActiveCfg = Release|Any CPU
		{430EEA01-F9ED-46E6-A23B-D33AD6634AA7}.Release|Mixed Platforms.Build.0 = Release|Any CPU
		{430EEA01-F9ED-46E6-A23B-D33AD6634AA7}.Release|x86.ActiveCfg = Release|Any CPU
		{430EEA01-F9ED-46E6-A23B-D33AD6634AA7}.SingleImage|Any CPU.ActiveCfg = Release|Any CPU
		{430EEA01-F9ED-46E6-A23B-D33AD6634AA7}.SingleImage|Any CPU.Build.0 = Release|Any CPU
		{430EEA01-F9ED-46E6-A23B-D33AD6634AA7}.SingleImage|Mixed Platforms.ActiveCfg = Release|Any CPU
		{430EEA01-F9ED-46E6-A23B-D33AD6634AA7}.SingleImage|Mixed Platforms.Build.0 = Release|Any CPU
		{430EEA01-F9ED-46E6-A23B-D33AD6634AA7}.SingleImage|x86.ActiveCfg = Release|Any CPU
		{55208D32-DD75-4C47-B692-89620A6A41F1}.CD_ROM|Any CPU.ActiveCfg = Release|Any CPU
		{55208D32-DD75-4C47-B692-89620A6A41F1}.CD_ROM|Any CPU.Build.0 = Release|Any CPU
		{55208D32-DD75-4C47-B692-89620A6A41F1}.CD_ROM|Mixed Platforms.ActiveCfg = Release|Any CPU
		{55208D32-DD75-4C47-B692-89620A6A41F1}.CD_ROM|Mixed Platforms.Build.0 = Release|Any CPU
		{55208D32-DD75-4C47-B692-89620A6A41F1}.CD_ROM|x86.ActiveCfg = Release|Any CPU
		{55208D32-DD75-4C47-B692-89620A6A41F1}.Debug|Any CPU.ActiveCfg = Debug|Any CPU
		{55208D32-DD75-4C47-B692-89620A6A41F1}.Debug|Any CPU.Build.0 = Debug|Any CPU
		{55208D32-DD75-4C47-B692-89620A6A41F1}.Debug|Mixed Platforms.ActiveCfg = Debug|Any CPU
		{55208D32-DD75-4C47-B692-89620A6A41F1}.Debug|Mixed Platforms.Build.0 = Debug|Any CPU
		{55208D32-DD75-4C47-B692-89620A6A41F1}.Debug|x86.ActiveCfg = Debug|Any CPU
		{55208D32-DD75-4C47-B692-89620A6A41F1}.DVD-5|Any CPU.ActiveCfg = Debug|Any CPU
		{55208D32-DD75-4C47-B692-89620A6A41F1}.DVD-5|Any CPU.Build.0 = Debug|Any CPU
		{55208D32-DD75-4C47-B692-89620A6A41F1}.DVD-5|Mixed Platforms.ActiveCfg = Debug|Any CPU
		{55208D32-DD75-4C47-B692-89620A6A41F1}.DVD-5|Mixed Platforms.Build.0 = Debug|Any CPU
		{55208D32-DD75-4C47-B692-89620A6A41F1}.DVD-5|x86.ActiveCfg = Debug|Any CPU
		{55208D32-DD75-4C47-B692-89620A6A41F1}.Release|Any CPU.ActiveCfg = Release|Any CPU
		{55208D32-DD75-4C47-B692-89620A6A41F1}.Release|Any CPU.Build.0 = Release|Any CPU
		{55208D32-DD75-4C47-B692-89620A6A41F1}.Release|Mixed Platforms.ActiveCfg = Release|Any CPU
		{55208D32-DD75-4C47-B692-89620A6A41F1}.Release|Mixed Platforms.Build.0 = Release|Any CPU
		{55208D32-DD75-4C47-B692-89620A6A41F1}.Release|x86.ActiveCfg = Release|Any CPU
		{55208D32-DD75-4C47-B692-89620A6A41F1}.SingleImage|Any CPU.ActiveCfg = Release|Any CPU
		{55208D32-DD75-4C47-B692-89620A6A41F1}.SingleImage|Any CPU.Build.0 = Release|Any CPU
		{55208D32-DD75-4C47-B692-89620A6A41F1}.SingleImage|Mixed Platforms.ActiveCfg = Release|Any CPU
		{55208D32-DD75-4C47-B692-89620A6A41F1}.SingleImage|Mixed Platforms.Build.0 = Release|Any CPU
		{55208D32-DD75-4C47-B692-89620A6A41F1}.SingleImage|x86.ActiveCfg = Release|Any CPU
		{8E505C7F-EF4B-43D1-9906-34823932AAED}.CD_ROM|Any CPU.ActiveCfg = Release|Any CPU
		{8E505C7F-EF4B-43D1-9906-34823932AAED}.CD_ROM|Any CPU.Build.0 = Release|Any CPU
		{8E505C7F-EF4B-43D1-9906-34823932AAED}.CD_ROM|Mixed Platforms.ActiveCfg = Release|Any CPU
		{8E505C7F-EF4B-43D1-9906-34823932AAED}.CD_ROM|Mixed Platforms.Build.0 = Release|Any CPU
		{8E505C7F-EF4B-43D1-9906-34823932AAED}.CD_ROM|x86.ActiveCfg = Release|Any CPU
		{8E505C7F-EF4B-43D1-9906-34823932AAED}.CD_ROM|x86.Build.0 = Release|Any CPU
		{8E505C7F-EF4B-43D1-9906-34823932AAED}.Debug|Any CPU.ActiveCfg = Debug|Any CPU
		{8E505C7F-EF4B-43D1-9906-34823932AAED}.Debug|Any CPU.Build.0 = Debug|Any CPU
		{8E505C7F-EF4B-43D1-9906-34823932AAED}.Debug|Mixed Platforms.ActiveCfg = Debug|Any CPU
		{8E505C7F-EF4B-43D1-9906-34823932AAED}.Debug|Mixed Platforms.Build.0 = Debug|Any CPU
		{8E505C7F-EF4B-43D1-9906-34823932AAED}.Debug|x86.ActiveCfg = Debug|Any CPU
		{8E505C7F-EF4B-43D1-9906-34823932AAED}.Debug|x86.Build.0 = Debug|Any CPU
		{8E505C7F-EF4B-43D1-9906-34823932AAED}.DVD-5|Any CPU.ActiveCfg = Debug|Any CPU
		{8E505C7F-EF4B-43D1-9906-34823932AAED}.DVD-5|Any CPU.Build.0 = Debug|Any CPU
		{8E505C7F-EF4B-43D1-9906-34823932AAED}.DVD-5|Mixed Platforms.ActiveCfg = Debug|Any CPU
		{8E505C7F-EF4B-43D1-9906-34823932AAED}.DVD-5|Mixed Platforms.Build.0 = Debug|Any CPU
		{8E505C7F-EF4B-43D1-9906-34823932AAED}.DVD-5|x86.ActiveCfg = Debug|Any CPU
		{8E505C7F-EF4B-43D1-9906-34823932AAED}.DVD-5|x86.Build.0 = Debug|Any CPU
		{8E505C7F-EF4B-43D1-9906-34823932AAED}.Release|Any CPU.ActiveCfg = Release|Any CPU
		{8E505C7F-EF4B-43D1-9906-34823932AAED}.Release|Any CPU.Build.0 = Release|Any CPU
		{8E505C7F-EF4B-43D1-9906-34823932AAED}.Release|Mixed Platforms.ActiveCfg = Release|Any CPU
		{8E505C7F-EF4B-43D1-9906-34823932AAED}.Release|Mixed Platforms.Build.0 = Release|Any CPU
		{8E505C7F-EF4B-43D1-9906-34823932AAED}.Release|x86.ActiveCfg = Release|Any CPU
		{8E505C7F-EF4B-43D1-9906-34823932AAED}.Release|x86.Build.0 = Release|Any CPU
		{8E505C7F-EF4B-43D1-9906-34823932AAED}.SingleImage|Any CPU.ActiveCfg = Release|Any CPU
		{8E505C7F-EF4B-43D1-9906-34823932AAED}.SingleImage|Any CPU.Build.0 = Release|Any CPU
		{8E505C7F-EF4B-43D1-9906-34823932AAED}.SingleImage|Mixed Platforms.ActiveCfg = Release|Any CPU
		{8E505C7F-EF4B-43D1-9906-34823932AAED}.SingleImage|Mixed Platforms.Build.0 = Release|Any CPU
		{8E505C7F-EF4B-43D1-9906-34823932AAED}.SingleImage|x86.ActiveCfg = Release|Any CPU
		{8E505C7F-EF4B-43D1-9906-34823932AAED}.SingleImage|x86.Build.0 = Release|Any CPU
		{CC9D9000-196A-432B-968C-85A239B1ABF9}.CD_ROM|Any CPU.ActiveCfg = Debug|Any CPU
		{CC9D9000-196A-432B-968C-85A239B1ABF9}.CD_ROM|Any CPU.Build.0 = Debug|Any CPU
		{CC9D9000-196A-432B-968C-85A239B1ABF9}.CD_ROM|Mixed Platforms.ActiveCfg = Debug|Any CPU
		{CC9D9000-196A-432B-968C-85A239B1ABF9}.CD_ROM|Mixed Platforms.Build.0 = Debug|Any CPU
		{CC9D9000-196A-432B-968C-85A239B1ABF9}.CD_ROM|x86.ActiveCfg = Debug|Any CPU
		{CC9D9000-196A-432B-968C-85A239B1ABF9}.CD_ROM|x86.Build.0 = Debug|Any CPU
		{CC9D9000-196A-432B-968C-85A239B1ABF9}.Debug|Any CPU.ActiveCfg = Debug|Any CPU
		{CC9D9000-196A-432B-968C-85A239B1ABF9}.Debug|Any CPU.Build.0 = Debug|Any CPU
		{CC9D9000-196A-432B-968C-85A239B1ABF9}.Debug|Mixed Platforms.ActiveCfg = Debug|Any CPU
		{CC9D9000-196A-432B-968C-85A239B1ABF9}.Debug|Mixed Platforms.Build.0 = Debug|Any CPU
		{CC9D9000-196A-432B-968C-85A239B1ABF9}.Debug|x86.ActiveCfg = Debug|Any CPU
		{CC9D9000-196A-432B-968C-85A239B1ABF9}.Debug|x86.Build.0 = Debug|Any CPU
		{CC9D9000-196A-432B-968C-85A239B1ABF9}.DVD-5|Any CPU.ActiveCfg = Debug|Any CPU
		{CC9D9000-196A-432B-968C-85A239B1ABF9}.DVD-5|Any CPU.Build.0 = Debug|Any CPU
		{CC9D9000-196A-432B-968C-85A239B1ABF9}.DVD-5|Mixed Platforms.ActiveCfg = Debug|Any CPU
		{CC9D9000-196A-432B-968C-85A239B1ABF9}.DVD-5|Mixed Platforms.Build.0 = Debug|Any CPU
		{CC9D9000-196A-432B-968C-85A239B1ABF9}.DVD-5|x86.ActiveCfg = Debug|Any CPU
		{CC9D9000-196A-432B-968C-85A239B1ABF9}.DVD-5|x86.Build.0 = Debug|Any CPU
		{CC9D9000-196A-432B-968C-85A239B1ABF9}.Release|Any CPU.ActiveCfg = Release|Any CPU
		{CC9D9000-196A-432B-968C-85A239B1ABF9}.Release|Any CPU.Build.0 = Release|Any CPU
		{CC9D9000-196A-432B-968C-85A239B1ABF9}.Release|Mixed Platforms.ActiveCfg = Release|Any CPU
		{CC9D9000-196A-432B-968C-85A239B1ABF9}.Release|Mixed Platforms.Build.0 = Release|Any CPU
		{CC9D9000-196A-432B-968C-85A239B1ABF9}.Release|x86.ActiveCfg = Release|Any CPU
		{CC9D9000-196A-432B-968C-85A239B1ABF9}.Release|x86.Build.0 = Release|Any CPU
		{CC9D9000-196A-432B-968C-85A239B1ABF9}.SingleImage|Any CPU.ActiveCfg = Debug|Any CPU
		{CC9D9000-196A-432B-968C-85A239B1ABF9}.SingleImage|Any CPU.Build.0 = Debug|Any CPU
		{CC9D9000-196A-432B-968C-85A239B1ABF9}.SingleImage|Mixed Platforms.ActiveCfg = Debug|Any CPU
		{CC9D9000-196A-432B-968C-85A239B1ABF9}.SingleImage|Mixed Platforms.Build.0 = Debug|Any CPU
		{CC9D9000-196A-432B-968C-85A239B1ABF9}.SingleImage|x86.ActiveCfg = Debug|Any CPU
		{CC9D9000-196A-432B-968C-85A239B1ABF9}.SingleImage|x86.Build.0 = Debug|Any CPU
		{85208B6B-6AD1-4B2E-8CC7-EEC6990085A7}.CD_ROM|Any CPU.ActiveCfg = Debug|Any CPU
		{85208B6B-6AD1-4B2E-8CC7-EEC6990085A7}.CD_ROM|Any CPU.Build.0 = Debug|Any CPU
		{85208B6B-6AD1-4B2E-8CC7-EEC6990085A7}.CD_ROM|Mixed Platforms.ActiveCfg = Debug|Any CPU
		{85208B6B-6AD1-4B2E-8CC7-EEC6990085A7}.CD_ROM|Mixed Platforms.Build.0 = Debug|Any CPU
		{85208B6B-6AD1-4B2E-8CC7-EEC6990085A7}.CD_ROM|x86.ActiveCfg = Debug|Any CPU
		{85208B6B-6AD1-4B2E-8CC7-EEC6990085A7}.CD_ROM|x86.Build.0 = Debug|Any CPU
		{85208B6B-6AD1-4B2E-8CC7-EEC6990085A7}.Debug|Any CPU.ActiveCfg = Debug|Any CPU
		{85208B6B-6AD1-4B2E-8CC7-EEC6990085A7}.Debug|Any CPU.Build.0 = Debug|Any CPU
		{85208B6B-6AD1-4B2E-8CC7-EEC6990085A7}.Debug|Mixed Platforms.ActiveCfg = Debug|Any CPU
		{85208B6B-6AD1-4B2E-8CC7-EEC6990085A7}.Debug|Mixed Platforms.Build.0 = Debug|Any CPU
		{85208B6B-6AD1-4B2E-8CC7-EEC6990085A7}.Debug|x86.ActiveCfg = Debug|Any CPU
		{85208B6B-6AD1-4B2E-8CC7-EEC6990085A7}.Debug|x86.Build.0 = Debug|Any CPU
		{85208B6B-6AD1-4B2E-8CC7-EEC6990085A7}.DVD-5|Any CPU.ActiveCfg = Debug|Any CPU
		{85208B6B-6AD1-4B2E-8CC7-EEC6990085A7}.DVD-5|Any CPU.Build.0 = Debug|Any CPU
		{85208B6B-6AD1-4B2E-8CC7-EEC6990085A7}.DVD-5|Mixed Platforms.ActiveCfg = Debug|Any CPU
		{85208B6B-6AD1-4B2E-8CC7-EEC6990085A7}.DVD-5|Mixed Platforms.Build.0 = Debug|Any CPU
		{85208B6B-6AD1-4B2E-8CC7-EEC6990085A7}.DVD-5|x86.ActiveCfg = Debug|Any CPU
		{85208B6B-6AD1-4B2E-8CC7-EEC6990085A7}.DVD-5|x86.Build.0 = Debug|Any CPU
		{85208B6B-6AD1-4B2E-8CC7-EEC6990085A7}.Release|Any CPU.ActiveCfg = Release|Any CPU
		{85208B6B-6AD1-4B2E-8CC7-EEC6990085A7}.Release|Any CPU.Build.0 = Release|Any CPU
		{85208B6B-6AD1-4B2E-8CC7-EEC6990085A7}.Release|Mixed Platforms.ActiveCfg = Release|Any CPU
		{85208B6B-6AD1-4B2E-8CC7-EEC6990085A7}.Release|Mixed Platforms.Build.0 = Release|Any CPU
		{85208B6B-6AD1-4B2E-8CC7-EEC6990085A7}.Release|x86.ActiveCfg = Release|Any CPU
		{85208B6B-6AD1-4B2E-8CC7-EEC6990085A7}.Release|x86.Build.0 = Release|Any CPU
		{85208B6B-6AD1-4B2E-8CC7-EEC6990085A7}.SingleImage|Any CPU.ActiveCfg = Debug|Any CPU
		{85208B6B-6AD1-4B2E-8CC7-EEC6990085A7}.SingleImage|Any CPU.Build.0 = Debug|Any CPU
		{85208B6B-6AD1-4B2E-8CC7-EEC6990085A7}.SingleImage|Mixed Platforms.ActiveCfg = Debug|Any CPU
		{85208B6B-6AD1-4B2E-8CC7-EEC6990085A7}.SingleImage|Mixed Platforms.Build.0 = Debug|Any CPU
		{85208B6B-6AD1-4B2E-8CC7-EEC6990085A7}.SingleImage|x86.ActiveCfg = Debug|Any CPU
		{85208B6B-6AD1-4B2E-8CC7-EEC6990085A7}.SingleImage|x86.Build.0 = Debug|Any CPU
		{1464AECE-AAF3-4910-A0DA-153420580A69}.CD_ROM|Any CPU.ActiveCfg = Debug|Any CPU
		{1464AECE-AAF3-4910-A0DA-153420580A69}.CD_ROM|Any CPU.Build.0 = Debug|Any CPU
		{1464AECE-AAF3-4910-A0DA-153420580A69}.CD_ROM|Mixed Platforms.ActiveCfg = Debug|Any CPU
		{1464AECE-AAF3-4910-A0DA-153420580A69}.CD_ROM|Mixed Platforms.Build.0 = Debug|Any CPU
		{1464AECE-AAF3-4910-A0DA-153420580A69}.CD_ROM|x86.ActiveCfg = Debug|Any CPU
		{1464AECE-AAF3-4910-A0DA-153420580A69}.CD_ROM|x86.Build.0 = Debug|Any CPU
		{1464AECE-AAF3-4910-A0DA-153420580A69}.Debug|Any CPU.ActiveCfg = Debug|Any CPU
		{1464AECE-AAF3-4910-A0DA-153420580A69}.Debug|Any CPU.Build.0 = Debug|Any CPU
		{1464AECE-AAF3-4910-A0DA-153420580A69}.Debug|Mixed Platforms.ActiveCfg = Debug|Any CPU
		{1464AECE-AAF3-4910-A0DA-153420580A69}.Debug|Mixed Platforms.Build.0 = Debug|Any CPU
		{1464AECE-AAF3-4910-A0DA-153420580A69}.Debug|x86.ActiveCfg = Debug|Any CPU
		{1464AECE-AAF3-4910-A0DA-153420580A69}.Debug|x86.Build.0 = Debug|Any CPU
		{1464AECE-AAF3-4910-A0DA-153420580A69}.DVD-5|Any CPU.ActiveCfg = Debug|Any CPU
		{1464AECE-AAF3-4910-A0DA-153420580A69}.DVD-5|Any CPU.Build.0 = Debug|Any CPU
		{1464AECE-AAF3-4910-A0DA-153420580A69}.DVD-5|Mixed Platforms.ActiveCfg = Debug|Any CPU
		{1464AECE-AAF3-4910-A0DA-153420580A69}.DVD-5|Mixed Platforms.Build.0 = Debug|Any CPU
		{1464AECE-AAF3-4910-A0DA-153420580A69}.DVD-5|x86.ActiveCfg = Debug|Any CPU
		{1464AECE-AAF3-4910-A0DA-153420580A69}.DVD-5|x86.Build.0 = Debug|Any CPU
		{1464AECE-AAF3-4910-A0DA-153420580A69}.Release|Any CPU.ActiveCfg = Release|Any CPU
		{1464AECE-AAF3-4910-A0DA-153420580A69}.Release|Any CPU.Build.0 = Release|Any CPU
		{1464AECE-AAF3-4910-A0DA-153420580A69}.Release|Mixed Platforms.ActiveCfg = Release|Any CPU
		{1464AECE-AAF3-4910-A0DA-153420580A69}.Release|Mixed Platforms.Build.0 = Release|Any CPU
		{1464AECE-AAF3-4910-A0DA-153420580A69}.Release|x86.ActiveCfg = Release|Any CPU
		{1464AECE-AAF3-4910-A0DA-153420580A69}.Release|x86.Build.0 = Release|Any CPU
		{1464AECE-AAF3-4910-A0DA-153420580A69}.SingleImage|Any CPU.ActiveCfg = Debug|Any CPU
		{1464AECE-AAF3-4910-A0DA-153420580A69}.SingleImage|Any CPU.Build.0 = Debug|Any CPU
		{1464AECE-AAF3-4910-A0DA-153420580A69}.SingleImage|Mixed Platforms.ActiveCfg = Debug|Any CPU
		{1464AECE-AAF3-4910-A0DA-153420580A69}.SingleImage|Mixed Platforms.Build.0 = Debug|Any CPU
		{1464AECE-AAF3-4910-A0DA-153420580A69}.SingleImage|x86.ActiveCfg = Debug|Any CPU
		{1464AECE-AAF3-4910-A0DA-153420580A69}.SingleImage|x86.Build.0 = Debug|Any CPU
		{F32AEFE0-37BF-43B4-8A6D-AFF09E082C8F}.CD_ROM|Any CPU.ActiveCfg = Release|Any CPU
		{F32AEFE0-37BF-43B4-8A6D-AFF09E082C8F}.CD_ROM|Any CPU.Build.0 = Release|Any CPU
		{F32AEFE0-37BF-43B4-8A6D-AFF09E082C8F}.CD_ROM|Mixed Platforms.ActiveCfg = Release|Any CPU
		{F32AEFE0-37BF-43B4-8A6D-AFF09E082C8F}.CD_ROM|Mixed Platforms.Build.0 = Release|Any CPU
		{F32AEFE0-37BF-43B4-8A6D-AFF09E082C8F}.CD_ROM|x86.ActiveCfg = Release|Any CPU
		{F32AEFE0-37BF-43B4-8A6D-AFF09E082C8F}.CD_ROM|x86.Build.0 = Release|Any CPU
		{F32AEFE0-37BF-43B4-8A6D-AFF09E082C8F}.Debug|Any CPU.ActiveCfg = Debug|Any CPU
		{F32AEFE0-37BF-43B4-8A6D-AFF09E082C8F}.Debug|Any CPU.Build.0 = Debug|Any CPU
		{F32AEFE0-37BF-43B4-8A6D-AFF09E082C8F}.Debug|Mixed Platforms.ActiveCfg = Debug|Any CPU
		{F32AEFE0-37BF-43B4-8A6D-AFF09E082C8F}.Debug|Mixed Platforms.Build.0 = Debug|Any CPU
		{F32AEFE0-37BF-43B4-8A6D-AFF09E082C8F}.Debug|x86.ActiveCfg = Debug|Any CPU
		{F32AEFE0-37BF-43B4-8A6D-AFF09E082C8F}.Debug|x86.Build.0 = Debug|Any CPU
		{F32AEFE0-37BF-43B4-8A6D-AFF09E082C8F}.DVD-5|Any CPU.ActiveCfg = Debug|Any CPU
		{F32AEFE0-37BF-43B4-8A6D-AFF09E082C8F}.DVD-5|Any CPU.Build.0 = Debug|Any CPU
		{F32AEFE0-37BF-43B4-8A6D-AFF09E082C8F}.DVD-5|Mixed Platforms.ActiveCfg = Debug|Any CPU
		{F32AEFE0-37BF-43B4-8A6D-AFF09E082C8F}.DVD-5|Mixed Platforms.Build.0 = Debug|Any CPU
		{F32AEFE0-37BF-43B4-8A6D-AFF09E082C8F}.DVD-5|x86.ActiveCfg = Debug|Any CPU
		{F32AEFE0-37BF-43B4-8A6D-AFF09E082C8F}.DVD-5|x86.Build.0 = Debug|Any CPU
		{F32AEFE0-37BF-43B4-8A6D-AFF09E082C8F}.Release|Any CPU.ActiveCfg = Release|Any CPU
		{F32AEFE0-37BF-43B4-8A6D-AFF09E082C8F}.Release|Any CPU.Build.0 = Release|Any CPU
		{F32AEFE0-37BF-43B4-8A6D-AFF09E082C8F}.Release|Mixed Platforms.ActiveCfg = Release|Any CPU
		{F32AEFE0-37BF-43B4-8A6D-AFF09E082C8F}.Release|Mixed Platforms.Build.0 = Release|Any CPU
		{F32AEFE0-37BF-43B4-8A6D-AFF09E082C8F}.Release|x86.ActiveCfg = Release|Any CPU
		{F32AEFE0-37BF-43B4-8A6D-AFF09E082C8F}.Release|x86.Build.0 = Release|Any CPU
		{F32AEFE0-37BF-43B4-8A6D-AFF09E082C8F}.SingleImage|Any CPU.ActiveCfg = Release|Any CPU
		{F32AEFE0-37BF-43B4-8A6D-AFF09E082C8F}.SingleImage|Any CPU.Build.0 = Release|Any CPU
		{F32AEFE0-37BF-43B4-8A6D-AFF09E082C8F}.SingleImage|Mixed Platforms.ActiveCfg = Release|Any CPU
		{F32AEFE0-37BF-43B4-8A6D-AFF09E082C8F}.SingleImage|Mixed Platforms.Build.0 = Release|Any CPU
		{F32AEFE0-37BF-43B4-8A6D-AFF09E082C8F}.SingleImage|x86.ActiveCfg = Release|Any CPU
		{F32AEFE0-37BF-43B4-8A6D-AFF09E082C8F}.SingleImage|x86.Build.0 = Release|Any CPU
		{7144FD3F-2400-40BF-BC67-1864057E371E}.CD_ROM|Any CPU.ActiveCfg = Release|Any CPU
		{7144FD3F-2400-40BF-BC67-1864057E371E}.CD_ROM|Any CPU.Build.0 = Release|Any CPU
		{7144FD3F-2400-40BF-BC67-1864057E371E}.CD_ROM|Mixed Platforms.ActiveCfg = Release|Any CPU
		{7144FD3F-2400-40BF-BC67-1864057E371E}.CD_ROM|Mixed Platforms.Build.0 = Release|Any CPU
		{7144FD3F-2400-40BF-BC67-1864057E371E}.CD_ROM|x86.ActiveCfg = Release|Any CPU
		{7144FD3F-2400-40BF-BC67-1864057E371E}.CD_ROM|x86.Build.0 = Release|Any CPU
		{7144FD3F-2400-40BF-BC67-1864057E371E}.Debug|Any CPU.ActiveCfg = Debug|Any CPU
		{7144FD3F-2400-40BF-BC67-1864057E371E}.Debug|Any CPU.Build.0 = Debug|Any CPU
		{7144FD3F-2400-40BF-BC67-1864057E371E}.Debug|Mixed Platforms.ActiveCfg = Debug|Any CPU
		{7144FD3F-2400-40BF-BC67-1864057E371E}.Debug|Mixed Platforms.Build.0 = Debug|Any CPU
		{7144FD3F-2400-40BF-BC67-1864057E371E}.Debug|x86.ActiveCfg = Debug|Any CPU
		{7144FD3F-2400-40BF-BC67-1864057E371E}.Debug|x86.Build.0 = Debug|Any CPU
		{7144FD3F-2400-40BF-BC67-1864057E371E}.DVD-5|Any CPU.ActiveCfg = Debug|Any CPU
		{7144FD3F-2400-40BF-BC67-1864057E371E}.DVD-5|Any CPU.Build.0 = Debug|Any CPU
		{7144FD3F-2400-40BF-BC67-1864057E371E}.DVD-5|Mixed Platforms.ActiveCfg = Debug|Any CPU
		{7144FD3F-2400-40BF-BC67-1864057E371E}.DVD-5|Mixed Platforms.Build.0 = Debug|Any CPU
		{7144FD3F-2400-40BF-BC67-1864057E371E}.DVD-5|x86.ActiveCfg = Debug|Any CPU
		{7144FD3F-2400-40BF-BC67-1864057E371E}.DVD-5|x86.Build.0 = Debug|Any CPU
		{7144FD3F-2400-40BF-BC67-1864057E371E}.Release|Any CPU.ActiveCfg = Release|Any CPU
		{7144FD3F-2400-40BF-BC67-1864057E371E}.Release|Any CPU.Build.0 = Release|Any CPU
		{7144FD3F-2400-40BF-BC67-1864057E371E}.Release|Mixed Platforms.ActiveCfg = Release|Any CPU
		{7144FD3F-2400-40BF-BC67-1864057E371E}.Release|Mixed Platforms.Build.0 = Release|Any CPU
		{7144FD3F-2400-40BF-BC67-1864057E371E}.Release|x86.ActiveCfg = Release|Any CPU
		{7144FD3F-2400-40BF-BC67-1864057E371E}.Release|x86.Build.0 = Release|Any CPU
		{7144FD3F-2400-40BF-BC67-1864057E371E}.SingleImage|Any CPU.ActiveCfg = Release|Any CPU
		{7144FD3F-2400-40BF-BC67-1864057E371E}.SingleImage|Any CPU.Build.0 = Release|Any CPU
		{7144FD3F-2400-40BF-BC67-1864057E371E}.SingleImage|Mixed Platforms.ActiveCfg = Release|Any CPU
		{7144FD3F-2400-40BF-BC67-1864057E371E}.SingleImage|Mixed Platforms.Build.0 = Release|Any CPU
		{7144FD3F-2400-40BF-BC67-1864057E371E}.SingleImage|x86.ActiveCfg = Release|Any CPU
		{7144FD3F-2400-40BF-BC67-1864057E371E}.SingleImage|x86.Build.0 = Release|Any CPU
		{222EEBD9-3507-4822-A589-77A2500A38B7}.CD_ROM|Any CPU.ActiveCfg = Release|Any CPU
		{222EEBD9-3507-4822-A589-77A2500A38B7}.CD_ROM|Any CPU.Build.0 = Release|Any CPU
		{222EEBD9-3507-4822-A589-77A2500A38B7}.CD_ROM|Mixed Platforms.ActiveCfg = Release|Any CPU
		{222EEBD9-3507-4822-A589-77A2500A38B7}.CD_ROM|Mixed Platforms.Build.0 = Release|Any CPU
		{222EEBD9-3507-4822-A589-77A2500A38B7}.CD_ROM|x86.ActiveCfg = Release|Any CPU
		{222EEBD9-3507-4822-A589-77A2500A38B7}.CD_ROM|x86.Build.0 = Release|Any CPU
		{222EEBD9-3507-4822-A589-77A2500A38B7}.Debug|Any CPU.ActiveCfg = Debug|Any CPU
		{222EEBD9-3507-4822-A589-77A2500A38B7}.Debug|Any CPU.Build.0 = Debug|Any CPU
		{222EEBD9-3507-4822-A589-77A2500A38B7}.Debug|Mixed Platforms.ActiveCfg = Debug|Any CPU
		{222EEBD9-3507-4822-A589-77A2500A38B7}.Debug|Mixed Platforms.Build.0 = Debug|Any CPU
		{222EEBD9-3507-4822-A589-77A2500A38B7}.Debug|x86.ActiveCfg = Debug|Any CPU
		{222EEBD9-3507-4822-A589-77A2500A38B7}.Debug|x86.Build.0 = Debug|Any CPU
		{222EEBD9-3507-4822-A589-77A2500A38B7}.DVD-5|Any CPU.ActiveCfg = Debug|Any CPU
		{222EEBD9-3507-4822-A589-77A2500A38B7}.DVD-5|Any CPU.Build.0 = Debug|Any CPU
		{222EEBD9-3507-4822-A589-77A2500A38B7}.DVD-5|Mixed Platforms.ActiveCfg = Debug|Any CPU
		{222EEBD9-3507-4822-A589-77A2500A38B7}.DVD-5|Mixed Platforms.Build.0 = Debug|Any CPU
		{222EEBD9-3507-4822-A589-77A2500A38B7}.DVD-5|x86.ActiveCfg = Debug|Any CPU
		{222EEBD9-3507-4822-A589-77A2500A38B7}.DVD-5|x86.Build.0 = Debug|Any CPU
		{222EEBD9-3507-4822-A589-77A2500A38B7}.Release|Any CPU.ActiveCfg = Release|Any CPU
		{222EEBD9-3507-4822-A589-77A2500A38B7}.Release|Any CPU.Build.0 = Release|Any CPU
		{222EEBD9-3507-4822-A589-77A2500A38B7}.Release|Mixed Platforms.ActiveCfg = Release|Any CPU
		{222EEBD9-3507-4822-A589-77A2500A38B7}.Release|Mixed Platforms.Build.0 = Release|Any CPU
		{222EEBD9-3507-4822-A589-77A2500A38B7}.Release|x86.ActiveCfg = Release|Any CPU
		{222EEBD9-3507-4822-A589-77A2500A38B7}.Release|x86.Build.0 = Release|Any CPU
		{222EEBD9-3507-4822-A589-77A2500A38B7}.SingleImage|Any CPU.ActiveCfg = Release|Any CPU
		{222EEBD9-3507-4822-A589-77A2500A38B7}.SingleImage|Any CPU.Build.0 = Release|Any CPU
		{222EEBD9-3507-4822-A589-77A2500A38B7}.SingleImage|Mixed Platforms.ActiveCfg = Release|Any CPU
		{222EEBD9-3507-4822-A589-77A2500A38B7}.SingleImage|Mixed Platforms.Build.0 = Release|Any CPU
		{222EEBD9-3507-4822-A589-77A2500A38B7}.SingleImage|x86.ActiveCfg = Release|Any CPU
		{222EEBD9-3507-4822-A589-77A2500A38B7}.SingleImage|x86.Build.0 = Release|Any CPU
		{3C8E64C1-BF7D-4B46-BCD1-2D67BDEB0B0D}.CD_ROM|Any CPU.ActiveCfg = Release|Any CPU
		{3C8E64C1-BF7D-4B46-BCD1-2D67BDEB0B0D}.CD_ROM|Any CPU.Build.0 = Release|Any CPU
		{3C8E64C1-BF7D-4B46-BCD1-2D67BDEB0B0D}.CD_ROM|Mixed Platforms.ActiveCfg = Release|Any CPU
		{3C8E64C1-BF7D-4B46-BCD1-2D67BDEB0B0D}.CD_ROM|Mixed Platforms.Build.0 = Release|Any CPU
		{3C8E64C1-BF7D-4B46-BCD1-2D67BDEB0B0D}.CD_ROM|x86.ActiveCfg = Release|Any CPU
		{3C8E64C1-BF7D-4B46-BCD1-2D67BDEB0B0D}.CD_ROM|x86.Build.0 = Release|Any CPU
		{3C8E64C1-BF7D-4B46-BCD1-2D67BDEB0B0D}.Debug|Any CPU.ActiveCfg = Debug|Any CPU
		{3C8E64C1-BF7D-4B46-BCD1-2D67BDEB0B0D}.Debug|Any CPU.Build.0 = Debug|Any CPU
		{3C8E64C1-BF7D-4B46-BCD1-2D67BDEB0B0D}.Debug|Mixed Platforms.ActiveCfg = Debug|Any CPU
		{3C8E64C1-BF7D-4B46-BCD1-2D67BDEB0B0D}.Debug|Mixed Platforms.Build.0 = Debug|Any CPU
		{3C8E64C1-BF7D-4B46-BCD1-2D67BDEB0B0D}.Debug|x86.ActiveCfg = Debug|Any CPU
		{3C8E64C1-BF7D-4B46-BCD1-2D67BDEB0B0D}.Debug|x86.Build.0 = Debug|Any CPU
		{3C8E64C1-BF7D-4B46-BCD1-2D67BDEB0B0D}.DVD-5|Any CPU.ActiveCfg = Debug|Any CPU
		{3C8E64C1-BF7D-4B46-BCD1-2D67BDEB0B0D}.DVD-5|Any CPU.Build.0 = Debug|Any CPU
		{3C8E64C1-BF7D-4B46-BCD1-2D67BDEB0B0D}.DVD-5|Mixed Platforms.ActiveCfg = Debug|Any CPU
		{3C8E64C1-BF7D-4B46-BCD1-2D67BDEB0B0D}.DVD-5|Mixed Platforms.Build.0 = Debug|Any CPU
		{3C8E64C1-BF7D-4B46-BCD1-2D67BDEB0B0D}.DVD-5|x86.ActiveCfg = Debug|Any CPU
		{3C8E64C1-BF7D-4B46-BCD1-2D67BDEB0B0D}.DVD-5|x86.Build.0 = Debug|Any CPU
		{3C8E64C1-BF7D-4B46-BCD1-2D67BDEB0B0D}.Release|Any CPU.ActiveCfg = Release|Any CPU
		{3C8E64C1-BF7D-4B46-BCD1-2D67BDEB0B0D}.Release|Any CPU.Build.0 = Release|Any CPU
		{3C8E64C1-BF7D-4B46-BCD1-2D67BDEB0B0D}.Release|Mixed Platforms.ActiveCfg = Release|Any CPU
		{3C8E64C1-BF7D-4B46-BCD1-2D67BDEB0B0D}.Release|Mixed Platforms.Build.0 = Release|Any CPU
		{3C8E64C1-BF7D-4B46-BCD1-2D67BDEB0B0D}.Release|x86.ActiveCfg = Release|Any CPU
		{3C8E64C1-BF7D-4B46-BCD1-2D67BDEB0B0D}.Release|x86.Build.0 = Release|Any CPU
		{3C8E64C1-BF7D-4B46-BCD1-2D67BDEB0B0D}.SingleImage|Any CPU.ActiveCfg = Release|Any CPU
		{3C8E64C1-BF7D-4B46-BCD1-2D67BDEB0B0D}.SingleImage|Any CPU.Build.0 = Release|Any CPU
		{3C8E64C1-BF7D-4B46-BCD1-2D67BDEB0B0D}.SingleImage|Mixed Platforms.ActiveCfg = Release|Any CPU
		{3C8E64C1-BF7D-4B46-BCD1-2D67BDEB0B0D}.SingleImage|Mixed Platforms.Build.0 = Release|Any CPU
		{3C8E64C1-BF7D-4B46-BCD1-2D67BDEB0B0D}.SingleImage|x86.ActiveCfg = Release|Any CPU
		{3C8E64C1-BF7D-4B46-BCD1-2D67BDEB0B0D}.SingleImage|x86.Build.0 = Release|Any CPU
		{D6F086D9-F99F-4AB0-B396-1880F753C6CB}.CD_ROM|Any CPU.ActiveCfg = Release|Any CPU
		{D6F086D9-F99F-4AB0-B396-1880F753C6CB}.CD_ROM|Any CPU.Build.0 = Release|Any CPU
		{D6F086D9-F99F-4AB0-B396-1880F753C6CB}.CD_ROM|Mixed Platforms.ActiveCfg = Release|Any CPU
		{D6F086D9-F99F-4AB0-B396-1880F753C6CB}.CD_ROM|Mixed Platforms.Build.0 = Release|Any CPU
		{D6F086D9-F99F-4AB0-B396-1880F753C6CB}.CD_ROM|x86.ActiveCfg = Release|Any CPU
		{D6F086D9-F99F-4AB0-B396-1880F753C6CB}.CD_ROM|x86.Build.0 = Release|Any CPU
		{D6F086D9-F99F-4AB0-B396-1880F753C6CB}.Debug|Any CPU.ActiveCfg = Debug|Any CPU
		{D6F086D9-F99F-4AB0-B396-1880F753C6CB}.Debug|Any CPU.Build.0 = Debug|Any CPU
		{D6F086D9-F99F-4AB0-B396-1880F753C6CB}.Debug|Mixed Platforms.ActiveCfg = Debug|Any CPU
		{D6F086D9-F99F-4AB0-B396-1880F753C6CB}.Debug|Mixed Platforms.Build.0 = Debug|Any CPU
		{D6F086D9-F99F-4AB0-B396-1880F753C6CB}.Debug|x86.ActiveCfg = Debug|Any CPU
		{D6F086D9-F99F-4AB0-B396-1880F753C6CB}.Debug|x86.Build.0 = Debug|Any CPU
		{D6F086D9-F99F-4AB0-B396-1880F753C6CB}.DVD-5|Any CPU.ActiveCfg = Debug|Any CPU
		{D6F086D9-F99F-4AB0-B396-1880F753C6CB}.DVD-5|Any CPU.Build.0 = Debug|Any CPU
		{D6F086D9-F99F-4AB0-B396-1880F753C6CB}.DVD-5|Mixed Platforms.ActiveCfg = Debug|Any CPU
		{D6F086D9-F99F-4AB0-B396-1880F753C6CB}.DVD-5|Mixed Platforms.Build.0 = Debug|Any CPU
		{D6F086D9-F99F-4AB0-B396-1880F753C6CB}.DVD-5|x86.ActiveCfg = Debug|Any CPU
		{D6F086D9-F99F-4AB0-B396-1880F753C6CB}.DVD-5|x86.Build.0 = Debug|Any CPU
		{D6F086D9-F99F-4AB0-B396-1880F753C6CB}.Release|Any CPU.ActiveCfg = Release|Any CPU
		{D6F086D9-F99F-4AB0-B396-1880F753C6CB}.Release|Any CPU.Build.0 = Release|Any CPU
		{D6F086D9-F99F-4AB0-B396-1880F753C6CB}.Release|Mixed Platforms.ActiveCfg = Release|Any CPU
		{D6F086D9-F99F-4AB0-B396-1880F753C6CB}.Release|Mixed Platforms.Build.0 = Release|Any CPU
		{D6F086D9-F99F-4AB0-B396-1880F753C6CB}.Release|x86.ActiveCfg = Release|Any CPU
		{D6F086D9-F99F-4AB0-B396-1880F753C6CB}.Release|x86.Build.0 = Release|Any CPU
		{D6F086D9-F99F-4AB0-B396-1880F753C6CB}.SingleImage|Any CPU.ActiveCfg = Release|Any CPU
		{D6F086D9-F99F-4AB0-B396-1880F753C6CB}.SingleImage|Any CPU.Build.0 = Release|Any CPU
		{D6F086D9-F99F-4AB0-B396-1880F753C6CB}.SingleImage|Mixed Platforms.ActiveCfg = Release|Any CPU
		{D6F086D9-F99F-4AB0-B396-1880F753C6CB}.SingleImage|Mixed Platforms.Build.0 = Release|Any CPU
		{D6F086D9-F99F-4AB0-B396-1880F753C6CB}.SingleImage|x86.ActiveCfg = Release|Any CPU
		{D6F086D9-F99F-4AB0-B396-1880F753C6CB}.SingleImage|x86.Build.0 = Release|Any CPU
		{420E23A8-9832-4E2B-A6CE-082F5DDBB547}.CD_ROM|Any CPU.ActiveCfg = Release|Any CPU
		{420E23A8-9832-4E2B-A6CE-082F5DDBB547}.CD_ROM|Any CPU.Build.0 = Release|Any CPU
		{420E23A8-9832-4E2B-A6CE-082F5DDBB547}.CD_ROM|Mixed Platforms.ActiveCfg = Release|Any CPU
		{420E23A8-9832-4E2B-A6CE-082F5DDBB547}.CD_ROM|Mixed Platforms.Build.0 = Release|Any CPU
		{420E23A8-9832-4E2B-A6CE-082F5DDBB547}.CD_ROM|x86.ActiveCfg = Release|Any CPU
		{420E23A8-9832-4E2B-A6CE-082F5DDBB547}.CD_ROM|x86.Build.0 = Release|Any CPU
		{420E23A8-9832-4E2B-A6CE-082F5DDBB547}.Debug|Any CPU.ActiveCfg = Debug|Any CPU
		{420E23A8-9832-4E2B-A6CE-082F5DDBB547}.Debug|Any CPU.Build.0 = Debug|Any CPU
		{420E23A8-9832-4E2B-A6CE-082F5DDBB547}.Debug|Mixed Platforms.ActiveCfg = Debug|Any CPU
		{420E23A8-9832-4E2B-A6CE-082F5DDBB547}.Debug|Mixed Platforms.Build.0 = Debug|Any CPU
		{420E23A8-9832-4E2B-A6CE-082F5DDBB547}.Debug|x86.ActiveCfg = Debug|Any CPU
		{420E23A8-9832-4E2B-A6CE-082F5DDBB547}.Debug|x86.Build.0 = Debug|Any CPU
		{420E23A8-9832-4E2B-A6CE-082F5DDBB547}.DVD-5|Any CPU.ActiveCfg = Debug|Any CPU
		{420E23A8-9832-4E2B-A6CE-082F5DDBB547}.DVD-5|Any CPU.Build.0 = Debug|Any CPU
		{420E23A8-9832-4E2B-A6CE-082F5DDBB547}.DVD-5|Mixed Platforms.ActiveCfg = Debug|Any CPU
		{420E23A8-9832-4E2B-A6CE-082F5DDBB547}.DVD-5|Mixed Platforms.Build.0 = Debug|Any CPU
		{420E23A8-9832-4E2B-A6CE-082F5DDBB547}.DVD-5|x86.ActiveCfg = Debug|Any CPU
		{420E23A8-9832-4E2B-A6CE-082F5DDBB547}.DVD-5|x86.Build.0 = Debug|Any CPU
		{420E23A8-9832-4E2B-A6CE-082F5DDBB547}.Release|Any CPU.ActiveCfg = Release|Any CPU
		{420E23A8-9832-4E2B-A6CE-082F5DDBB547}.Release|Any CPU.Build.0 = Release|Any CPU
		{420E23A8-9832-4E2B-A6CE-082F5DDBB547}.Release|Mixed Platforms.ActiveCfg = Release|Any CPU
		{420E23A8-9832-4E2B-A6CE-082F5DDBB547}.Release|Mixed Platforms.Build.0 = Release|Any CPU
		{420E23A8-9832-4E2B-A6CE-082F5DDBB547}.Release|x86.ActiveCfg = Release|Any CPU
		{420E23A8-9832-4E2B-A6CE-082F5DDBB547}.Release|x86.Build.0 = Release|Any CPU
		{420E23A8-9832-4E2B-A6CE-082F5DDBB547}.SingleImage|Any CPU.ActiveCfg = Release|Any CPU
		{420E23A8-9832-4E2B-A6CE-082F5DDBB547}.SingleImage|Any CPU.Build.0 = Release|Any CPU
		{420E23A8-9832-4E2B-A6CE-082F5DDBB547}.SingleImage|Mixed Platforms.ActiveCfg = Release|Any CPU
		{420E23A8-9832-4E2B-A6CE-082F5DDBB547}.SingleImage|Mixed Platforms.Build.0 = Release|Any CPU
		{420E23A8-9832-4E2B-A6CE-082F5DDBB547}.SingleImage|x86.ActiveCfg = Release|Any CPU
		{420E23A8-9832-4E2B-A6CE-082F5DDBB547}.SingleImage|x86.Build.0 = Release|Any CPU
	EndGlobalSection
	GlobalSection(SolutionProperties) = preSolution
		HideSolutionNode = FALSE
	EndGlobalSection
	GlobalSection(NestedProjects) = preSolution
		{3E0F1FBF-60D1-40B2-B649-933142C27CB7} = {F7B23167-AD4A-4FF4-ABDE-ACB6E2746F4E}
		{9ED04567-B2D0-4040-88A6-1AD752A3D83F} = {7CEA4962-8C5A-4AA1-983B-B80ADE0E1231}
		{0CAEE4F2-421B-4FA3-9A13-1402EA6FCDA8} = {7CEA4962-8C5A-4AA1-983B-B80ADE0E1231}
		{BC85A7BD-262D-43E0-8D9D-EE76C602BFAF} = {81F68805-46D9-4911-BBA9-3F908CC606EF}
		{F1AC4D4D-0633-4343-A657-DA275D33466D} = {7CEA4962-8C5A-4AA1-983B-B80ADE0E1231}
		{B4B7F91C-9412-4D6B-93E2-F3B7C4BD9B90} = {7CEA4962-8C5A-4AA1-983B-B80ADE0E1231}
		{A29AAA7A-E472-4661-A503-EB00FD43D2C3} = {F7B23167-AD4A-4FF4-ABDE-ACB6E2746F4E}
		{C2010FF2-7020-4BE7-8CB8-D43C7F9C4363} = {7CEA4962-8C5A-4AA1-983B-B80ADE0E1231}
		{35DC2A36-5E24-4E09-8967-838C6EDCA465} = {7CEA4962-8C5A-4AA1-983B-B80ADE0E1231}
		{091BCB44-6764-41CA-A255-C6DA6157092B} = {81F68805-46D9-4911-BBA9-3F908CC606EF}
		{872878FA-A84A-4CD3-856A-4EE9018819C5} = {F7B23167-AD4A-4FF4-ABDE-ACB6E2746F4E}
		{F5E270CF-6B83-4879-9B04-773B87F80B0E} = {F7B23167-AD4A-4FF4-ABDE-ACB6E2746F4E}
		{4F5EDC5B-31FA-4904-BD11-2CF1790AE234} = {F7B23167-AD4A-4FF4-ABDE-ACB6E2746F4E}
		{9BA4DF6C-B4DA-40D4-8A33-795F0BED2622} = {F7B23167-AD4A-4FF4-ABDE-ACB6E2746F4E}
		{9A210D03-F7A2-4CF6-B311-742A2A1949D4} = {F7B23167-AD4A-4FF4-ABDE-ACB6E2746F4E}
		{BFBD0E92-DABF-4179-9586-C344B9315529} = {F7B23167-AD4A-4FF4-ABDE-ACB6E2746F4E}
		{927A65BD-1F90-42DD-81D9-E9F3E0637C07} = {BF3B9217-EC8F-41EF-ABFE-79DBD13CB37C}
		{D79B5CEC-09DE-4337-873F-0C65B58D86D3} = {F7B23167-AD4A-4FF4-ABDE-ACB6E2746F4E}
		{20D10149-03BF-4C32-ABE4-D278A46CAD7F} = {F7B23167-AD4A-4FF4-ABDE-ACB6E2746F4E}
		{DD6289C1-67B6-4E08-A261-40BF46ACBC93} = {B3E23D7B-5670-4C30-85BF-0094713146B2}
		{430EEA01-F9ED-46E6-A23B-D33AD6634AA7} = {BF3B9217-EC8F-41EF-ABFE-79DBD13CB37C}
		{55208D32-DD75-4C47-B692-89620A6A41F1} = {B3E23D7B-5670-4C30-85BF-0094713146B2}
		{8E505C7F-EF4B-43D1-9906-34823932AAED} = {BF3B9217-EC8F-41EF-ABFE-79DBD13CB37C}
		{CC9D9000-196A-432B-968C-85A239B1ABF9} = {BF3B9217-EC8F-41EF-ABFE-79DBD13CB37C}
		{85208B6B-6AD1-4B2E-8CC7-EEC6990085A7} = {5E236067-82C7-4A3C-99D7-F64C95268EDB}
		{1464AECE-AAF3-4910-A0DA-153420580A69} = {5E236067-82C7-4A3C-99D7-F64C95268EDB}
		{F32AEFE0-37BF-43B4-8A6D-AFF09E082C8F} = {AEE91C15-BC24-464C-9C73-7EBBE61B6044}
		{7144FD3F-2400-40BF-BC67-1864057E371E} = {5E236067-82C7-4A3C-99D7-F64C95268EDB}
		{222EEBD9-3507-4822-A589-77A2500A38B7} = {AEE91C15-BC24-464C-9C73-7EBBE61B6044}
		{3C8E64C1-BF7D-4B46-BCD1-2D67BDEB0B0D} = {BF3B9217-EC8F-41EF-ABFE-79DBD13CB37C}
		{D6F086D9-F99F-4AB0-B396-1880F753C6CB} = {AEE91C15-BC24-464C-9C73-7EBBE61B6044}
		{420E23A8-9832-4E2B-A6CE-082F5DDBB547} = {AEE91C15-BC24-464C-9C73-7EBBE61B6044}
	EndGlobalSection
	GlobalSection(ExtensibilityGlobals) = postSolution
		SolutionGuid = {6A41ACFB-B3D1-4E6A-941F-516155ACC34A}
		EnterpriseLibraryConfigurationToolBinariesPathV6 = packages\EnterpriseLibrary.TransientFaultHandling.6.0.1304.0\lib\portable-net45+win+wp8;packages\EnterpriseLibrary.TransientFaultHandling.Data.6.0.1304.1\lib\NET45
		EnterpriseLibraryConfigurationToolBinariesPath = packages\Unity.2.1.505.0\lib\NET35;packages\Unity.2.1.505.2\lib\NET35;packages\TransientFaultHandling.Core.5.1.1209.1\lib\NET4
	EndGlobalSection
	GlobalSection(SubversionScc) = preSolution
		Svn-Managed = True
		Manager = AnkhSVN - Subversion Support for Visual Studio
	EndGlobalSection
	GlobalSection(TestCaseManagementSettings) = postSolution
		CategoryFile = Zbang.Zbox1.vsmdi
	EndGlobalSection
EndGlobal
