
Microsoft Visual Studio Solution File, Format Version 12.00
# Visual Studio 2013
VisualStudioVersion = 12.0.31101.0
MinimumVisualStudioVersion = 10.0.40219.1
Project("{2150E333-8FDC-42A3-9474-1A3956D46DE8}") = "UnitTests", "UnitTests", "{5DE8FAF5-ED0F-4681-9C50-159B781380D4}"
EndProject
Project("{2150E333-8FDC-42A3-9474-1A3956D46DE8}") = "Domain", "Domain", "{7CEA4962-8C5A-4AA1-983B-B80ADE0E1231}"
EndProject
Project("{2150E333-8FDC-42A3-9474-1A3956D46DE8}") = "Infrastructure", "Infrastructure", "{F7B23167-AD4A-4FF4-ABDE-ACB6E2746F4E}"
EndProject
Project("{2150E333-8FDC-42A3-9474-1A3956D46DE8}") = "Application", "Application", "{BF3B9217-EC8F-41EF-ABFE-79DBD13CB37C}"
EndProject
Project("{2150E333-8FDC-42A3-9474-1A3956D46DE8}") = "Cloud", "Cloud", "{B3E23D7B-5670-4C30-85BF-0094713146B2}"
EndProject
Project("{2150E333-8FDC-42A3-9474-1A3956D46DE8}") = "ReadModel", "ReadModel", "{81F68805-46D9-4911-BBA9-3F908CC606EF}"
EndProject
Project("{2150E333-8FDC-42A3-9474-1A3956D46DE8}") = "Solution Items", "Solution Items", "{3B441360-4843-4989-816A-449E227137CE}"
	ProjectSection(SolutionItems) = preProject
		Local.testsettings = Local.testsettings
		TraceAndTestImpact.testsettings = TraceAndTestImpact.testsettings
		Zbang.Zbox1.vsmdi = Zbang.Zbox1.vsmdi
	EndProjectSection
EndProject
Project("{FAE04EC0-301F-11D3-BF4B-00C04F79EFBC}") = "Zbang.Zbox.Infrastructure", "Zbang.Zbox.Infrastructure\Zbang.Zbox.Infrastructure.csproj", "{3E0F1FBF-60D1-40B2-B649-933142C27CB7}"
EndProject
Project("{FAE04EC0-301F-11D3-BF4B-00C04F79EFBC}") = "Zbang.Zbox.Domain.CommandHandlers", "Zbang.Zbox.Domain.CommandHandlers\Zbang.Zbox.Domain.CommandHandlers.csproj", "{9ED04567-B2D0-4040-88A6-1AD752A3D83F}"
EndProject
Project("{FAE04EC0-301F-11D3-BF4B-00C04F79EFBC}") = "Zbang.Zbox.Domain.Commands", "Zbang.Zbox.Domain.Commands\Zbang.Zbox.Domain.Commands.csproj", "{0CAEE4F2-421B-4FA3-9A13-1402EA6FCDA8}"
EndProject
Project("{FAE04EC0-301F-11D3-BF4B-00C04F79EFBC}") = "Zbang.Zbox.ViewModel", "Zbang.Zbox.ViewModel\Zbang.Zbox.ViewModel.csproj", "{BC85A7BD-262D-43E0-8D9D-EE76C602BFAF}"
EndProject
Project("{FAE04EC0-301F-11D3-BF4B-00C04F79EFBC}") = "Zbang.Zbox.Domain.Services", "Zbang.Zbox.Domain.Services\Zbang.Zbox.Domain.Services.csproj", "{F1AC4D4D-0633-4343-A657-DA275D33466D}"
EndProject
Project("{FAE04EC0-301F-11D3-BF4B-00C04F79EFBC}") = "Zbang.Zbox.Domain.Common", "Zbang.Zbox.Domain.Common\Zbang.Zbox.Domain.Common.csproj", "{B4B7F91C-9412-4D6B-93E2-F3B7C4BD9B90}"
EndProject
Project("{FAE04EC0-301F-11D3-BF4B-00C04F79EFBC}") = "Zbang.Zbox.Infrastructure.Data", "Zbang.Zbox.Infrastructure.Data\Zbang.Zbox.Infrastructure.Data.csproj", "{A29AAA7A-E472-4661-A503-EB00FD43D2C3}"
EndProject
Project("{FAE04EC0-301F-11D3-BF4B-00C04F79EFBC}") = "Zbang.Zbox.Domain.DataAccess", "Zbang.Zbox.Domain.DataAccess\Zbang.Zbox.Domain.DataAccess.csproj", "{C2010FF2-7020-4BE7-8CB8-D43C7F9C4363}"
EndProject
Project("{CC5FD16D-436D-48AD-A40C-5A424C6E3E79}") = "Zbang.Zbox.Cloud.BackgroundWorker", "Zbang.Zbox.Cloud.BackgroundWorker\Zbang.Zbox.Cloud.BackgroundWorker.ccproj", "{2BA23366-38AA-4941-96B9-A5CF9429B0E6}"
EndProject
Project("{FAE04EC0-301F-11D3-BF4B-00C04F79EFBC}") = "Zbang.Zbox.Domain", "Zbang.Zbox.DomainNew\Zbang.Zbox.Domain.csproj", "{35DC2A36-5E24-4E09-8967-838C6EDCA465}"
EndProject
Project("{FAE04EC0-301F-11D3-BF4B-00C04F79EFBC}") = "Zbang.Zbox.WorkerRole", "Zbang.Zbox.WorkerRole\Zbang.Zbox.WorkerRole.csproj", "{13D0B0B1-8C65-4BC4-8192-E6E9F4BAE6D6}"
EndProject
Project("{FAE04EC0-301F-11D3-BF4B-00C04F79EFBC}") = "Testing", "Testing\Testing.csproj", "{7ACCE531-FF37-41B6-A04B-8BEC2677F59A}"
EndProject
Project("{FAE04EC0-301F-11D3-BF4B-00C04F79EFBC}") = "Zbang.Zbox.ReadServices", "Zbang.Zbox.ReadServices\Zbang.Zbox.ReadServices.csproj", "{091BCB44-6764-41CA-A255-C6DA6157092B}"
EndProject
Project("{2150E333-8FDC-42A3-9474-1A3956D46DE8}") = "Domain", "Domain", "{EE1FE540-1FCA-4D00-BB0D-590837973724}"
EndProject
Project("{FAE04EC0-301F-11D3-BF4B-00C04F79EFBC}") = "Zbang.Zbox.DomainTests", "Zbang.Zbox.DomainTests\Zbang.Zbox.DomainTests.csproj", "{A09FB96C-5029-4DDB-95CA-6A452EB81D0B}"
EndProject
Project("{FAE04EC0-301F-11D3-BF4B-00C04F79EFBC}") = "Zbang.Zbox.Domain.CommandHandlersTests", "Zbang.Zbox.Domain.CommandHandlersTests\Zbang.Zbox.Domain.CommandHandlersTests.csproj", "{7CB4EFF4-FB2B-4EF4-9A51-B6CAA95CB0A4}"
EndProject
Project("{2150E333-8FDC-42A3-9474-1A3956D46DE8}") = "Infrastructure", "Infrastructure", "{3D684359-03F1-485A-9811-D9830D4E6771}"
EndProject
Project("{FAE04EC0-301F-11D3-BF4B-00C04F79EFBC}") = "Zbang.Zbox.InfrastructureTests", "Zbang.Zbox.InfrastructureTests\Zbang.Zbox.InfrastructureTests.csproj", "{EC932B4A-77CB-4292-A43D-D67E0D03DEA9}"
EndProject
Project("{2150E333-8FDC-42A3-9474-1A3956D46DE8}") = "Application", "Application", "{BB7A281A-6674-4136-BF60-23048EA796FA}"
EndProject
Project("{FAE04EC0-301F-11D3-BF4B-00C04F79EFBC}") = "Zbang.Zbox.Mvc3WebRoleTests", "Zbang.Zbox.Mvc3WebRoleTests\Zbang.Zbox.Mvc3WebRoleTests.csproj", "{A89DC973-7696-4E03-AD45-416B6163ABB5}"
EndProject
Project("{FAE04EC0-301F-11D3-BF4B-00C04F79EFBC}") = "Zbang.Zbox.Infrastructure.DataTests", "Zbang.Zbox.Infrastructure.DataTests\Zbang.Zbox.Infrastructure.DataTests.csproj", "{E1DF0F49-15CB-4895-9E0A-3B0F4C37843B}"
EndProject
Project("{FAE04EC0-301F-11D3-BF4B-00C04F79EFBC}") = "Zbang.Zbox.Infrastructure.Ioc", "Zbang.Zbox.Infrastructure.Ioc\Zbang.Zbox.Infrastructure.Ioc.csproj", "{872878FA-A84A-4CD3-856A-4EE9018819C5}"
EndProject
Project("{2150E333-8FDC-42A3-9474-1A3956D46DE8}") = "ReadModel", "ReadModel", "{66FA00CE-F8BC-478D-842F-B30B55C41180}"
EndProject
Project("{FAE04EC0-301F-11D3-BF4B-00C04F79EFBC}") = "Zbang.Zbox.ReadServicesTests", "Zbang.Zbox.ReadServicesTests\Zbang.Zbox.ReadServicesTests.csproj", "{E181CB46-F04F-4A7F-B751-E334A5665D3E}"
EndProject
Project("{CC5FD16D-436D-48AD-A40C-5A424C6E3E79}") = "Zbang.Cloudents.Cloud.Web", "Zbang.Cloudents.Cloud.Web\Zbang.Cloudents.Cloud.Web.ccproj", "{0CEACA1C-6246-4118-B6DD-D535594E4DF6}"
EndProject
Project("{FAE04EC0-301F-11D3-BF4B-00C04F79EFBC}") = "Zbang.Cloudents.Mvc4WebRole", "Zbang.Cloudents.Mvc4WebRole\Zbang.Cloudents.Mvc4WebRole.csproj", "{4FBAAC02-F6D3-4980-91A3-75D3B3B26BB8}"
EndProject
Project("{FAE04EC0-301F-11D3-BF4B-00C04F79EFBC}") = "Zbang.Zbox.Infrastructure.Mail", "Zbang.Zbox.Infrastructure.Mail\Zbang.Zbox.Infrastructure.Mail.csproj", "{F5E270CF-6B83-4879-9B04-773B87F80B0E}"
EndProject
Project("{FAE04EC0-301F-11D3-BF4B-00C04F79EFBC}") = "Zbang.Zbox.Infrastructure.Transport", "Zbang.Zbox.Infrastructure.Transport\Zbang.Zbox.Infrastructure.Transport.csproj", "{4F5EDC5B-31FA-4904-BD11-2CF1790AE234}"
EndProject
Project("{FAE04EC0-301F-11D3-BF4B-00C04F79EFBC}") = "Zbang.Zbox.Infrastructure.File", "Zbang.Zbox.Infrastructure.File\Zbang.Zbox.Infrastructure.File.csproj", "{9BA4DF6C-B4DA-40D4-8A33-795F0BED2622}"
EndProject
Project("{2150E333-8FDC-42A3-9474-1A3956D46DE8}") = "Desktop", "Desktop", "{EDC210D9-AF1F-42CB-B44A-E9AEDA8511C2}"
EndProject
Project("{FAE04EC0-301F-11D3-BF4B-00C04F79EFBC}") = "Zbang.Cloudents.WebAppSignalR", "Zbang.Cloudents.WebAppSignalR\Zbang.Cloudents.WebAppSignalR.csproj", "{B880414E-3D1B-4B65-80C2-555BA5B650AD}"
EndProject
Project("{CC5FD16D-436D-48AD-A40C-5A424C6E3E79}") = "Zbang.Cloudents.Cloud.SignalR", "Zbang.Cloudents.Cloud.SignalR\Zbang.Cloudents.Cloud.SignalR.ccproj", "{AF3E15D0-E445-48F4-90B5-805FEA131FAB}"
EndProject
Project("{FAE04EC0-301F-11D3-BF4B-00C04F79EFBC}") = "Zbang.Zbox.Infrastructure.Azure", "Zbang.Zbox.Infrastructure.Azure\Zbang.Zbox.Infrastructure.Azure.csproj", "{9A210D03-F7A2-4CF6-B311-742A2A1949D4}"
EndProject
Project("{CC5FD16D-436D-48AD-A40C-5A424C6E3E79}") = "Zbang.Cloudents.Cloud.Upload3rdSite", "Zbang.Cloudents.Cloud.Upload3rdSite\Zbang.Cloudents.Cloud.Upload3rdSite.ccproj", "{AC5E0579-E086-4592-A2A4-9E2373FA04F0}"
EndProject
Project("{FAE04EC0-301F-11D3-BF4B-00C04F79EFBC}") = "Zbang.Zbox.WorkerRoleDownloadFromSites", "Zbang.Zbox.WorkerRoleDownloadFromSites\Zbang.Zbox.WorkerRoleDownloadFromSites.csproj", "{14CF3AAD-D59F-4D55-A82F-5935A47E8946}"
EndProject
Project("{CC5FD16D-436D-48AD-A40C-5A424C6E3E79}") = "Zbang.Cloudents.Cloud.OneTimeUpadte", "Zbang.Cloudents.Cloud.OneTimeUpadte\Zbang.Cloudents.Cloud.OneTimeUpadte.ccproj", "{D16EE25D-E56B-416A-B1A3-CF07A45AB37E}"
EndProject
Project("{FAE04EC0-301F-11D3-BF4B-00C04F79EFBC}") = "Zbang.Cloudents.OneTimeWorkerRole", "Zbang.Cloudents.OneTimeWorkerRole\Zbang.Cloudents.OneTimeWorkerRole.csproj", "{9919E724-6184-4773-B48D-D53986ECFCE2}"
EndProject
Project("{FAE04EC0-301F-11D3-BF4B-00C04F79EFBC}") = "TestingApp", "TestingApp\TestingApp.csproj", "{DAABC94B-69CC-4C8C-ABC7-D9AE05D94759}"
EndProject
Project("{2150E333-8FDC-42A3-9474-1A3956D46DE8}") = "ExternalProviders", "ExternalProviders", "{EFA82140-5B66-491F-9C3A-B5F9C3A1BADA}"
EndProject
Project("{FAE04EC0-301F-11D3-BF4B-00C04F79EFBC}") = "Zbang.Zbox.Store", "Zbang.Zbox.HatavotApi\Zbang.Zbox.Store.csproj", "{5170A9BB-52E8-4001-8FCC-407CAEC11D81}"
EndProject
Project("{F184B08F-C81C-45F6-A57F-5ABD9991F28F}") = "Zbang.Zbox.VbExternalUtils", "Zbang.Zbox.VbExternalUtils\Zbang.Zbox.VbExternalUtils.vbproj", "{C4FB3423-CE73-4B44-A7FB-AFCD71F947D2}"
EndProject
Project("{2150E333-8FDC-42A3-9474-1A3956D46DE8}") = ".nuget", ".nuget", "{5766BDE7-4086-466B-A6A0-254004AC3D94}"
EndProject
Project("{CC5FD16D-436D-48AD-A40C-5A424C6E3E79}") = "Zbang.Cloudents.Cloud.Mobile", "Zbang.Cloudents.Cloud.Mobile\Zbang.Cloudents.Cloud.Mobile.ccproj", "{88DF6FD6-C427-4320-8542-8B86A452E8C0}"
EndProject
Project("{FAE04EC0-301F-11D3-BF4B-00C04F79EFBC}") = "Zbang.Cloudents.Mobile", "Zbang.Cloudents.Mobile\Zbang.Cloudents.Mobile.csproj", "{1ED06D42-1F19-4DFC-A147-934ADF3FB73F}"
EndProject
Global
	GlobalSection(SolutionConfigurationPlatforms) = preSolution
		CD_ROM|Any CPU = CD_ROM|Any CPU
		CD_ROM|Mixed Platforms = CD_ROM|Mixed Platforms
		CD_ROM|x86 = CD_ROM|x86
		Debug|Any CPU = Debug|Any CPU
		Debug|Mixed Platforms = Debug|Mixed Platforms
		Debug|x86 = Debug|x86
		DVD-5|Any CPU = DVD-5|Any CPU
		DVD-5|Mixed Platforms = DVD-5|Mixed Platforms
		DVD-5|x86 = DVD-5|x86
		Release|Any CPU = Release|Any CPU
		Release|Mixed Platforms = Release|Mixed Platforms
		Release|x86 = Release|x86
		SingleImage|Any CPU = SingleImage|Any CPU
		SingleImage|Mixed Platforms = SingleImage|Mixed Platforms
		SingleImage|x86 = SingleImage|x86
	EndGlobalSection
	GlobalSection(ProjectConfigurationPlatforms) = postSolution
		{3E0F1FBF-60D1-40B2-B649-933142C27CB7}.CD_ROM|Any CPU.ActiveCfg = Release|Any CPU
		{3E0F1FBF-60D1-40B2-B649-933142C27CB7}.CD_ROM|Any CPU.Build.0 = Release|Any CPU
		{3E0F1FBF-60D1-40B2-B649-933142C27CB7}.CD_ROM|Mixed Platforms.ActiveCfg = Release|Any CPU
		{3E0F1FBF-60D1-40B2-B649-933142C27CB7}.CD_ROM|Mixed Platforms.Build.0 = Release|Any CPU
		{3E0F1FBF-60D1-40B2-B649-933142C27CB7}.CD_ROM|x86.ActiveCfg = Release|Any CPU
		{3E0F1FBF-60D1-40B2-B649-933142C27CB7}.Debug|Any CPU.ActiveCfg = Debug|Any CPU
		{3E0F1FBF-60D1-40B2-B649-933142C27CB7}.Debug|Any CPU.Build.0 = Debug|Any CPU
		{3E0F1FBF-60D1-40B2-B649-933142C27CB7}.Debug|Mixed Platforms.ActiveCfg = Debug|Any CPU
		{3E0F1FBF-60D1-40B2-B649-933142C27CB7}.Debug|Mixed Platforms.Build.0 = Debug|Any CPU
		{3E0F1FBF-60D1-40B2-B649-933142C27CB7}.Debug|x86.ActiveCfg = Debug|Any CPU
		{3E0F1FBF-60D1-40B2-B649-933142C27CB7}.DVD-5|Any CPU.ActiveCfg = Debug|Any CPU
		{3E0F1FBF-60D1-40B2-B649-933142C27CB7}.DVD-5|Any CPU.Build.0 = Debug|Any CPU
		{3E0F1FBF-60D1-40B2-B649-933142C27CB7}.DVD-5|Mixed Platforms.ActiveCfg = Debug|Any CPU
		{3E0F1FBF-60D1-40B2-B649-933142C27CB7}.DVD-5|Mixed Platforms.Build.0 = Debug|Any CPU
		{3E0F1FBF-60D1-40B2-B649-933142C27CB7}.DVD-5|x86.ActiveCfg = Debug|Any CPU
		{3E0F1FBF-60D1-40B2-B649-933142C27CB7}.Release|Any CPU.ActiveCfg = Release|Any CPU
		{3E0F1FBF-60D1-40B2-B649-933142C27CB7}.Release|Any CPU.Build.0 = Release|Any CPU
		{3E0F1FBF-60D1-40B2-B649-933142C27CB7}.Release|Mixed Platforms.ActiveCfg = Release|Any CPU
		{3E0F1FBF-60D1-40B2-B649-933142C27CB7}.Release|Mixed Platforms.Build.0 = Release|Any CPU
		{3E0F1FBF-60D1-40B2-B649-933142C27CB7}.Release|x86.ActiveCfg = Release|Any CPU
		{3E0F1FBF-60D1-40B2-B649-933142C27CB7}.SingleImage|Any CPU.ActiveCfg = Release|Any CPU
		{3E0F1FBF-60D1-40B2-B649-933142C27CB7}.SingleImage|Any CPU.Build.0 = Release|Any CPU
		{3E0F1FBF-60D1-40B2-B649-933142C27CB7}.SingleImage|Mixed Platforms.ActiveCfg = Release|Any CPU
		{3E0F1FBF-60D1-40B2-B649-933142C27CB7}.SingleImage|Mixed Platforms.Build.0 = Release|Any CPU
		{3E0F1FBF-60D1-40B2-B649-933142C27CB7}.SingleImage|x86.ActiveCfg = Release|Any CPU
		{9ED04567-B2D0-4040-88A6-1AD752A3D83F}.CD_ROM|Any CPU.ActiveCfg = Release|Any CPU
		{9ED04567-B2D0-4040-88A6-1AD752A3D83F}.CD_ROM|Any CPU.Build.0 = Release|Any CPU
		{9ED04567-B2D0-4040-88A6-1AD752A3D83F}.CD_ROM|Mixed Platforms.ActiveCfg = Release|Any CPU
		{9ED04567-B2D0-4040-88A6-1AD752A3D83F}.CD_ROM|Mixed Platforms.Build.0 = Release|Any CPU
		{9ED04567-B2D0-4040-88A6-1AD752A3D83F}.CD_ROM|x86.ActiveCfg = Release|Any CPU
		{9ED04567-B2D0-4040-88A6-1AD752A3D83F}.Debug|Any CPU.ActiveCfg = Debug|Any CPU
		{9ED04567-B2D0-4040-88A6-1AD752A3D83F}.Debug|Any CPU.Build.0 = Debug|Any CPU
		{9ED04567-B2D0-4040-88A6-1AD752A3D83F}.Debug|Mixed Platforms.ActiveCfg = Debug|Any CPU
		{9ED04567-B2D0-4040-88A6-1AD752A3D83F}.Debug|Mixed Platforms.Build.0 = Debug|Any CPU
		{9ED04567-B2D0-4040-88A6-1AD752A3D83F}.Debug|x86.ActiveCfg = Debug|Any CPU
		{9ED04567-B2D0-4040-88A6-1AD752A3D83F}.DVD-5|Any CPU.ActiveCfg = Debug|Any CPU
		{9ED04567-B2D0-4040-88A6-1AD752A3D83F}.DVD-5|Any CPU.Build.0 = Debug|Any CPU
		{9ED04567-B2D0-4040-88A6-1AD752A3D83F}.DVD-5|Mixed Platforms.ActiveCfg = Debug|Any CPU
		{9ED04567-B2D0-4040-88A6-1AD752A3D83F}.DVD-5|Mixed Platforms.Build.0 = Debug|Any CPU
		{9ED04567-B2D0-4040-88A6-1AD752A3D83F}.DVD-5|x86.ActiveCfg = Debug|Any CPU
		{9ED04567-B2D0-4040-88A6-1AD752A3D83F}.Release|Any CPU.ActiveCfg = Release|Any CPU
		{9ED04567-B2D0-4040-88A6-1AD752A3D83F}.Release|Any CPU.Build.0 = Release|Any CPU
		{9ED04567-B2D0-4040-88A6-1AD752A3D83F}.Release|Mixed Platforms.ActiveCfg = Release|Any CPU
		{9ED04567-B2D0-4040-88A6-1AD752A3D83F}.Release|Mixed Platforms.Build.0 = Release|Any CPU
		{9ED04567-B2D0-4040-88A6-1AD752A3D83F}.Release|x86.ActiveCfg = Release|Any CPU
		{9ED04567-B2D0-4040-88A6-1AD752A3D83F}.SingleImage|Any CPU.ActiveCfg = Release|Any CPU
		{9ED04567-B2D0-4040-88A6-1AD752A3D83F}.SingleImage|Any CPU.Build.0 = Release|Any CPU
		{9ED04567-B2D0-4040-88A6-1AD752A3D83F}.SingleImage|Mixed Platforms.ActiveCfg = Release|Any CPU
		{9ED04567-B2D0-4040-88A6-1AD752A3D83F}.SingleImage|Mixed Platforms.Build.0 = Release|Any CPU
		{9ED04567-B2D0-4040-88A6-1AD752A3D83F}.SingleImage|x86.ActiveCfg = Release|Any CPU
		{0CAEE4F2-421B-4FA3-9A13-1402EA6FCDA8}.CD_ROM|Any CPU.ActiveCfg = Release|Any CPU
		{0CAEE4F2-421B-4FA3-9A13-1402EA6FCDA8}.CD_ROM|Any CPU.Build.0 = Release|Any CPU
		{0CAEE4F2-421B-4FA3-9A13-1402EA6FCDA8}.CD_ROM|Mixed Platforms.ActiveCfg = Release|Any CPU
		{0CAEE4F2-421B-4FA3-9A13-1402EA6FCDA8}.CD_ROM|Mixed Platforms.Build.0 = Release|Any CPU
		{0CAEE4F2-421B-4FA3-9A13-1402EA6FCDA8}.CD_ROM|x86.ActiveCfg = Release|Any CPU
		{0CAEE4F2-421B-4FA3-9A13-1402EA6FCDA8}.Debug|Any CPU.ActiveCfg = Debug|Any CPU
		{0CAEE4F2-421B-4FA3-9A13-1402EA6FCDA8}.Debug|Any CPU.Build.0 = Debug|Any CPU
		{0CAEE4F2-421B-4FA3-9A13-1402EA6FCDA8}.Debug|Mixed Platforms.ActiveCfg = Debug|Any CPU
		{0CAEE4F2-421B-4FA3-9A13-1402EA6FCDA8}.Debug|Mixed Platforms.Build.0 = Debug|Any CPU
		{0CAEE4F2-421B-4FA3-9A13-1402EA6FCDA8}.Debug|x86.ActiveCfg = Debug|Any CPU
		{0CAEE4F2-421B-4FA3-9A13-1402EA6FCDA8}.DVD-5|Any CPU.ActiveCfg = Debug|Any CPU
		{0CAEE4F2-421B-4FA3-9A13-1402EA6FCDA8}.DVD-5|Any CPU.Build.0 = Debug|Any CPU
		{0CAEE4F2-421B-4FA3-9A13-1402EA6FCDA8}.DVD-5|Mixed Platforms.ActiveCfg = Debug|Any CPU
		{0CAEE4F2-421B-4FA3-9A13-1402EA6FCDA8}.DVD-5|Mixed Platforms.Build.0 = Debug|Any CPU
		{0CAEE4F2-421B-4FA3-9A13-1402EA6FCDA8}.DVD-5|x86.ActiveCfg = Debug|Any CPU
		{0CAEE4F2-421B-4FA3-9A13-1402EA6FCDA8}.Release|Any CPU.ActiveCfg = Release|Any CPU
		{0CAEE4F2-421B-4FA3-9A13-1402EA6FCDA8}.Release|Any CPU.Build.0 = Release|Any CPU
		{0CAEE4F2-421B-4FA3-9A13-1402EA6FCDA8}.Release|Mixed Platforms.ActiveCfg = Release|Any CPU
		{0CAEE4F2-421B-4FA3-9A13-1402EA6FCDA8}.Release|Mixed Platforms.Build.0 = Release|Any CPU
		{0CAEE4F2-421B-4FA3-9A13-1402EA6FCDA8}.Release|x86.ActiveCfg = Release|Any CPU
		{0CAEE4F2-421B-4FA3-9A13-1402EA6FCDA8}.SingleImage|Any CPU.ActiveCfg = Release|Any CPU
		{0CAEE4F2-421B-4FA3-9A13-1402EA6FCDA8}.SingleImage|Any CPU.Build.0 = Release|Any CPU
		{0CAEE4F2-421B-4FA3-9A13-1402EA6FCDA8}.SingleImage|Mixed Platforms.ActiveCfg = Release|Any CPU
		{0CAEE4F2-421B-4FA3-9A13-1402EA6FCDA8}.SingleImage|Mixed Platforms.Build.0 = Release|Any CPU
		{0CAEE4F2-421B-4FA3-9A13-1402EA6FCDA8}.SingleImage|x86.ActiveCfg = Release|Any CPU
		{BC85A7BD-262D-43E0-8D9D-EE76C602BFAF}.CD_ROM|Any CPU.ActiveCfg = Release|Any CPU
		{BC85A7BD-262D-43E0-8D9D-EE76C602BFAF}.CD_ROM|Any CPU.Build.0 = Release|Any CPU
		{BC85A7BD-262D-43E0-8D9D-EE76C602BFAF}.CD_ROM|Mixed Platforms.ActiveCfg = Release|Any CPU
		{BC85A7BD-262D-43E0-8D9D-EE76C602BFAF}.CD_ROM|Mixed Platforms.Build.0 = Release|Any CPU
		{BC85A7BD-262D-43E0-8D9D-EE76C602BFAF}.CD_ROM|x86.ActiveCfg = Release|Any CPU
		{BC85A7BD-262D-43E0-8D9D-EE76C602BFAF}.Debug|Any CPU.ActiveCfg = Debug|Any CPU
		{BC85A7BD-262D-43E0-8D9D-EE76C602BFAF}.Debug|Any CPU.Build.0 = Debug|Any CPU
		{BC85A7BD-262D-43E0-8D9D-EE76C602BFAF}.Debug|Mixed Platforms.ActiveCfg = Debug|Any CPU
		{BC85A7BD-262D-43E0-8D9D-EE76C602BFAF}.Debug|Mixed Platforms.Build.0 = Debug|Any CPU
		{BC85A7BD-262D-43E0-8D9D-EE76C602BFAF}.Debug|x86.ActiveCfg = Debug|Any CPU
		{BC85A7BD-262D-43E0-8D9D-EE76C602BFAF}.DVD-5|Any CPU.ActiveCfg = Debug|Any CPU
		{BC85A7BD-262D-43E0-8D9D-EE76C602BFAF}.DVD-5|Any CPU.Build.0 = Debug|Any CPU
		{BC85A7BD-262D-43E0-8D9D-EE76C602BFAF}.DVD-5|Mixed Platforms.ActiveCfg = Debug|Any CPU
		{BC85A7BD-262D-43E0-8D9D-EE76C602BFAF}.DVD-5|Mixed Platforms.Build.0 = Debug|Any CPU
		{BC85A7BD-262D-43E0-8D9D-EE76C602BFAF}.DVD-5|x86.ActiveCfg = Debug|Any CPU
		{BC85A7BD-262D-43E0-8D9D-EE76C602BFAF}.Release|Any CPU.ActiveCfg = Release|Any CPU
		{BC85A7BD-262D-43E0-8D9D-EE76C602BFAF}.Release|Any CPU.Build.0 = Release|Any CPU
		{BC85A7BD-262D-43E0-8D9D-EE76C602BFAF}.Release|Mixed Platforms.ActiveCfg = Release|Any CPU
		{BC85A7BD-262D-43E0-8D9D-EE76C602BFAF}.Release|Mixed Platforms.Build.0 = Release|Any CPU
		{BC85A7BD-262D-43E0-8D9D-EE76C602BFAF}.Release|x86.ActiveCfg = Release|Any CPU
		{BC85A7BD-262D-43E0-8D9D-EE76C602BFAF}.SingleImage|Any CPU.ActiveCfg = Release|Any CPU
		{BC85A7BD-262D-43E0-8D9D-EE76C602BFAF}.SingleImage|Any CPU.Build.0 = Release|Any CPU
		{BC85A7BD-262D-43E0-8D9D-EE76C602BFAF}.SingleImage|Mixed Platforms.ActiveCfg = Release|Any CPU
		{BC85A7BD-262D-43E0-8D9D-EE76C602BFAF}.SingleImage|Mixed Platforms.Build.0 = Release|Any CPU
		{BC85A7BD-262D-43E0-8D9D-EE76C602BFAF}.SingleImage|x86.ActiveCfg = Release|Any CPU
		{F1AC4D4D-0633-4343-A657-DA275D33466D}.CD_ROM|Any CPU.ActiveCfg = Release|Any CPU
		{F1AC4D4D-0633-4343-A657-DA275D33466D}.CD_ROM|Any CPU.Build.0 = Release|Any CPU
		{F1AC4D4D-0633-4343-A657-DA275D33466D}.CD_ROM|Mixed Platforms.ActiveCfg = Release|Any CPU
		{F1AC4D4D-0633-4343-A657-DA275D33466D}.CD_ROM|Mixed Platforms.Build.0 = Release|Any CPU
		{F1AC4D4D-0633-4343-A657-DA275D33466D}.CD_ROM|x86.ActiveCfg = Release|Any CPU
		{F1AC4D4D-0633-4343-A657-DA275D33466D}.Debug|Any CPU.ActiveCfg = Debug|Any CPU
		{F1AC4D4D-0633-4343-A657-DA275D33466D}.Debug|Any CPU.Build.0 = Debug|Any CPU
		{F1AC4D4D-0633-4343-A657-DA275D33466D}.Debug|Mixed Platforms.ActiveCfg = Debug|Any CPU
		{F1AC4D4D-0633-4343-A657-DA275D33466D}.Debug|Mixed Platforms.Build.0 = Debug|Any CPU
		{F1AC4D4D-0633-4343-A657-DA275D33466D}.Debug|x86.ActiveCfg = Debug|Any CPU
		{F1AC4D4D-0633-4343-A657-DA275D33466D}.DVD-5|Any CPU.ActiveCfg = Debug|Any CPU
		{F1AC4D4D-0633-4343-A657-DA275D33466D}.DVD-5|Any CPU.Build.0 = Debug|Any CPU
		{F1AC4D4D-0633-4343-A657-DA275D33466D}.DVD-5|Mixed Platforms.ActiveCfg = Debug|Any CPU
		{F1AC4D4D-0633-4343-A657-DA275D33466D}.DVD-5|Mixed Platforms.Build.0 = Debug|Any CPU
		{F1AC4D4D-0633-4343-A657-DA275D33466D}.DVD-5|x86.ActiveCfg = Debug|Any CPU
		{F1AC4D4D-0633-4343-A657-DA275D33466D}.Release|Any CPU.ActiveCfg = Release|Any CPU
		{F1AC4D4D-0633-4343-A657-DA275D33466D}.Release|Any CPU.Build.0 = Release|Any CPU
		{F1AC4D4D-0633-4343-A657-DA275D33466D}.Release|Mixed Platforms.ActiveCfg = Release|Any CPU
		{F1AC4D4D-0633-4343-A657-DA275D33466D}.Release|Mixed Platforms.Build.0 = Release|Any CPU
		{F1AC4D4D-0633-4343-A657-DA275D33466D}.Release|x86.ActiveCfg = Release|Any CPU
		{F1AC4D4D-0633-4343-A657-DA275D33466D}.SingleImage|Any CPU.ActiveCfg = Release|Any CPU
		{F1AC4D4D-0633-4343-A657-DA275D33466D}.SingleImage|Any CPU.Build.0 = Release|Any CPU
		{F1AC4D4D-0633-4343-A657-DA275D33466D}.SingleImage|Mixed Platforms.ActiveCfg = Release|Any CPU
		{F1AC4D4D-0633-4343-A657-DA275D33466D}.SingleImage|Mixed Platforms.Build.0 = Release|Any CPU
		{F1AC4D4D-0633-4343-A657-DA275D33466D}.SingleImage|x86.ActiveCfg = Release|Any CPU
		{B4B7F91C-9412-4D6B-93E2-F3B7C4BD9B90}.CD_ROM|Any CPU.ActiveCfg = Release|Any CPU
		{B4B7F91C-9412-4D6B-93E2-F3B7C4BD9B90}.CD_ROM|Any CPU.Build.0 = Release|Any CPU
		{B4B7F91C-9412-4D6B-93E2-F3B7C4BD9B90}.CD_ROM|Mixed Platforms.ActiveCfg = Release|Any CPU
		{B4B7F91C-9412-4D6B-93E2-F3B7C4BD9B90}.CD_ROM|Mixed Platforms.Build.0 = Release|Any CPU
		{B4B7F91C-9412-4D6B-93E2-F3B7C4BD9B90}.CD_ROM|x86.ActiveCfg = Release|Any CPU
		{B4B7F91C-9412-4D6B-93E2-F3B7C4BD9B90}.Debug|Any CPU.ActiveCfg = Debug|Any CPU
		{B4B7F91C-9412-4D6B-93E2-F3B7C4BD9B90}.Debug|Any CPU.Build.0 = Debug|Any CPU
		{B4B7F91C-9412-4D6B-93E2-F3B7C4BD9B90}.Debug|Mixed Platforms.ActiveCfg = Debug|Any CPU
		{B4B7F91C-9412-4D6B-93E2-F3B7C4BD9B90}.Debug|Mixed Platforms.Build.0 = Debug|Any CPU
		{B4B7F91C-9412-4D6B-93E2-F3B7C4BD9B90}.Debug|x86.ActiveCfg = Debug|Any CPU
		{B4B7F91C-9412-4D6B-93E2-F3B7C4BD9B90}.DVD-5|Any CPU.ActiveCfg = Debug|Any CPU
		{B4B7F91C-9412-4D6B-93E2-F3B7C4BD9B90}.DVD-5|Any CPU.Build.0 = Debug|Any CPU
		{B4B7F91C-9412-4D6B-93E2-F3B7C4BD9B90}.DVD-5|Mixed Platforms.ActiveCfg = Debug|Any CPU
		{B4B7F91C-9412-4D6B-93E2-F3B7C4BD9B90}.DVD-5|Mixed Platforms.Build.0 = Debug|Any CPU
		{B4B7F91C-9412-4D6B-93E2-F3B7C4BD9B90}.DVD-5|x86.ActiveCfg = Debug|Any CPU
		{B4B7F91C-9412-4D6B-93E2-F3B7C4BD9B90}.Release|Any CPU.ActiveCfg = Release|Any CPU
		{B4B7F91C-9412-4D6B-93E2-F3B7C4BD9B90}.Release|Any CPU.Build.0 = Release|Any CPU
		{B4B7F91C-9412-4D6B-93E2-F3B7C4BD9B90}.Release|Mixed Platforms.ActiveCfg = Release|Any CPU
		{B4B7F91C-9412-4D6B-93E2-F3B7C4BD9B90}.Release|Mixed Platforms.Build.0 = Release|Any CPU
		{B4B7F91C-9412-4D6B-93E2-F3B7C4BD9B90}.Release|x86.ActiveCfg = Release|Any CPU
		{B4B7F91C-9412-4D6B-93E2-F3B7C4BD9B90}.SingleImage|Any CPU.ActiveCfg = Release|Any CPU
		{B4B7F91C-9412-4D6B-93E2-F3B7C4BD9B90}.SingleImage|Any CPU.Build.0 = Release|Any CPU
		{B4B7F91C-9412-4D6B-93E2-F3B7C4BD9B90}.SingleImage|Mixed Platforms.ActiveCfg = Release|Any CPU
		{B4B7F91C-9412-4D6B-93E2-F3B7C4BD9B90}.SingleImage|Mixed Platforms.Build.0 = Release|Any CPU
		{B4B7F91C-9412-4D6B-93E2-F3B7C4BD9B90}.SingleImage|x86.ActiveCfg = Release|Any CPU
		{A29AAA7A-E472-4661-A503-EB00FD43D2C3}.CD_ROM|Any CPU.ActiveCfg = Release|Any CPU
		{A29AAA7A-E472-4661-A503-EB00FD43D2C3}.CD_ROM|Any CPU.Build.0 = Release|Any CPU
		{A29AAA7A-E472-4661-A503-EB00FD43D2C3}.CD_ROM|Mixed Platforms.ActiveCfg = Release|Any CPU
		{A29AAA7A-E472-4661-A503-EB00FD43D2C3}.CD_ROM|Mixed Platforms.Build.0 = Release|Any CPU
		{A29AAA7A-E472-4661-A503-EB00FD43D2C3}.CD_ROM|x86.ActiveCfg = Release|Any CPU
		{A29AAA7A-E472-4661-A503-EB00FD43D2C3}.Debug|Any CPU.ActiveCfg = Debug|Any CPU
		{A29AAA7A-E472-4661-A503-EB00FD43D2C3}.Debug|Any CPU.Build.0 = Debug|Any CPU
		{A29AAA7A-E472-4661-A503-EB00FD43D2C3}.Debug|Mixed Platforms.ActiveCfg = Debug|Any CPU
		{A29AAA7A-E472-4661-A503-EB00FD43D2C3}.Debug|Mixed Platforms.Build.0 = Debug|Any CPU
		{A29AAA7A-E472-4661-A503-EB00FD43D2C3}.Debug|x86.ActiveCfg = Debug|Any CPU
		{A29AAA7A-E472-4661-A503-EB00FD43D2C3}.DVD-5|Any CPU.ActiveCfg = Debug|Any CPU
		{A29AAA7A-E472-4661-A503-EB00FD43D2C3}.DVD-5|Any CPU.Build.0 = Debug|Any CPU
		{A29AAA7A-E472-4661-A503-EB00FD43D2C3}.DVD-5|Mixed Platforms.ActiveCfg = Debug|Any CPU
		{A29AAA7A-E472-4661-A503-EB00FD43D2C3}.DVD-5|Mixed Platforms.Build.0 = Debug|Any CPU
		{A29AAA7A-E472-4661-A503-EB00FD43D2C3}.DVD-5|x86.ActiveCfg = Debug|Any CPU
		{A29AAA7A-E472-4661-A503-EB00FD43D2C3}.Release|Any CPU.ActiveCfg = Release|Any CPU
		{A29AAA7A-E472-4661-A503-EB00FD43D2C3}.Release|Any CPU.Build.0 = Release|Any CPU
		{A29AAA7A-E472-4661-A503-EB00FD43D2C3}.Release|Mixed Platforms.ActiveCfg = Release|Any CPU
		{A29AAA7A-E472-4661-A503-EB00FD43D2C3}.Release|Mixed Platforms.Build.0 = Release|Any CPU
		{A29AAA7A-E472-4661-A503-EB00FD43D2C3}.Release|x86.ActiveCfg = Release|Any CPU
		{A29AAA7A-E472-4661-A503-EB00FD43D2C3}.SingleImage|Any CPU.ActiveCfg = Release|Any CPU
		{A29AAA7A-E472-4661-A503-EB00FD43D2C3}.SingleImage|Any CPU.Build.0 = Release|Any CPU
		{A29AAA7A-E472-4661-A503-EB00FD43D2C3}.SingleImage|Mixed Platforms.ActiveCfg = Release|Any CPU
		{A29AAA7A-E472-4661-A503-EB00FD43D2C3}.SingleImage|Mixed Platforms.Build.0 = Release|Any CPU
		{A29AAA7A-E472-4661-A503-EB00FD43D2C3}.SingleImage|x86.ActiveCfg = Release|Any CPU
		{C2010FF2-7020-4BE7-8CB8-D43C7F9C4363}.CD_ROM|Any CPU.ActiveCfg = Release|Any CPU
		{C2010FF2-7020-4BE7-8CB8-D43C7F9C4363}.CD_ROM|Any CPU.Build.0 = Release|Any CPU
		{C2010FF2-7020-4BE7-8CB8-D43C7F9C4363}.CD_ROM|Mixed Platforms.ActiveCfg = Release|Any CPU
		{C2010FF2-7020-4BE7-8CB8-D43C7F9C4363}.CD_ROM|Mixed Platforms.Build.0 = Release|Any CPU
		{C2010FF2-7020-4BE7-8CB8-D43C7F9C4363}.CD_ROM|x86.ActiveCfg = Release|Any CPU
		{C2010FF2-7020-4BE7-8CB8-D43C7F9C4363}.Debug|Any CPU.ActiveCfg = Debug|Any CPU
		{C2010FF2-7020-4BE7-8CB8-D43C7F9C4363}.Debug|Any CPU.Build.0 = Debug|Any CPU
		{C2010FF2-7020-4BE7-8CB8-D43C7F9C4363}.Debug|Mixed Platforms.ActiveCfg = Debug|Any CPU
		{C2010FF2-7020-4BE7-8CB8-D43C7F9C4363}.Debug|Mixed Platforms.Build.0 = Debug|Any CPU
		{C2010FF2-7020-4BE7-8CB8-D43C7F9C4363}.Debug|x86.ActiveCfg = Debug|Any CPU
		{C2010FF2-7020-4BE7-8CB8-D43C7F9C4363}.DVD-5|Any CPU.ActiveCfg = Debug|Any CPU
		{C2010FF2-7020-4BE7-8CB8-D43C7F9C4363}.DVD-5|Any CPU.Build.0 = Debug|Any CPU
		{C2010FF2-7020-4BE7-8CB8-D43C7F9C4363}.DVD-5|Mixed Platforms.ActiveCfg = Debug|Any CPU
		{C2010FF2-7020-4BE7-8CB8-D43C7F9C4363}.DVD-5|Mixed Platforms.Build.0 = Debug|Any CPU
		{C2010FF2-7020-4BE7-8CB8-D43C7F9C4363}.DVD-5|x86.ActiveCfg = Debug|Any CPU
		{C2010FF2-7020-4BE7-8CB8-D43C7F9C4363}.Release|Any CPU.ActiveCfg = Release|Any CPU
		{C2010FF2-7020-4BE7-8CB8-D43C7F9C4363}.Release|Any CPU.Build.0 = Release|Any CPU
		{C2010FF2-7020-4BE7-8CB8-D43C7F9C4363}.Release|Mixed Platforms.ActiveCfg = Release|Any CPU
		{C2010FF2-7020-4BE7-8CB8-D43C7F9C4363}.Release|Mixed Platforms.Build.0 = Release|Any CPU
		{C2010FF2-7020-4BE7-8CB8-D43C7F9C4363}.Release|x86.ActiveCfg = Release|Any CPU
		{C2010FF2-7020-4BE7-8CB8-D43C7F9C4363}.SingleImage|Any CPU.ActiveCfg = Release|Any CPU
		{C2010FF2-7020-4BE7-8CB8-D43C7F9C4363}.SingleImage|Any CPU.Build.0 = Release|Any CPU
		{C2010FF2-7020-4BE7-8CB8-D43C7F9C4363}.SingleImage|Mixed Platforms.ActiveCfg = Release|Any CPU
		{C2010FF2-7020-4BE7-8CB8-D43C7F9C4363}.SingleImage|Mixed Platforms.Build.0 = Release|Any CPU
		{C2010FF2-7020-4BE7-8CB8-D43C7F9C4363}.SingleImage|x86.ActiveCfg = Release|Any CPU
		{2BA23366-38AA-4941-96B9-A5CF9429B0E6}.CD_ROM|Any CPU.ActiveCfg = Release|Any CPU
		{2BA23366-38AA-4941-96B9-A5CF9429B0E6}.CD_ROM|Any CPU.Build.0 = Release|Any CPU
		{2BA23366-38AA-4941-96B9-A5CF9429B0E6}.CD_ROM|Mixed Platforms.ActiveCfg = Release|Any CPU
		{2BA23366-38AA-4941-96B9-A5CF9429B0E6}.CD_ROM|Mixed Platforms.Build.0 = Release|Any CPU
		{2BA23366-38AA-4941-96B9-A5CF9429B0E6}.CD_ROM|x86.ActiveCfg = Release|Any CPU
		{2BA23366-38AA-4941-96B9-A5CF9429B0E6}.Debug|Any CPU.ActiveCfg = Debug|Any CPU
		{2BA23366-38AA-4941-96B9-A5CF9429B0E6}.Debug|Any CPU.Build.0 = Debug|Any CPU
		{2BA23366-38AA-4941-96B9-A5CF9429B0E6}.Debug|Mixed Platforms.ActiveCfg = Debug|Any CPU
		{2BA23366-38AA-4941-96B9-A5CF9429B0E6}.Debug|Mixed Platforms.Build.0 = Debug|Any CPU
		{2BA23366-38AA-4941-96B9-A5CF9429B0E6}.Debug|x86.ActiveCfg = Debug|Any CPU
		{2BA23366-38AA-4941-96B9-A5CF9429B0E6}.DVD-5|Any CPU.ActiveCfg = Debug|Any CPU
		{2BA23366-38AA-4941-96B9-A5CF9429B0E6}.DVD-5|Any CPU.Build.0 = Debug|Any CPU
		{2BA23366-38AA-4941-96B9-A5CF9429B0E6}.DVD-5|Mixed Platforms.ActiveCfg = Debug|Any CPU
		{2BA23366-38AA-4941-96B9-A5CF9429B0E6}.DVD-5|Mixed Platforms.Build.0 = Debug|Any CPU
		{2BA23366-38AA-4941-96B9-A5CF9429B0E6}.DVD-5|x86.ActiveCfg = Debug|Any CPU
		{2BA23366-38AA-4941-96B9-A5CF9429B0E6}.Release|Any CPU.ActiveCfg = Release|Any CPU
		{2BA23366-38AA-4941-96B9-A5CF9429B0E6}.Release|Any CPU.Build.0 = Release|Any CPU
		{2BA23366-38AA-4941-96B9-A5CF9429B0E6}.Release|Mixed Platforms.ActiveCfg = Release|Any CPU
		{2BA23366-38AA-4941-96B9-A5CF9429B0E6}.Release|Mixed Platforms.Build.0 = Release|Any CPU
		{2BA23366-38AA-4941-96B9-A5CF9429B0E6}.Release|x86.ActiveCfg = Release|Any CPU
		{2BA23366-38AA-4941-96B9-A5CF9429B0E6}.SingleImage|Any CPU.ActiveCfg = Release|Any CPU
		{2BA23366-38AA-4941-96B9-A5CF9429B0E6}.SingleImage|Any CPU.Build.0 = Release|Any CPU
		{2BA23366-38AA-4941-96B9-A5CF9429B0E6}.SingleImage|Mixed Platforms.ActiveCfg = Release|Any CPU
		{2BA23366-38AA-4941-96B9-A5CF9429B0E6}.SingleImage|Mixed Platforms.Build.0 = Release|Any CPU
		{2BA23366-38AA-4941-96B9-A5CF9429B0E6}.SingleImage|x86.ActiveCfg = Release|Any CPU
		{35DC2A36-5E24-4E09-8967-838C6EDCA465}.CD_ROM|Any CPU.ActiveCfg = Release|Any CPU
		{35DC2A36-5E24-4E09-8967-838C6EDCA465}.CD_ROM|Any CPU.Build.0 = Release|Any CPU
		{35DC2A36-5E24-4E09-8967-838C6EDCA465}.CD_ROM|Mixed Platforms.ActiveCfg = Release|Any CPU
		{35DC2A36-5E24-4E09-8967-838C6EDCA465}.CD_ROM|Mixed Platforms.Build.0 = Release|Any CPU
		{35DC2A36-5E24-4E09-8967-838C6EDCA465}.CD_ROM|x86.ActiveCfg = Release|Any CPU
		{35DC2A36-5E24-4E09-8967-838C6EDCA465}.Debug|Any CPU.ActiveCfg = Debug|Any CPU
		{35DC2A36-5E24-4E09-8967-838C6EDCA465}.Debug|Any CPU.Build.0 = Debug|Any CPU
		{35DC2A36-5E24-4E09-8967-838C6EDCA465}.Debug|Mixed Platforms.ActiveCfg = Debug|Any CPU
		{35DC2A36-5E24-4E09-8967-838C6EDCA465}.Debug|Mixed Platforms.Build.0 = Debug|Any CPU
		{35DC2A36-5E24-4E09-8967-838C6EDCA465}.Debug|x86.ActiveCfg = Debug|Any CPU
		{35DC2A36-5E24-4E09-8967-838C6EDCA465}.DVD-5|Any CPU.ActiveCfg = Debug|Any CPU
		{35DC2A36-5E24-4E09-8967-838C6EDCA465}.DVD-5|Any CPU.Build.0 = Debug|Any CPU
		{35DC2A36-5E24-4E09-8967-838C6EDCA465}.DVD-5|Mixed Platforms.ActiveCfg = Debug|Any CPU
		{35DC2A36-5E24-4E09-8967-838C6EDCA465}.DVD-5|Mixed Platforms.Build.0 = Debug|Any CPU
		{35DC2A36-5E24-4E09-8967-838C6EDCA465}.DVD-5|x86.ActiveCfg = Debug|Any CPU
		{35DC2A36-5E24-4E09-8967-838C6EDCA465}.Release|Any CPU.ActiveCfg = Release|Any CPU
		{35DC2A36-5E24-4E09-8967-838C6EDCA465}.Release|Any CPU.Build.0 = Release|Any CPU
		{35DC2A36-5E24-4E09-8967-838C6EDCA465}.Release|Mixed Platforms.ActiveCfg = Release|Any CPU
		{35DC2A36-5E24-4E09-8967-838C6EDCA465}.Release|Mixed Platforms.Build.0 = Release|Any CPU
		{35DC2A36-5E24-4E09-8967-838C6EDCA465}.Release|x86.ActiveCfg = Release|Any CPU
		{35DC2A36-5E24-4E09-8967-838C6EDCA465}.SingleImage|Any CPU.ActiveCfg = Release|Any CPU
		{35DC2A36-5E24-4E09-8967-838C6EDCA465}.SingleImage|Any CPU.Build.0 = Release|Any CPU
		{35DC2A36-5E24-4E09-8967-838C6EDCA465}.SingleImage|Mixed Platforms.ActiveCfg = Release|Any CPU
		{35DC2A36-5E24-4E09-8967-838C6EDCA465}.SingleImage|Mixed Platforms.Build.0 = Release|Any CPU
		{35DC2A36-5E24-4E09-8967-838C6EDCA465}.SingleImage|x86.ActiveCfg = Release|Any CPU
		{13D0B0B1-8C65-4BC4-8192-E6E9F4BAE6D6}.CD_ROM|Any CPU.ActiveCfg = Release|Any CPU
		{13D0B0B1-8C65-4BC4-8192-E6E9F4BAE6D6}.CD_ROM|Any CPU.Build.0 = Release|Any CPU
		{13D0B0B1-8C65-4BC4-8192-E6E9F4BAE6D6}.CD_ROM|Mixed Platforms.ActiveCfg = Release|Any CPU
		{13D0B0B1-8C65-4BC4-8192-E6E9F4BAE6D6}.CD_ROM|Mixed Platforms.Build.0 = Release|Any CPU
		{13D0B0B1-8C65-4BC4-8192-E6E9F4BAE6D6}.CD_ROM|x86.ActiveCfg = Release|Any CPU
		{13D0B0B1-8C65-4BC4-8192-E6E9F4BAE6D6}.Debug|Any CPU.ActiveCfg = Debug|Any CPU
		{13D0B0B1-8C65-4BC4-8192-E6E9F4BAE6D6}.Debug|Any CPU.Build.0 = Debug|Any CPU
		{13D0B0B1-8C65-4BC4-8192-E6E9F4BAE6D6}.Debug|Mixed Platforms.ActiveCfg = Debug|Any CPU
		{13D0B0B1-8C65-4BC4-8192-E6E9F4BAE6D6}.Debug|Mixed Platforms.Build.0 = Debug|Any CPU
		{13D0B0B1-8C65-4BC4-8192-E6E9F4BAE6D6}.Debug|x86.ActiveCfg = Debug|Any CPU
		{13D0B0B1-8C65-4BC4-8192-E6E9F4BAE6D6}.DVD-5|Any CPU.ActiveCfg = Debug|Any CPU
		{13D0B0B1-8C65-4BC4-8192-E6E9F4BAE6D6}.DVD-5|Any CPU.Build.0 = Debug|Any CPU
		{13D0B0B1-8C65-4BC4-8192-E6E9F4BAE6D6}.DVD-5|Mixed Platforms.ActiveCfg = Debug|Any CPU
		{13D0B0B1-8C65-4BC4-8192-E6E9F4BAE6D6}.DVD-5|Mixed Platforms.Build.0 = Debug|Any CPU
		{13D0B0B1-8C65-4BC4-8192-E6E9F4BAE6D6}.DVD-5|x86.ActiveCfg = Debug|Any CPU
		{13D0B0B1-8C65-4BC4-8192-E6E9F4BAE6D6}.Release|Any CPU.ActiveCfg = Release|Any CPU
		{13D0B0B1-8C65-4BC4-8192-E6E9F4BAE6D6}.Release|Any CPU.Build.0 = Release|Any CPU
		{13D0B0B1-8C65-4BC4-8192-E6E9F4BAE6D6}.Release|Mixed Platforms.ActiveCfg = Release|Any CPU
		{13D0B0B1-8C65-4BC4-8192-E6E9F4BAE6D6}.Release|Mixed Platforms.Build.0 = Release|Any CPU
		{13D0B0B1-8C65-4BC4-8192-E6E9F4BAE6D6}.Release|x86.ActiveCfg = Release|Any CPU
		{13D0B0B1-8C65-4BC4-8192-E6E9F4BAE6D6}.SingleImage|Any CPU.ActiveCfg = Release|Any CPU
		{13D0B0B1-8C65-4BC4-8192-E6E9F4BAE6D6}.SingleImage|Any CPU.Build.0 = Release|Any CPU
		{13D0B0B1-8C65-4BC4-8192-E6E9F4BAE6D6}.SingleImage|Mixed Platforms.ActiveCfg = Release|Any CPU
		{13D0B0B1-8C65-4BC4-8192-E6E9F4BAE6D6}.SingleImage|Mixed Platforms.Build.0 = Release|Any CPU
		{13D0B0B1-8C65-4BC4-8192-E6E9F4BAE6D6}.SingleImage|x86.ActiveCfg = Release|Any CPU
		{7ACCE531-FF37-41B6-A04B-8BEC2677F59A}.CD_ROM|Any CPU.ActiveCfg = Release|x86
		{7ACCE531-FF37-41B6-A04B-8BEC2677F59A}.CD_ROM|Mixed Platforms.ActiveCfg = Release|x86
		{7ACCE531-FF37-41B6-A04B-8BEC2677F59A}.CD_ROM|Mixed Platforms.Build.0 = Release|x86
		{7ACCE531-FF37-41B6-A04B-8BEC2677F59A}.CD_ROM|x86.ActiveCfg = Release|x86
		{7ACCE531-FF37-41B6-A04B-8BEC2677F59A}.CD_ROM|x86.Build.0 = Release|x86
		{7ACCE531-FF37-41B6-A04B-8BEC2677F59A}.Debug|Any CPU.ActiveCfg = Debug|x86
		{7ACCE531-FF37-41B6-A04B-8BEC2677F59A}.Debug|Any CPU.Build.0 = Debug|x86
		{7ACCE531-FF37-41B6-A04B-8BEC2677F59A}.Debug|Mixed Platforms.ActiveCfg = Debug|x86
		{7ACCE531-FF37-41B6-A04B-8BEC2677F59A}.Debug|Mixed Platforms.Build.0 = Debug|x86
		{7ACCE531-FF37-41B6-A04B-8BEC2677F59A}.Debug|x86.ActiveCfg = Debug|x86
		{7ACCE531-FF37-41B6-A04B-8BEC2677F59A}.Debug|x86.Build.0 = Debug|x86
		{7ACCE531-FF37-41B6-A04B-8BEC2677F59A}.DVD-5|Any CPU.ActiveCfg = Debug|x86
		{7ACCE531-FF37-41B6-A04B-8BEC2677F59A}.DVD-5|Mixed Platforms.ActiveCfg = Debug|x86
		{7ACCE531-FF37-41B6-A04B-8BEC2677F59A}.DVD-5|Mixed Platforms.Build.0 = Debug|x86
		{7ACCE531-FF37-41B6-A04B-8BEC2677F59A}.DVD-5|x86.ActiveCfg = Debug|x86
		{7ACCE531-FF37-41B6-A04B-8BEC2677F59A}.DVD-5|x86.Build.0 = Debug|x86
		{7ACCE531-FF37-41B6-A04B-8BEC2677F59A}.Release|Any CPU.ActiveCfg = Release|x86
		{7ACCE531-FF37-41B6-A04B-8BEC2677F59A}.Release|Mixed Platforms.ActiveCfg = Release|x86
		{7ACCE531-FF37-41B6-A04B-8BEC2677F59A}.Release|Mixed Platforms.Build.0 = Release|x86
		{7ACCE531-FF37-41B6-A04B-8BEC2677F59A}.Release|x86.ActiveCfg = Release|x86
		{7ACCE531-FF37-41B6-A04B-8BEC2677F59A}.Release|x86.Build.0 = Release|x86
		{7ACCE531-FF37-41B6-A04B-8BEC2677F59A}.SingleImage|Any CPU.ActiveCfg = Release|x86
		{7ACCE531-FF37-41B6-A04B-8BEC2677F59A}.SingleImage|Mixed Platforms.ActiveCfg = Release|x86
		{7ACCE531-FF37-41B6-A04B-8BEC2677F59A}.SingleImage|Mixed Platforms.Build.0 = Release|x86
		{7ACCE531-FF37-41B6-A04B-8BEC2677F59A}.SingleImage|x86.ActiveCfg = Release|x86
		{7ACCE531-FF37-41B6-A04B-8BEC2677F59A}.SingleImage|x86.Build.0 = Release|x86
		{091BCB44-6764-41CA-A255-C6DA6157092B}.CD_ROM|Any CPU.ActiveCfg = Release|Any CPU
		{091BCB44-6764-41CA-A255-C6DA6157092B}.CD_ROM|Any CPU.Build.0 = Release|Any CPU
		{091BCB44-6764-41CA-A255-C6DA6157092B}.CD_ROM|Mixed Platforms.ActiveCfg = Release|Any CPU
		{091BCB44-6764-41CA-A255-C6DA6157092B}.CD_ROM|Mixed Platforms.Build.0 = Release|Any CPU
		{091BCB44-6764-41CA-A255-C6DA6157092B}.CD_ROM|x86.ActiveCfg = Release|Any CPU
		{091BCB44-6764-41CA-A255-C6DA6157092B}.Debug|Any CPU.ActiveCfg = Debug|Any CPU
		{091BCB44-6764-41CA-A255-C6DA6157092B}.Debug|Any CPU.Build.0 = Debug|Any CPU
		{091BCB44-6764-41CA-A255-C6DA6157092B}.Debug|Mixed Platforms.ActiveCfg = Debug|Any CPU
		{091BCB44-6764-41CA-A255-C6DA6157092B}.Debug|Mixed Platforms.Build.0 = Debug|Any CPU
		{091BCB44-6764-41CA-A255-C6DA6157092B}.Debug|x86.ActiveCfg = Debug|Any CPU
		{091BCB44-6764-41CA-A255-C6DA6157092B}.DVD-5|Any CPU.ActiveCfg = Debug|Any CPU
		{091BCB44-6764-41CA-A255-C6DA6157092B}.DVD-5|Any CPU.Build.0 = Debug|Any CPU
		{091BCB44-6764-41CA-A255-C6DA6157092B}.DVD-5|Mixed Platforms.ActiveCfg = Debug|Any CPU
		{091BCB44-6764-41CA-A255-C6DA6157092B}.DVD-5|Mixed Platforms.Build.0 = Debug|Any CPU
		{091BCB44-6764-41CA-A255-C6DA6157092B}.DVD-5|x86.ActiveCfg = Debug|Any CPU
		{091BCB44-6764-41CA-A255-C6DA6157092B}.Release|Any CPU.ActiveCfg = Release|Any CPU
		{091BCB44-6764-41CA-A255-C6DA6157092B}.Release|Any CPU.Build.0 = Release|Any CPU
		{091BCB44-6764-41CA-A255-C6DA6157092B}.Release|Mixed Platforms.ActiveCfg = Release|Any CPU
		{091BCB44-6764-41CA-A255-C6DA6157092B}.Release|Mixed Platforms.Build.0 = Release|Any CPU
		{091BCB44-6764-41CA-A255-C6DA6157092B}.Release|x86.ActiveCfg = Release|Any CPU
		{091BCB44-6764-41CA-A255-C6DA6157092B}.SingleImage|Any CPU.ActiveCfg = Release|Any CPU
		{091BCB44-6764-41CA-A255-C6DA6157092B}.SingleImage|Any CPU.Build.0 = Release|Any CPU
		{091BCB44-6764-41CA-A255-C6DA6157092B}.SingleImage|Mixed Platforms.ActiveCfg = Release|Any CPU
		{091BCB44-6764-41CA-A255-C6DA6157092B}.SingleImage|Mixed Platforms.Build.0 = Release|Any CPU
		{091BCB44-6764-41CA-A255-C6DA6157092B}.SingleImage|x86.ActiveCfg = Release|Any CPU
		{A09FB96C-5029-4DDB-95CA-6A452EB81D0B}.CD_ROM|Any CPU.ActiveCfg = Release|Any CPU
		{A09FB96C-5029-4DDB-95CA-6A452EB81D0B}.CD_ROM|Any CPU.Build.0 = Release|Any CPU
		{A09FB96C-5029-4DDB-95CA-6A452EB81D0B}.CD_ROM|Mixed Platforms.ActiveCfg = Release|Any CPU
		{A09FB96C-5029-4DDB-95CA-6A452EB81D0B}.CD_ROM|Mixed Platforms.Build.0 = Release|Any CPU
		{A09FB96C-5029-4DDB-95CA-6A452EB81D0B}.CD_ROM|x86.ActiveCfg = Release|Any CPU
		{A09FB96C-5029-4DDB-95CA-6A452EB81D0B}.Debug|Any CPU.ActiveCfg = Debug|Any CPU
		{A09FB96C-5029-4DDB-95CA-6A452EB81D0B}.Debug|Any CPU.Build.0 = Debug|Any CPU
		{A09FB96C-5029-4DDB-95CA-6A452EB81D0B}.Debug|Mixed Platforms.ActiveCfg = Debug|Any CPU
		{A09FB96C-5029-4DDB-95CA-6A452EB81D0B}.Debug|Mixed Platforms.Build.0 = Debug|Any CPU
		{A09FB96C-5029-4DDB-95CA-6A452EB81D0B}.Debug|x86.ActiveCfg = Debug|Any CPU
		{A09FB96C-5029-4DDB-95CA-6A452EB81D0B}.DVD-5|Any CPU.ActiveCfg = Debug|Any CPU
		{A09FB96C-5029-4DDB-95CA-6A452EB81D0B}.DVD-5|Any CPU.Build.0 = Debug|Any CPU
		{A09FB96C-5029-4DDB-95CA-6A452EB81D0B}.DVD-5|Mixed Platforms.ActiveCfg = Debug|Any CPU
		{A09FB96C-5029-4DDB-95CA-6A452EB81D0B}.DVD-5|Mixed Platforms.Build.0 = Debug|Any CPU
		{A09FB96C-5029-4DDB-95CA-6A452EB81D0B}.DVD-5|x86.ActiveCfg = Debug|Any CPU
		{A09FB96C-5029-4DDB-95CA-6A452EB81D0B}.Release|Any CPU.ActiveCfg = Release|Any CPU
		{A09FB96C-5029-4DDB-95CA-6A452EB81D0B}.Release|Any CPU.Build.0 = Release|Any CPU
		{A09FB96C-5029-4DDB-95CA-6A452EB81D0B}.Release|Mixed Platforms.ActiveCfg = Release|Any CPU
		{A09FB96C-5029-4DDB-95CA-6A452EB81D0B}.Release|Mixed Platforms.Build.0 = Release|Any CPU
		{A09FB96C-5029-4DDB-95CA-6A452EB81D0B}.Release|x86.ActiveCfg = Release|Any CPU
		{A09FB96C-5029-4DDB-95CA-6A452EB81D0B}.SingleImage|Any CPU.ActiveCfg = Release|Any CPU
		{A09FB96C-5029-4DDB-95CA-6A452EB81D0B}.SingleImage|Any CPU.Build.0 = Release|Any CPU
		{A09FB96C-5029-4DDB-95CA-6A452EB81D0B}.SingleImage|Mixed Platforms.ActiveCfg = Release|Any CPU
		{A09FB96C-5029-4DDB-95CA-6A452EB81D0B}.SingleImage|Mixed Platforms.Build.0 = Release|Any CPU
		{A09FB96C-5029-4DDB-95CA-6A452EB81D0B}.SingleImage|x86.ActiveCfg = Release|Any CPU
		{7CB4EFF4-FB2B-4EF4-9A51-B6CAA95CB0A4}.CD_ROM|Any CPU.ActiveCfg = Release|Any CPU
		{7CB4EFF4-FB2B-4EF4-9A51-B6CAA95CB0A4}.CD_ROM|Any CPU.Build.0 = Release|Any CPU
		{7CB4EFF4-FB2B-4EF4-9A51-B6CAA95CB0A4}.CD_ROM|Mixed Platforms.ActiveCfg = Release|Any CPU
		{7CB4EFF4-FB2B-4EF4-9A51-B6CAA95CB0A4}.CD_ROM|Mixed Platforms.Build.0 = Release|Any CPU
		{7CB4EFF4-FB2B-4EF4-9A51-B6CAA95CB0A4}.CD_ROM|x86.ActiveCfg = Release|Any CPU
		{7CB4EFF4-FB2B-4EF4-9A51-B6CAA95CB0A4}.Debug|Any CPU.ActiveCfg = Debug|Any CPU
		{7CB4EFF4-FB2B-4EF4-9A51-B6CAA95CB0A4}.Debug|Any CPU.Build.0 = Debug|Any CPU
		{7CB4EFF4-FB2B-4EF4-9A51-B6CAA95CB0A4}.Debug|Mixed Platforms.ActiveCfg = Debug|Any CPU
		{7CB4EFF4-FB2B-4EF4-9A51-B6CAA95CB0A4}.Debug|Mixed Platforms.Build.0 = Debug|Any CPU
		{7CB4EFF4-FB2B-4EF4-9A51-B6CAA95CB0A4}.Debug|x86.ActiveCfg = Debug|Any CPU
		{7CB4EFF4-FB2B-4EF4-9A51-B6CAA95CB0A4}.DVD-5|Any CPU.ActiveCfg = Debug|Any CPU
		{7CB4EFF4-FB2B-4EF4-9A51-B6CAA95CB0A4}.DVD-5|Any CPU.Build.0 = Debug|Any CPU
		{7CB4EFF4-FB2B-4EF4-9A51-B6CAA95CB0A4}.DVD-5|Mixed Platforms.ActiveCfg = Debug|Any CPU
		{7CB4EFF4-FB2B-4EF4-9A51-B6CAA95CB0A4}.DVD-5|Mixed Platforms.Build.0 = Debug|Any CPU
		{7CB4EFF4-FB2B-4EF4-9A51-B6CAA95CB0A4}.DVD-5|x86.ActiveCfg = Debug|Any CPU
		{7CB4EFF4-FB2B-4EF4-9A51-B6CAA95CB0A4}.Release|Any CPU.ActiveCfg = Release|Any CPU
		{7CB4EFF4-FB2B-4EF4-9A51-B6CAA95CB0A4}.Release|Any CPU.Build.0 = Release|Any CPU
		{7CB4EFF4-FB2B-4EF4-9A51-B6CAA95CB0A4}.Release|Mixed Platforms.ActiveCfg = Release|Any CPU
		{7CB4EFF4-FB2B-4EF4-9A51-B6CAA95CB0A4}.Release|Mixed Platforms.Build.0 = Release|Any CPU
		{7CB4EFF4-FB2B-4EF4-9A51-B6CAA95CB0A4}.Release|x86.ActiveCfg = Release|Any CPU
		{7CB4EFF4-FB2B-4EF4-9A51-B6CAA95CB0A4}.SingleImage|Any CPU.ActiveCfg = Release|Any CPU
		{7CB4EFF4-FB2B-4EF4-9A51-B6CAA95CB0A4}.SingleImage|Any CPU.Build.0 = Release|Any CPU
		{7CB4EFF4-FB2B-4EF4-9A51-B6CAA95CB0A4}.SingleImage|Mixed Platforms.ActiveCfg = Release|Any CPU
		{7CB4EFF4-FB2B-4EF4-9A51-B6CAA95CB0A4}.SingleImage|Mixed Platforms.Build.0 = Release|Any CPU
		{7CB4EFF4-FB2B-4EF4-9A51-B6CAA95CB0A4}.SingleImage|x86.ActiveCfg = Release|Any CPU
		{EC932B4A-77CB-4292-A43D-D67E0D03DEA9}.CD_ROM|Any CPU.ActiveCfg = Release|Any CPU
		{EC932B4A-77CB-4292-A43D-D67E0D03DEA9}.CD_ROM|Any CPU.Build.0 = Release|Any CPU
		{EC932B4A-77CB-4292-A43D-D67E0D03DEA9}.CD_ROM|Mixed Platforms.ActiveCfg = Release|Any CPU
		{EC932B4A-77CB-4292-A43D-D67E0D03DEA9}.CD_ROM|Mixed Platforms.Build.0 = Release|Any CPU
		{EC932B4A-77CB-4292-A43D-D67E0D03DEA9}.CD_ROM|x86.ActiveCfg = Release|Any CPU
		{EC932B4A-77CB-4292-A43D-D67E0D03DEA9}.Debug|Any CPU.ActiveCfg = Debug|Any CPU
		{EC932B4A-77CB-4292-A43D-D67E0D03DEA9}.Debug|Any CPU.Build.0 = Debug|Any CPU
		{EC932B4A-77CB-4292-A43D-D67E0D03DEA9}.Debug|Mixed Platforms.ActiveCfg = Debug|Any CPU
		{EC932B4A-77CB-4292-A43D-D67E0D03DEA9}.Debug|Mixed Platforms.Build.0 = Debug|Any CPU
		{EC932B4A-77CB-4292-A43D-D67E0D03DEA9}.Debug|x86.ActiveCfg = Debug|Any CPU
		{EC932B4A-77CB-4292-A43D-D67E0D03DEA9}.DVD-5|Any CPU.ActiveCfg = Debug|Any CPU
		{EC932B4A-77CB-4292-A43D-D67E0D03DEA9}.DVD-5|Any CPU.Build.0 = Debug|Any CPU
		{EC932B4A-77CB-4292-A43D-D67E0D03DEA9}.DVD-5|Mixed Platforms.ActiveCfg = Debug|Any CPU
		{EC932B4A-77CB-4292-A43D-D67E0D03DEA9}.DVD-5|Mixed Platforms.Build.0 = Debug|Any CPU
		{EC932B4A-77CB-4292-A43D-D67E0D03DEA9}.DVD-5|x86.ActiveCfg = Debug|Any CPU
		{EC932B4A-77CB-4292-A43D-D67E0D03DEA9}.Release|Any CPU.ActiveCfg = Release|Any CPU
		{EC932B4A-77CB-4292-A43D-D67E0D03DEA9}.Release|Any CPU.Build.0 = Release|Any CPU
		{EC932B4A-77CB-4292-A43D-D67E0D03DEA9}.Release|Mixed Platforms.ActiveCfg = Release|Any CPU
		{EC932B4A-77CB-4292-A43D-D67E0D03DEA9}.Release|Mixed Platforms.Build.0 = Release|Any CPU
		{EC932B4A-77CB-4292-A43D-D67E0D03DEA9}.Release|x86.ActiveCfg = Release|Any CPU
		{EC932B4A-77CB-4292-A43D-D67E0D03DEA9}.SingleImage|Any CPU.ActiveCfg = Release|Any CPU
		{EC932B4A-77CB-4292-A43D-D67E0D03DEA9}.SingleImage|Any CPU.Build.0 = Release|Any CPU
		{EC932B4A-77CB-4292-A43D-D67E0D03DEA9}.SingleImage|Mixed Platforms.ActiveCfg = Release|Any CPU
		{EC932B4A-77CB-4292-A43D-D67E0D03DEA9}.SingleImage|Mixed Platforms.Build.0 = Release|Any CPU
		{EC932B4A-77CB-4292-A43D-D67E0D03DEA9}.SingleImage|x86.ActiveCfg = Release|Any CPU
		{A89DC973-7696-4E03-AD45-416B6163ABB5}.CD_ROM|Any CPU.ActiveCfg = Release|Any CPU
		{A89DC973-7696-4E03-AD45-416B6163ABB5}.CD_ROM|Any CPU.Build.0 = Release|Any CPU
		{A89DC973-7696-4E03-AD45-416B6163ABB5}.CD_ROM|Mixed Platforms.ActiveCfg = Release|Any CPU
		{A89DC973-7696-4E03-AD45-416B6163ABB5}.CD_ROM|Mixed Platforms.Build.0 = Release|Any CPU
		{A89DC973-7696-4E03-AD45-416B6163ABB5}.CD_ROM|x86.ActiveCfg = Release|Any CPU
		{A89DC973-7696-4E03-AD45-416B6163ABB5}.Debug|Any CPU.ActiveCfg = Debug|Any CPU
		{A89DC973-7696-4E03-AD45-416B6163ABB5}.Debug|Any CPU.Build.0 = Debug|Any CPU
		{A89DC973-7696-4E03-AD45-416B6163ABB5}.Debug|Mixed Platforms.ActiveCfg = Debug|Any CPU
		{A89DC973-7696-4E03-AD45-416B6163ABB5}.Debug|Mixed Platforms.Build.0 = Debug|Any CPU
		{A89DC973-7696-4E03-AD45-416B6163ABB5}.Debug|x86.ActiveCfg = Debug|Any CPU
		{A89DC973-7696-4E03-AD45-416B6163ABB5}.DVD-5|Any CPU.ActiveCfg = Debug|Any CPU
		{A89DC973-7696-4E03-AD45-416B6163ABB5}.DVD-5|Any CPU.Build.0 = Debug|Any CPU
		{A89DC973-7696-4E03-AD45-416B6163ABB5}.DVD-5|Mixed Platforms.ActiveCfg = Debug|Any CPU
		{A89DC973-7696-4E03-AD45-416B6163ABB5}.DVD-5|Mixed Platforms.Build.0 = Debug|Any CPU
		{A89DC973-7696-4E03-AD45-416B6163ABB5}.DVD-5|x86.ActiveCfg = Debug|Any CPU
		{A89DC973-7696-4E03-AD45-416B6163ABB5}.Release|Any CPU.ActiveCfg = Release|Any CPU
		{A89DC973-7696-4E03-AD45-416B6163ABB5}.Release|Any CPU.Build.0 = Release|Any CPU
		{A89DC973-7696-4E03-AD45-416B6163ABB5}.Release|Mixed Platforms.ActiveCfg = Release|Any CPU
		{A89DC973-7696-4E03-AD45-416B6163ABB5}.Release|Mixed Platforms.Build.0 = Release|Any CPU
		{A89DC973-7696-4E03-AD45-416B6163ABB5}.Release|x86.ActiveCfg = Release|Any CPU
		{A89DC973-7696-4E03-AD45-416B6163ABB5}.SingleImage|Any CPU.ActiveCfg = Release|Any CPU
		{A89DC973-7696-4E03-AD45-416B6163ABB5}.SingleImage|Any CPU.Build.0 = Release|Any CPU
		{A89DC973-7696-4E03-AD45-416B6163ABB5}.SingleImage|Mixed Platforms.ActiveCfg = Release|Any CPU
		{A89DC973-7696-4E03-AD45-416B6163ABB5}.SingleImage|Mixed Platforms.Build.0 = Release|Any CPU
		{A89DC973-7696-4E03-AD45-416B6163ABB5}.SingleImage|x86.ActiveCfg = Release|Any CPU
		{E1DF0F49-15CB-4895-9E0A-3B0F4C37843B}.CD_ROM|Any CPU.ActiveCfg = Release|Any CPU
		{E1DF0F49-15CB-4895-9E0A-3B0F4C37843B}.CD_ROM|Any CPU.Build.0 = Release|Any CPU
		{E1DF0F49-15CB-4895-9E0A-3B0F4C37843B}.CD_ROM|Mixed Platforms.ActiveCfg = Release|Any CPU
		{E1DF0F49-15CB-4895-9E0A-3B0F4C37843B}.CD_ROM|Mixed Platforms.Build.0 = Release|Any CPU
		{E1DF0F49-15CB-4895-9E0A-3B0F4C37843B}.CD_ROM|x86.ActiveCfg = Release|Any CPU
		{E1DF0F49-15CB-4895-9E0A-3B0F4C37843B}.Debug|Any CPU.ActiveCfg = Debug|Any CPU
		{E1DF0F49-15CB-4895-9E0A-3B0F4C37843B}.Debug|Any CPU.Build.0 = Debug|Any CPU
		{E1DF0F49-15CB-4895-9E0A-3B0F4C37843B}.Debug|Mixed Platforms.ActiveCfg = Debug|Any CPU
		{E1DF0F49-15CB-4895-9E0A-3B0F4C37843B}.Debug|Mixed Platforms.Build.0 = Debug|Any CPU
		{E1DF0F49-15CB-4895-9E0A-3B0F4C37843B}.Debug|x86.ActiveCfg = Debug|Any CPU
		{E1DF0F49-15CB-4895-9E0A-3B0F4C37843B}.DVD-5|Any CPU.ActiveCfg = Debug|Any CPU
		{E1DF0F49-15CB-4895-9E0A-3B0F4C37843B}.DVD-5|Any CPU.Build.0 = Debug|Any CPU
		{E1DF0F49-15CB-4895-9E0A-3B0F4C37843B}.DVD-5|Mixed Platforms.ActiveCfg = Debug|Any CPU
		{E1DF0F49-15CB-4895-9E0A-3B0F4C37843B}.DVD-5|Mixed Platforms.Build.0 = Debug|Any CPU
		{E1DF0F49-15CB-4895-9E0A-3B0F4C37843B}.DVD-5|x86.ActiveCfg = Debug|Any CPU
		{E1DF0F49-15CB-4895-9E0A-3B0F4C37843B}.Release|Any CPU.ActiveCfg = Release|Any CPU
		{E1DF0F49-15CB-4895-9E0A-3B0F4C37843B}.Release|Any CPU.Build.0 = Release|Any CPU
		{E1DF0F49-15CB-4895-9E0A-3B0F4C37843B}.Release|Mixed Platforms.ActiveCfg = Release|Any CPU
		{E1DF0F49-15CB-4895-9E0A-3B0F4C37843B}.Release|Mixed Platforms.Build.0 = Release|Any CPU
		{E1DF0F49-15CB-4895-9E0A-3B0F4C37843B}.Release|x86.ActiveCfg = Release|Any CPU
		{E1DF0F49-15CB-4895-9E0A-3B0F4C37843B}.SingleImage|Any CPU.ActiveCfg = Release|Any CPU
		{E1DF0F49-15CB-4895-9E0A-3B0F4C37843B}.SingleImage|Any CPU.Build.0 = Release|Any CPU
		{E1DF0F49-15CB-4895-9E0A-3B0F4C37843B}.SingleImage|Mixed Platforms.ActiveCfg = Release|Any CPU
		{E1DF0F49-15CB-4895-9E0A-3B0F4C37843B}.SingleImage|Mixed Platforms.Build.0 = Release|Any CPU
		{E1DF0F49-15CB-4895-9E0A-3B0F4C37843B}.SingleImage|x86.ActiveCfg = Release|Any CPU
		{872878FA-A84A-4CD3-856A-4EE9018819C5}.CD_ROM|Any CPU.ActiveCfg = Release|Any CPU
		{872878FA-A84A-4CD3-856A-4EE9018819C5}.CD_ROM|Any CPU.Build.0 = Release|Any CPU
		{872878FA-A84A-4CD3-856A-4EE9018819C5}.CD_ROM|Mixed Platforms.ActiveCfg = Release|Any CPU
		{872878FA-A84A-4CD3-856A-4EE9018819C5}.CD_ROM|Mixed Platforms.Build.0 = Release|Any CPU
		{872878FA-A84A-4CD3-856A-4EE9018819C5}.CD_ROM|x86.ActiveCfg = Release|Any CPU
		{872878FA-A84A-4CD3-856A-4EE9018819C5}.Debug|Any CPU.ActiveCfg = Debug|Any CPU
		{872878FA-A84A-4CD3-856A-4EE9018819C5}.Debug|Any CPU.Build.0 = Debug|Any CPU
		{872878FA-A84A-4CD3-856A-4EE9018819C5}.Debug|Mixed Platforms.ActiveCfg = Debug|Any CPU
		{872878FA-A84A-4CD3-856A-4EE9018819C5}.Debug|Mixed Platforms.Build.0 = Debug|Any CPU
		{872878FA-A84A-4CD3-856A-4EE9018819C5}.Debug|x86.ActiveCfg = Debug|Any CPU
		{872878FA-A84A-4CD3-856A-4EE9018819C5}.DVD-5|Any CPU.ActiveCfg = Debug|Any CPU
		{872878FA-A84A-4CD3-856A-4EE9018819C5}.DVD-5|Any CPU.Build.0 = Debug|Any CPU
		{872878FA-A84A-4CD3-856A-4EE9018819C5}.DVD-5|Mixed Platforms.ActiveCfg = Debug|Any CPU
		{872878FA-A84A-4CD3-856A-4EE9018819C5}.DVD-5|Mixed Platforms.Build.0 = Debug|Any CPU
		{872878FA-A84A-4CD3-856A-4EE9018819C5}.DVD-5|x86.ActiveCfg = Debug|Any CPU
		{872878FA-A84A-4CD3-856A-4EE9018819C5}.Release|Any CPU.ActiveCfg = Release|Any CPU
		{872878FA-A84A-4CD3-856A-4EE9018819C5}.Release|Any CPU.Build.0 = Release|Any CPU
		{872878FA-A84A-4CD3-856A-4EE9018819C5}.Release|Mixed Platforms.ActiveCfg = Release|Any CPU
		{872878FA-A84A-4CD3-856A-4EE9018819C5}.Release|Mixed Platforms.Build.0 = Release|Any CPU
		{872878FA-A84A-4CD3-856A-4EE9018819C5}.Release|x86.ActiveCfg = Release|Any CPU
		{872878FA-A84A-4CD3-856A-4EE9018819C5}.SingleImage|Any CPU.ActiveCfg = Release|Any CPU
		{872878FA-A84A-4CD3-856A-4EE9018819C5}.SingleImage|Any CPU.Build.0 = Release|Any CPU
		{872878FA-A84A-4CD3-856A-4EE9018819C5}.SingleImage|Mixed Platforms.ActiveCfg = Release|Any CPU
		{872878FA-A84A-4CD3-856A-4EE9018819C5}.SingleImage|Mixed Platforms.Build.0 = Release|Any CPU
		{872878FA-A84A-4CD3-856A-4EE9018819C5}.SingleImage|x86.ActiveCfg = Release|Any CPU
		{E181CB46-F04F-4A7F-B751-E334A5665D3E}.CD_ROM|Any CPU.ActiveCfg = Release|Any CPU
		{E181CB46-F04F-4A7F-B751-E334A5665D3E}.CD_ROM|Any CPU.Build.0 = Release|Any CPU
		{E181CB46-F04F-4A7F-B751-E334A5665D3E}.CD_ROM|Mixed Platforms.ActiveCfg = Release|Any CPU
		{E181CB46-F04F-4A7F-B751-E334A5665D3E}.CD_ROM|Mixed Platforms.Build.0 = Release|Any CPU
		{E181CB46-F04F-4A7F-B751-E334A5665D3E}.CD_ROM|x86.ActiveCfg = Release|Any CPU
		{E181CB46-F04F-4A7F-B751-E334A5665D3E}.Debug|Any CPU.ActiveCfg = Debug|Any CPU
		{E181CB46-F04F-4A7F-B751-E334A5665D3E}.Debug|Any CPU.Build.0 = Debug|Any CPU
		{E181CB46-F04F-4A7F-B751-E334A5665D3E}.Debug|Mixed Platforms.ActiveCfg = Debug|Any CPU
		{E181CB46-F04F-4A7F-B751-E334A5665D3E}.Debug|Mixed Platforms.Build.0 = Debug|Any CPU
		{E181CB46-F04F-4A7F-B751-E334A5665D3E}.Debug|x86.ActiveCfg = Debug|Any CPU
		{E181CB46-F04F-4A7F-B751-E334A5665D3E}.DVD-5|Any CPU.ActiveCfg = Debug|Any CPU
		{E181CB46-F04F-4A7F-B751-E334A5665D3E}.DVD-5|Any CPU.Build.0 = Debug|Any CPU
		{E181CB46-F04F-4A7F-B751-E334A5665D3E}.DVD-5|Mixed Platforms.ActiveCfg = Debug|Any CPU
		{E181CB46-F04F-4A7F-B751-E334A5665D3E}.DVD-5|Mixed Platforms.Build.0 = Debug|Any CPU
		{E181CB46-F04F-4A7F-B751-E334A5665D3E}.DVD-5|x86.ActiveCfg = Debug|Any CPU
		{E181CB46-F04F-4A7F-B751-E334A5665D3E}.Release|Any CPU.ActiveCfg = Release|Any CPU
		{E181CB46-F04F-4A7F-B751-E334A5665D3E}.Release|Any CPU.Build.0 = Release|Any CPU
		{E181CB46-F04F-4A7F-B751-E334A5665D3E}.Release|Mixed Platforms.ActiveCfg = Release|Any CPU
		{E181CB46-F04F-4A7F-B751-E334A5665D3E}.Release|Mixed Platforms.Build.0 = Release|Any CPU
		{E181CB46-F04F-4A7F-B751-E334A5665D3E}.Release|x86.ActiveCfg = Release|Any CPU
		{E181CB46-F04F-4A7F-B751-E334A5665D3E}.SingleImage|Any CPU.ActiveCfg = Release|Any CPU
		{E181CB46-F04F-4A7F-B751-E334A5665D3E}.SingleImage|Any CPU.Build.0 = Release|Any CPU
		{E181CB46-F04F-4A7F-B751-E334A5665D3E}.SingleImage|Mixed Platforms.ActiveCfg = Release|Any CPU
		{E181CB46-F04F-4A7F-B751-E334A5665D3E}.SingleImage|Mixed Platforms.Build.0 = Release|Any CPU
		{E181CB46-F04F-4A7F-B751-E334A5665D3E}.SingleImage|x86.ActiveCfg = Release|Any CPU
		{0CEACA1C-6246-4118-B6DD-D535594E4DF6}.CD_ROM|Any CPU.ActiveCfg = Release|Any CPU
		{0CEACA1C-6246-4118-B6DD-D535594E4DF6}.CD_ROM|Any CPU.Build.0 = Release|Any CPU
		{0CEACA1C-6246-4118-B6DD-D535594E4DF6}.CD_ROM|Mixed Platforms.ActiveCfg = Release|Any CPU
		{0CEACA1C-6246-4118-B6DD-D535594E4DF6}.CD_ROM|Mixed Platforms.Build.0 = Release|Any CPU
		{0CEACA1C-6246-4118-B6DD-D535594E4DF6}.CD_ROM|x86.ActiveCfg = Release|Any CPU
		{0CEACA1C-6246-4118-B6DD-D535594E4DF6}.Debug|Any CPU.ActiveCfg = Debug|Any CPU
		{0CEACA1C-6246-4118-B6DD-D535594E4DF6}.Debug|Any CPU.Build.0 = Debug|Any CPU
		{0CEACA1C-6246-4118-B6DD-D535594E4DF6}.Debug|Mixed Platforms.ActiveCfg = Debug|Any CPU
		{0CEACA1C-6246-4118-B6DD-D535594E4DF6}.Debug|Mixed Platforms.Build.0 = Debug|Any CPU
		{0CEACA1C-6246-4118-B6DD-D535594E4DF6}.Debug|x86.ActiveCfg = Debug|Any CPU
		{0CEACA1C-6246-4118-B6DD-D535594E4DF6}.DVD-5|Any CPU.ActiveCfg = Debug|Any CPU
		{0CEACA1C-6246-4118-B6DD-D535594E4DF6}.DVD-5|Any CPU.Build.0 = Debug|Any CPU
		{0CEACA1C-6246-4118-B6DD-D535594E4DF6}.DVD-5|Mixed Platforms.ActiveCfg = Debug|Any CPU
		{0CEACA1C-6246-4118-B6DD-D535594E4DF6}.DVD-5|Mixed Platforms.Build.0 = Debug|Any CPU
		{0CEACA1C-6246-4118-B6DD-D535594E4DF6}.DVD-5|x86.ActiveCfg = Debug|Any CPU
		{0CEACA1C-6246-4118-B6DD-D535594E4DF6}.Release|Any CPU.ActiveCfg = Release|Any CPU
		{0CEACA1C-6246-4118-B6DD-D535594E4DF6}.Release|Any CPU.Build.0 = Release|Any CPU
		{0CEACA1C-6246-4118-B6DD-D535594E4DF6}.Release|Mixed Platforms.ActiveCfg = Release|Any CPU
		{0CEACA1C-6246-4118-B6DD-D535594E4DF6}.Release|Mixed Platforms.Build.0 = Release|Any CPU
		{0CEACA1C-6246-4118-B6DD-D535594E4DF6}.Release|x86.ActiveCfg = Release|Any CPU
		{0CEACA1C-6246-4118-B6DD-D535594E4DF6}.SingleImage|Any CPU.ActiveCfg = Release|Any CPU
		{0CEACA1C-6246-4118-B6DD-D535594E4DF6}.SingleImage|Any CPU.Build.0 = Release|Any CPU
		{0CEACA1C-6246-4118-B6DD-D535594E4DF6}.SingleImage|Mixed Platforms.ActiveCfg = Release|Any CPU
		{0CEACA1C-6246-4118-B6DD-D535594E4DF6}.SingleImage|Mixed Platforms.Build.0 = Release|Any CPU
		{0CEACA1C-6246-4118-B6DD-D535594E4DF6}.SingleImage|x86.ActiveCfg = Release|Any CPU
		{4FBAAC02-F6D3-4980-91A3-75D3B3B26BB8}.CD_ROM|Any CPU.ActiveCfg = Release|Any CPU
		{4FBAAC02-F6D3-4980-91A3-75D3B3B26BB8}.CD_ROM|Any CPU.Build.0 = Release|Any CPU
		{4FBAAC02-F6D3-4980-91A3-75D3B3B26BB8}.CD_ROM|Mixed Platforms.ActiveCfg = Release|Any CPU
		{4FBAAC02-F6D3-4980-91A3-75D3B3B26BB8}.CD_ROM|Mixed Platforms.Build.0 = Release|Any CPU
		{4FBAAC02-F6D3-4980-91A3-75D3B3B26BB8}.CD_ROM|x86.ActiveCfg = Release|Any CPU
		{4FBAAC02-F6D3-4980-91A3-75D3B3B26BB8}.Debug|Any CPU.ActiveCfg = Debug|Any CPU
		{4FBAAC02-F6D3-4980-91A3-75D3B3B26BB8}.Debug|Any CPU.Build.0 = Debug|Any CPU
		{4FBAAC02-F6D3-4980-91A3-75D3B3B26BB8}.Debug|Mixed Platforms.ActiveCfg = Debug|Any CPU
		{4FBAAC02-F6D3-4980-91A3-75D3B3B26BB8}.Debug|Mixed Platforms.Build.0 = Debug|Any CPU
		{4FBAAC02-F6D3-4980-91A3-75D3B3B26BB8}.Debug|x86.ActiveCfg = Debug|Any CPU
		{4FBAAC02-F6D3-4980-91A3-75D3B3B26BB8}.DVD-5|Any CPU.ActiveCfg = Debug|Any CPU
		{4FBAAC02-F6D3-4980-91A3-75D3B3B26BB8}.DVD-5|Any CPU.Build.0 = Debug|Any CPU
		{4FBAAC02-F6D3-4980-91A3-75D3B3B26BB8}.DVD-5|Mixed Platforms.ActiveCfg = Debug|Any CPU
		{4FBAAC02-F6D3-4980-91A3-75D3B3B26BB8}.DVD-5|Mixed Platforms.Build.0 = Debug|Any CPU
		{4FBAAC02-F6D3-4980-91A3-75D3B3B26BB8}.DVD-5|x86.ActiveCfg = Debug|Any CPU
		{4FBAAC02-F6D3-4980-91A3-75D3B3B26BB8}.Release|Any CPU.ActiveCfg = Release|Any CPU
		{4FBAAC02-F6D3-4980-91A3-75D3B3B26BB8}.Release|Any CPU.Build.0 = Release|Any CPU
		{4FBAAC02-F6D3-4980-91A3-75D3B3B26BB8}.Release|Mixed Platforms.ActiveCfg = Release|Any CPU
		{4FBAAC02-F6D3-4980-91A3-75D3B3B26BB8}.Release|Mixed Platforms.Build.0 = Release|Any CPU
		{4FBAAC02-F6D3-4980-91A3-75D3B3B26BB8}.Release|x86.ActiveCfg = Release|Any CPU
		{4FBAAC02-F6D3-4980-91A3-75D3B3B26BB8}.SingleImage|Any CPU.ActiveCfg = Release|Any CPU
		{4FBAAC02-F6D3-4980-91A3-75D3B3B26BB8}.SingleImage|Any CPU.Build.0 = Release|Any CPU
		{4FBAAC02-F6D3-4980-91A3-75D3B3B26BB8}.SingleImage|Mixed Platforms.ActiveCfg = Release|Any CPU
		{4FBAAC02-F6D3-4980-91A3-75D3B3B26BB8}.SingleImage|Mixed Platforms.Build.0 = Release|Any CPU
		{4FBAAC02-F6D3-4980-91A3-75D3B3B26BB8}.SingleImage|x86.ActiveCfg = Release|Any CPU
		{F5E270CF-6B83-4879-9B04-773B87F80B0E}.CD_ROM|Any CPU.ActiveCfg = Release|Any CPU
		{F5E270CF-6B83-4879-9B04-773B87F80B0E}.CD_ROM|Any CPU.Build.0 = Release|Any CPU
		{F5E270CF-6B83-4879-9B04-773B87F80B0E}.CD_ROM|Mixed Platforms.ActiveCfg = Release|Any CPU
		{F5E270CF-6B83-4879-9B04-773B87F80B0E}.CD_ROM|Mixed Platforms.Build.0 = Release|Any CPU
		{F5E270CF-6B83-4879-9B04-773B87F80B0E}.CD_ROM|x86.ActiveCfg = Release|Any CPU
		{F5E270CF-6B83-4879-9B04-773B87F80B0E}.Debug|Any CPU.ActiveCfg = Debug|Any CPU
		{F5E270CF-6B83-4879-9B04-773B87F80B0E}.Debug|Any CPU.Build.0 = Debug|Any CPU
		{F5E270CF-6B83-4879-9B04-773B87F80B0E}.Debug|Mixed Platforms.ActiveCfg = Debug|Any CPU
		{F5E270CF-6B83-4879-9B04-773B87F80B0E}.Debug|Mixed Platforms.Build.0 = Debug|Any CPU
		{F5E270CF-6B83-4879-9B04-773B87F80B0E}.Debug|x86.ActiveCfg = Debug|Any CPU
		{F5E270CF-6B83-4879-9B04-773B87F80B0E}.DVD-5|Any CPU.ActiveCfg = Debug|Any CPU
		{F5E270CF-6B83-4879-9B04-773B87F80B0E}.DVD-5|Any CPU.Build.0 = Debug|Any CPU
		{F5E270CF-6B83-4879-9B04-773B87F80B0E}.DVD-5|Mixed Platforms.ActiveCfg = Debug|Any CPU
		{F5E270CF-6B83-4879-9B04-773B87F80B0E}.DVD-5|Mixed Platforms.Build.0 = Debug|Any CPU
		{F5E270CF-6B83-4879-9B04-773B87F80B0E}.DVD-5|x86.ActiveCfg = Debug|Any CPU
		{F5E270CF-6B83-4879-9B04-773B87F80B0E}.Release|Any CPU.ActiveCfg = Release|Any CPU
		{F5E270CF-6B83-4879-9B04-773B87F80B0E}.Release|Any CPU.Build.0 = Release|Any CPU
		{F5E270CF-6B83-4879-9B04-773B87F80B0E}.Release|Mixed Platforms.ActiveCfg = Release|Any CPU
		{F5E270CF-6B83-4879-9B04-773B87F80B0E}.Release|Mixed Platforms.Build.0 = Release|Any CPU
		{F5E270CF-6B83-4879-9B04-773B87F80B0E}.Release|x86.ActiveCfg = Release|Any CPU
		{F5E270CF-6B83-4879-9B04-773B87F80B0E}.SingleImage|Any CPU.ActiveCfg = Release|Any CPU
		{F5E270CF-6B83-4879-9B04-773B87F80B0E}.SingleImage|Any CPU.Build.0 = Release|Any CPU
		{F5E270CF-6B83-4879-9B04-773B87F80B0E}.SingleImage|Mixed Platforms.ActiveCfg = Release|Any CPU
		{F5E270CF-6B83-4879-9B04-773B87F80B0E}.SingleImage|Mixed Platforms.Build.0 = Release|Any CPU
		{F5E270CF-6B83-4879-9B04-773B87F80B0E}.SingleImage|x86.ActiveCfg = Release|Any CPU
		{4F5EDC5B-31FA-4904-BD11-2CF1790AE234}.CD_ROM|Any CPU.ActiveCfg = Release|Any CPU
		{4F5EDC5B-31FA-4904-BD11-2CF1790AE234}.CD_ROM|Any CPU.Build.0 = Release|Any CPU
		{4F5EDC5B-31FA-4904-BD11-2CF1790AE234}.CD_ROM|Mixed Platforms.ActiveCfg = Release|Any CPU
		{4F5EDC5B-31FA-4904-BD11-2CF1790AE234}.CD_ROM|Mixed Platforms.Build.0 = Release|Any CPU
		{4F5EDC5B-31FA-4904-BD11-2CF1790AE234}.CD_ROM|x86.ActiveCfg = Release|Any CPU
		{4F5EDC5B-31FA-4904-BD11-2CF1790AE234}.Debug|Any CPU.ActiveCfg = Debug|Any CPU
		{4F5EDC5B-31FA-4904-BD11-2CF1790AE234}.Debug|Any CPU.Build.0 = Debug|Any CPU
		{4F5EDC5B-31FA-4904-BD11-2CF1790AE234}.Debug|Mixed Platforms.ActiveCfg = Debug|Any CPU
		{4F5EDC5B-31FA-4904-BD11-2CF1790AE234}.Debug|Mixed Platforms.Build.0 = Debug|Any CPU
		{4F5EDC5B-31FA-4904-BD11-2CF1790AE234}.Debug|x86.ActiveCfg = Debug|Any CPU
		{4F5EDC5B-31FA-4904-BD11-2CF1790AE234}.DVD-5|Any CPU.ActiveCfg = Debug|Any CPU
		{4F5EDC5B-31FA-4904-BD11-2CF1790AE234}.DVD-5|Any CPU.Build.0 = Debug|Any CPU
		{4F5EDC5B-31FA-4904-BD11-2CF1790AE234}.DVD-5|Mixed Platforms.ActiveCfg = Debug|Any CPU
		{4F5EDC5B-31FA-4904-BD11-2CF1790AE234}.DVD-5|Mixed Platforms.Build.0 = Debug|Any CPU
		{4F5EDC5B-31FA-4904-BD11-2CF1790AE234}.DVD-5|x86.ActiveCfg = Debug|Any CPU
		{4F5EDC5B-31FA-4904-BD11-2CF1790AE234}.Release|Any CPU.ActiveCfg = Release|Any CPU
		{4F5EDC5B-31FA-4904-BD11-2CF1790AE234}.Release|Any CPU.Build.0 = Release|Any CPU
		{4F5EDC5B-31FA-4904-BD11-2CF1790AE234}.Release|Mixed Platforms.ActiveCfg = Release|Any CPU
		{4F5EDC5B-31FA-4904-BD11-2CF1790AE234}.Release|Mixed Platforms.Build.0 = Release|Any CPU
		{4F5EDC5B-31FA-4904-BD11-2CF1790AE234}.Release|x86.ActiveCfg = Release|Any CPU
		{4F5EDC5B-31FA-4904-BD11-2CF1790AE234}.SingleImage|Any CPU.ActiveCfg = Release|Any CPU
		{4F5EDC5B-31FA-4904-BD11-2CF1790AE234}.SingleImage|Any CPU.Build.0 = Release|Any CPU
		{4F5EDC5B-31FA-4904-BD11-2CF1790AE234}.SingleImage|Mixed Platforms.ActiveCfg = Release|Any CPU
		{4F5EDC5B-31FA-4904-BD11-2CF1790AE234}.SingleImage|Mixed Platforms.Build.0 = Release|Any CPU
		{4F5EDC5B-31FA-4904-BD11-2CF1790AE234}.SingleImage|x86.ActiveCfg = Release|Any CPU
		{9BA4DF6C-B4DA-40D4-8A33-795F0BED2622}.CD_ROM|Any CPU.ActiveCfg = Release|Any CPU
		{9BA4DF6C-B4DA-40D4-8A33-795F0BED2622}.CD_ROM|Any CPU.Build.0 = Release|Any CPU
		{9BA4DF6C-B4DA-40D4-8A33-795F0BED2622}.CD_ROM|Mixed Platforms.ActiveCfg = Release|Any CPU
		{9BA4DF6C-B4DA-40D4-8A33-795F0BED2622}.CD_ROM|Mixed Platforms.Build.0 = Release|Any CPU
		{9BA4DF6C-B4DA-40D4-8A33-795F0BED2622}.CD_ROM|x86.ActiveCfg = Release|Any CPU
		{9BA4DF6C-B4DA-40D4-8A33-795F0BED2622}.Debug|Any CPU.ActiveCfg = Debug|Any CPU
		{9BA4DF6C-B4DA-40D4-8A33-795F0BED2622}.Debug|Any CPU.Build.0 = Debug|Any CPU
		{9BA4DF6C-B4DA-40D4-8A33-795F0BED2622}.Debug|Mixed Platforms.ActiveCfg = Debug|Any CPU
		{9BA4DF6C-B4DA-40D4-8A33-795F0BED2622}.Debug|Mixed Platforms.Build.0 = Debug|Any CPU
		{9BA4DF6C-B4DA-40D4-8A33-795F0BED2622}.Debug|x86.ActiveCfg = Debug|Any CPU
		{9BA4DF6C-B4DA-40D4-8A33-795F0BED2622}.DVD-5|Any CPU.ActiveCfg = Debug|Any CPU
		{9BA4DF6C-B4DA-40D4-8A33-795F0BED2622}.DVD-5|Any CPU.Build.0 = Debug|Any CPU
		{9BA4DF6C-B4DA-40D4-8A33-795F0BED2622}.DVD-5|Mixed Platforms.ActiveCfg = Debug|Any CPU
		{9BA4DF6C-B4DA-40D4-8A33-795F0BED2622}.DVD-5|Mixed Platforms.Build.0 = Debug|Any CPU
		{9BA4DF6C-B4DA-40D4-8A33-795F0BED2622}.DVD-5|x86.ActiveCfg = Debug|Any CPU
		{9BA4DF6C-B4DA-40D4-8A33-795F0BED2622}.Release|Any CPU.ActiveCfg = Release|Any CPU
		{9BA4DF6C-B4DA-40D4-8A33-795F0BED2622}.Release|Any CPU.Build.0 = Release|Any CPU
		{9BA4DF6C-B4DA-40D4-8A33-795F0BED2622}.Release|Mixed Platforms.ActiveCfg = Release|Any CPU
		{9BA4DF6C-B4DA-40D4-8A33-795F0BED2622}.Release|Mixed Platforms.Build.0 = Release|Any CPU
		{9BA4DF6C-B4DA-40D4-8A33-795F0BED2622}.Release|x86.ActiveCfg = Release|Any CPU
		{9BA4DF6C-B4DA-40D4-8A33-795F0BED2622}.SingleImage|Any CPU.ActiveCfg = Release|Any CPU
		{9BA4DF6C-B4DA-40D4-8A33-795F0BED2622}.SingleImage|Any CPU.Build.0 = Release|Any CPU
		{9BA4DF6C-B4DA-40D4-8A33-795F0BED2622}.SingleImage|Mixed Platforms.ActiveCfg = Release|Any CPU
		{9BA4DF6C-B4DA-40D4-8A33-795F0BED2622}.SingleImage|Mixed Platforms.Build.0 = Release|Any CPU
		{9BA4DF6C-B4DA-40D4-8A33-795F0BED2622}.SingleImage|x86.ActiveCfg = Release|Any CPU
		{B880414E-3D1B-4B65-80C2-555BA5B650AD}.CD_ROM|Any CPU.ActiveCfg = Release|Any CPU
		{B880414E-3D1B-4B65-80C2-555BA5B650AD}.CD_ROM|Any CPU.Build.0 = Release|Any CPU
		{B880414E-3D1B-4B65-80C2-555BA5B650AD}.CD_ROM|Mixed Platforms.ActiveCfg = Release|Any CPU
		{B880414E-3D1B-4B65-80C2-555BA5B650AD}.CD_ROM|Mixed Platforms.Build.0 = Release|Any CPU
		{B880414E-3D1B-4B65-80C2-555BA5B650AD}.CD_ROM|x86.ActiveCfg = Release|Any CPU
		{B880414E-3D1B-4B65-80C2-555BA5B650AD}.Debug|Any CPU.ActiveCfg = Debug|Any CPU
		{B880414E-3D1B-4B65-80C2-555BA5B650AD}.Debug|Any CPU.Build.0 = Debug|Any CPU
		{B880414E-3D1B-4B65-80C2-555BA5B650AD}.Debug|Mixed Platforms.ActiveCfg = Debug|Any CPU
		{B880414E-3D1B-4B65-80C2-555BA5B650AD}.Debug|Mixed Platforms.Build.0 = Debug|Any CPU
		{B880414E-3D1B-4B65-80C2-555BA5B650AD}.Debug|x86.ActiveCfg = Debug|Any CPU
		{B880414E-3D1B-4B65-80C2-555BA5B650AD}.DVD-5|Any CPU.ActiveCfg = Debug|Any CPU
		{B880414E-3D1B-4B65-80C2-555BA5B650AD}.DVD-5|Any CPU.Build.0 = Debug|Any CPU
		{B880414E-3D1B-4B65-80C2-555BA5B650AD}.DVD-5|Mixed Platforms.ActiveCfg = Debug|Any CPU
		{B880414E-3D1B-4B65-80C2-555BA5B650AD}.DVD-5|Mixed Platforms.Build.0 = Debug|Any CPU
		{B880414E-3D1B-4B65-80C2-555BA5B650AD}.DVD-5|x86.ActiveCfg = Debug|Any CPU
		{B880414E-3D1B-4B65-80C2-555BA5B650AD}.Release|Any CPU.ActiveCfg = Release|Any CPU
		{B880414E-3D1B-4B65-80C2-555BA5B650AD}.Release|Any CPU.Build.0 = Release|Any CPU
		{B880414E-3D1B-4B65-80C2-555BA5B650AD}.Release|Mixed Platforms.ActiveCfg = Release|Any CPU
		{B880414E-3D1B-4B65-80C2-555BA5B650AD}.Release|Mixed Platforms.Build.0 = Release|Any CPU
		{B880414E-3D1B-4B65-80C2-555BA5B650AD}.Release|x86.ActiveCfg = Release|Any CPU
		{B880414E-3D1B-4B65-80C2-555BA5B650AD}.SingleImage|Any CPU.ActiveCfg = Release|Any CPU
		{B880414E-3D1B-4B65-80C2-555BA5B650AD}.SingleImage|Any CPU.Build.0 = Release|Any CPU
		{B880414E-3D1B-4B65-80C2-555BA5B650AD}.SingleImage|Mixed Platforms.ActiveCfg = Release|Any CPU
		{B880414E-3D1B-4B65-80C2-555BA5B650AD}.SingleImage|Mixed Platforms.Build.0 = Release|Any CPU
		{B880414E-3D1B-4B65-80C2-555BA5B650AD}.SingleImage|x86.ActiveCfg = Release|Any CPU
		{AF3E15D0-E445-48F4-90B5-805FEA131FAB}.CD_ROM|Any CPU.ActiveCfg = Release|Any CPU
		{AF3E15D0-E445-48F4-90B5-805FEA131FAB}.CD_ROM|Any CPU.Build.0 = Release|Any CPU
		{AF3E15D0-E445-48F4-90B5-805FEA131FAB}.CD_ROM|Mixed Platforms.ActiveCfg = Release|Any CPU
		{AF3E15D0-E445-48F4-90B5-805FEA131FAB}.CD_ROM|Mixed Platforms.Build.0 = Release|Any CPU
		{AF3E15D0-E445-48F4-90B5-805FEA131FAB}.CD_ROM|x86.ActiveCfg = Release|Any CPU
		{AF3E15D0-E445-48F4-90B5-805FEA131FAB}.Debug|Any CPU.ActiveCfg = Debug|Any CPU
		{AF3E15D0-E445-48F4-90B5-805FEA131FAB}.Debug|Any CPU.Build.0 = Debug|Any CPU
		{AF3E15D0-E445-48F4-90B5-805FEA131FAB}.Debug|Mixed Platforms.ActiveCfg = Debug|Any CPU
		{AF3E15D0-E445-48F4-90B5-805FEA131FAB}.Debug|Mixed Platforms.Build.0 = Debug|Any CPU
		{AF3E15D0-E445-48F4-90B5-805FEA131FAB}.Debug|x86.ActiveCfg = Debug|Any CPU
		{AF3E15D0-E445-48F4-90B5-805FEA131FAB}.DVD-5|Any CPU.ActiveCfg = Debug|Any CPU
		{AF3E15D0-E445-48F4-90B5-805FEA131FAB}.DVD-5|Any CPU.Build.0 = Debug|Any CPU
		{AF3E15D0-E445-48F4-90B5-805FEA131FAB}.DVD-5|Mixed Platforms.ActiveCfg = Debug|Any CPU
		{AF3E15D0-E445-48F4-90B5-805FEA131FAB}.DVD-5|Mixed Platforms.Build.0 = Debug|Any CPU
		{AF3E15D0-E445-48F4-90B5-805FEA131FAB}.DVD-5|x86.ActiveCfg = Debug|Any CPU
		{AF3E15D0-E445-48F4-90B5-805FEA131FAB}.Release|Any CPU.ActiveCfg = Release|Any CPU
		{AF3E15D0-E445-48F4-90B5-805FEA131FAB}.Release|Any CPU.Build.0 = Release|Any CPU
		{AF3E15D0-E445-48F4-90B5-805FEA131FAB}.Release|Mixed Platforms.ActiveCfg = Release|Any CPU
		{AF3E15D0-E445-48F4-90B5-805FEA131FAB}.Release|Mixed Platforms.Build.0 = Release|Any CPU
		{AF3E15D0-E445-48F4-90B5-805FEA131FAB}.Release|x86.ActiveCfg = Release|Any CPU
		{AF3E15D0-E445-48F4-90B5-805FEA131FAB}.SingleImage|Any CPU.ActiveCfg = Release|Any CPU
		{AF3E15D0-E445-48F4-90B5-805FEA131FAB}.SingleImage|Any CPU.Build.0 = Release|Any CPU
		{AF3E15D0-E445-48F4-90B5-805FEA131FAB}.SingleImage|Mixed Platforms.ActiveCfg = Release|Any CPU
		{AF3E15D0-E445-48F4-90B5-805FEA131FAB}.SingleImage|Mixed Platforms.Build.0 = Release|Any CPU
		{AF3E15D0-E445-48F4-90B5-805FEA131FAB}.SingleImage|x86.ActiveCfg = Release|Any CPU
		{9A210D03-F7A2-4CF6-B311-742A2A1949D4}.CD_ROM|Any CPU.ActiveCfg = Release|Any CPU
		{9A210D03-F7A2-4CF6-B311-742A2A1949D4}.CD_ROM|Any CPU.Build.0 = Release|Any CPU
		{9A210D03-F7A2-4CF6-B311-742A2A1949D4}.CD_ROM|Mixed Platforms.ActiveCfg = Release|Any CPU
		{9A210D03-F7A2-4CF6-B311-742A2A1949D4}.CD_ROM|Mixed Platforms.Build.0 = Release|Any CPU
		{9A210D03-F7A2-4CF6-B311-742A2A1949D4}.CD_ROM|x86.ActiveCfg = Release|Any CPU
		{9A210D03-F7A2-4CF6-B311-742A2A1949D4}.Debug|Any CPU.ActiveCfg = Debug|Any CPU
		{9A210D03-F7A2-4CF6-B311-742A2A1949D4}.Debug|Any CPU.Build.0 = Debug|Any CPU
		{9A210D03-F7A2-4CF6-B311-742A2A1949D4}.Debug|Mixed Platforms.ActiveCfg = Debug|Any CPU
		{9A210D03-F7A2-4CF6-B311-742A2A1949D4}.Debug|Mixed Platforms.Build.0 = Debug|Any CPU
		{9A210D03-F7A2-4CF6-B311-742A2A1949D4}.Debug|x86.ActiveCfg = Debug|Any CPU
		{9A210D03-F7A2-4CF6-B311-742A2A1949D4}.DVD-5|Any CPU.ActiveCfg = Debug|Any CPU
		{9A210D03-F7A2-4CF6-B311-742A2A1949D4}.DVD-5|Any CPU.Build.0 = Debug|Any CPU
		{9A210D03-F7A2-4CF6-B311-742A2A1949D4}.DVD-5|Mixed Platforms.ActiveCfg = Debug|Any CPU
		{9A210D03-F7A2-4CF6-B311-742A2A1949D4}.DVD-5|Mixed Platforms.Build.0 = Debug|Any CPU
		{9A210D03-F7A2-4CF6-B311-742A2A1949D4}.DVD-5|x86.ActiveCfg = Debug|Any CPU
		{9A210D03-F7A2-4CF6-B311-742A2A1949D4}.Release|Any CPU.ActiveCfg = Release|Any CPU
		{9A210D03-F7A2-4CF6-B311-742A2A1949D4}.Release|Any CPU.Build.0 = Release|Any CPU
		{9A210D03-F7A2-4CF6-B311-742A2A1949D4}.Release|Mixed Platforms.ActiveCfg = Release|Any CPU
		{9A210D03-F7A2-4CF6-B311-742A2A1949D4}.Release|Mixed Platforms.Build.0 = Release|Any CPU
		{9A210D03-F7A2-4CF6-B311-742A2A1949D4}.Release|x86.ActiveCfg = Release|Any CPU
		{9A210D03-F7A2-4CF6-B311-742A2A1949D4}.SingleImage|Any CPU.ActiveCfg = Release|Any CPU
		{9A210D03-F7A2-4CF6-B311-742A2A1949D4}.SingleImage|Any CPU.Build.0 = Release|Any CPU
		{9A210D03-F7A2-4CF6-B311-742A2A1949D4}.SingleImage|Mixed Platforms.ActiveCfg = Release|Any CPU
		{9A210D03-F7A2-4CF6-B311-742A2A1949D4}.SingleImage|Mixed Platforms.Build.0 = Release|Any CPU
		{9A210D03-F7A2-4CF6-B311-742A2A1949D4}.SingleImage|x86.ActiveCfg = Release|Any CPU
		{AC5E0579-E086-4592-A2A4-9E2373FA04F0}.CD_ROM|Any CPU.ActiveCfg = Release|Any CPU
		{AC5E0579-E086-4592-A2A4-9E2373FA04F0}.CD_ROM|Any CPU.Build.0 = Release|Any CPU
		{AC5E0579-E086-4592-A2A4-9E2373FA04F0}.CD_ROM|Mixed Platforms.ActiveCfg = Release|Any CPU
		{AC5E0579-E086-4592-A2A4-9E2373FA04F0}.CD_ROM|Mixed Platforms.Build.0 = Release|Any CPU
		{AC5E0579-E086-4592-A2A4-9E2373FA04F0}.CD_ROM|x86.ActiveCfg = Release|Any CPU
		{AC5E0579-E086-4592-A2A4-9E2373FA04F0}.Debug|Any CPU.ActiveCfg = Debug|Any CPU
		{AC5E0579-E086-4592-A2A4-9E2373FA04F0}.Debug|Any CPU.Build.0 = Debug|Any CPU
		{AC5E0579-E086-4592-A2A4-9E2373FA04F0}.Debug|Mixed Platforms.ActiveCfg = Debug|Any CPU
		{AC5E0579-E086-4592-A2A4-9E2373FA04F0}.Debug|Mixed Platforms.Build.0 = Debug|Any CPU
		{AC5E0579-E086-4592-A2A4-9E2373FA04F0}.Debug|x86.ActiveCfg = Debug|Any CPU
		{AC5E0579-E086-4592-A2A4-9E2373FA04F0}.DVD-5|Any CPU.ActiveCfg = Debug|Any CPU
		{AC5E0579-E086-4592-A2A4-9E2373FA04F0}.DVD-5|Any CPU.Build.0 = Debug|Any CPU
		{AC5E0579-E086-4592-A2A4-9E2373FA04F0}.DVD-5|Mixed Platforms.ActiveCfg = Debug|Any CPU
		{AC5E0579-E086-4592-A2A4-9E2373FA04F0}.DVD-5|Mixed Platforms.Build.0 = Debug|Any CPU
		{AC5E0579-E086-4592-A2A4-9E2373FA04F0}.DVD-5|x86.ActiveCfg = Debug|Any CPU
		{AC5E0579-E086-4592-A2A4-9E2373FA04F0}.Release|Any CPU.ActiveCfg = Release|Any CPU
		{AC5E0579-E086-4592-A2A4-9E2373FA04F0}.Release|Any CPU.Build.0 = Release|Any CPU
		{AC5E0579-E086-4592-A2A4-9E2373FA04F0}.Release|Mixed Platforms.ActiveCfg = Release|Any CPU
		{AC5E0579-E086-4592-A2A4-9E2373FA04F0}.Release|Mixed Platforms.Build.0 = Release|Any CPU
		{AC5E0579-E086-4592-A2A4-9E2373FA04F0}.Release|x86.ActiveCfg = Release|Any CPU
		{AC5E0579-E086-4592-A2A4-9E2373FA04F0}.SingleImage|Any CPU.ActiveCfg = Release|Any CPU
		{AC5E0579-E086-4592-A2A4-9E2373FA04F0}.SingleImage|Any CPU.Build.0 = Release|Any CPU
		{AC5E0579-E086-4592-A2A4-9E2373FA04F0}.SingleImage|Mixed Platforms.ActiveCfg = Release|Any CPU
		{AC5E0579-E086-4592-A2A4-9E2373FA04F0}.SingleImage|Mixed Platforms.Build.0 = Release|Any CPU
		{AC5E0579-E086-4592-A2A4-9E2373FA04F0}.SingleImage|x86.ActiveCfg = Release|Any CPU
		{14CF3AAD-D59F-4D55-A82F-5935A47E8946}.CD_ROM|Any CPU.ActiveCfg = Release|Any CPU
		{14CF3AAD-D59F-4D55-A82F-5935A47E8946}.CD_ROM|Any CPU.Build.0 = Release|Any CPU
		{14CF3AAD-D59F-4D55-A82F-5935A47E8946}.CD_ROM|Mixed Platforms.ActiveCfg = Release|Any CPU
		{14CF3AAD-D59F-4D55-A82F-5935A47E8946}.CD_ROM|Mixed Platforms.Build.0 = Release|Any CPU
		{14CF3AAD-D59F-4D55-A82F-5935A47E8946}.CD_ROM|x86.ActiveCfg = Release|Any CPU
		{14CF3AAD-D59F-4D55-A82F-5935A47E8946}.Debug|Any CPU.ActiveCfg = Debug|Any CPU
		{14CF3AAD-D59F-4D55-A82F-5935A47E8946}.Debug|Any CPU.Build.0 = Debug|Any CPU
		{14CF3AAD-D59F-4D55-A82F-5935A47E8946}.Debug|Mixed Platforms.ActiveCfg = Debug|Any CPU
		{14CF3AAD-D59F-4D55-A82F-5935A47E8946}.Debug|Mixed Platforms.Build.0 = Debug|Any CPU
		{14CF3AAD-D59F-4D55-A82F-5935A47E8946}.Debug|x86.ActiveCfg = Debug|Any CPU
		{14CF3AAD-D59F-4D55-A82F-5935A47E8946}.DVD-5|Any CPU.ActiveCfg = Debug|Any CPU
		{14CF3AAD-D59F-4D55-A82F-5935A47E8946}.DVD-5|Any CPU.Build.0 = Debug|Any CPU
		{14CF3AAD-D59F-4D55-A82F-5935A47E8946}.DVD-5|Mixed Platforms.ActiveCfg = Debug|Any CPU
		{14CF3AAD-D59F-4D55-A82F-5935A47E8946}.DVD-5|Mixed Platforms.Build.0 = Debug|Any CPU
		{14CF3AAD-D59F-4D55-A82F-5935A47E8946}.DVD-5|x86.ActiveCfg = Debug|Any CPU
		{14CF3AAD-D59F-4D55-A82F-5935A47E8946}.Release|Any CPU.ActiveCfg = Release|Any CPU
		{14CF3AAD-D59F-4D55-A82F-5935A47E8946}.Release|Any CPU.Build.0 = Release|Any CPU
		{14CF3AAD-D59F-4D55-A82F-5935A47E8946}.Release|Mixed Platforms.ActiveCfg = Release|Any CPU
		{14CF3AAD-D59F-4D55-A82F-5935A47E8946}.Release|Mixed Platforms.Build.0 = Release|Any CPU
		{14CF3AAD-D59F-4D55-A82F-5935A47E8946}.Release|x86.ActiveCfg = Release|Any CPU
		{14CF3AAD-D59F-4D55-A82F-5935A47E8946}.SingleImage|Any CPU.ActiveCfg = Release|Any CPU
		{14CF3AAD-D59F-4D55-A82F-5935A47E8946}.SingleImage|Any CPU.Build.0 = Release|Any CPU
		{14CF3AAD-D59F-4D55-A82F-5935A47E8946}.SingleImage|Mixed Platforms.ActiveCfg = Release|Any CPU
		{14CF3AAD-D59F-4D55-A82F-5935A47E8946}.SingleImage|Mixed Platforms.Build.0 = Release|Any CPU
		{14CF3AAD-D59F-4D55-A82F-5935A47E8946}.SingleImage|x86.ActiveCfg = Release|Any CPU
		{D16EE25D-E56B-416A-B1A3-CF07A45AB37E}.CD_ROM|Any CPU.ActiveCfg = Release|Any CPU
		{D16EE25D-E56B-416A-B1A3-CF07A45AB37E}.CD_ROM|Any CPU.Build.0 = Release|Any CPU
		{D16EE25D-E56B-416A-B1A3-CF07A45AB37E}.CD_ROM|Mixed Platforms.ActiveCfg = Release|Any CPU
		{D16EE25D-E56B-416A-B1A3-CF07A45AB37E}.CD_ROM|Mixed Platforms.Build.0 = Release|Any CPU
		{D16EE25D-E56B-416A-B1A3-CF07A45AB37E}.CD_ROM|x86.ActiveCfg = Release|Any CPU
		{D16EE25D-E56B-416A-B1A3-CF07A45AB37E}.Debug|Any CPU.ActiveCfg = Debug|Any CPU
		{D16EE25D-E56B-416A-B1A3-CF07A45AB37E}.Debug|Any CPU.Build.0 = Debug|Any CPU
		{D16EE25D-E56B-416A-B1A3-CF07A45AB37E}.Debug|Mixed Platforms.ActiveCfg = Debug|Any CPU
		{D16EE25D-E56B-416A-B1A3-CF07A45AB37E}.Debug|Mixed Platforms.Build.0 = Debug|Any CPU
		{D16EE25D-E56B-416A-B1A3-CF07A45AB37E}.Debug|x86.ActiveCfg = Debug|Any CPU
		{D16EE25D-E56B-416A-B1A3-CF07A45AB37E}.DVD-5|Any CPU.ActiveCfg = Debug|Any CPU
		{D16EE25D-E56B-416A-B1A3-CF07A45AB37E}.DVD-5|Any CPU.Build.0 = Debug|Any CPU
		{D16EE25D-E56B-416A-B1A3-CF07A45AB37E}.DVD-5|Mixed Platforms.ActiveCfg = Debug|Any CPU
		{D16EE25D-E56B-416A-B1A3-CF07A45AB37E}.DVD-5|Mixed Platforms.Build.0 = Debug|Any CPU
		{D16EE25D-E56B-416A-B1A3-CF07A45AB37E}.DVD-5|x86.ActiveCfg = Debug|Any CPU
		{D16EE25D-E56B-416A-B1A3-CF07A45AB37E}.Release|Any CPU.ActiveCfg = Release|Any CPU
		{D16EE25D-E56B-416A-B1A3-CF07A45AB37E}.Release|Any CPU.Build.0 = Release|Any CPU
		{D16EE25D-E56B-416A-B1A3-CF07A45AB37E}.Release|Mixed Platforms.ActiveCfg = Release|Any CPU
		{D16EE25D-E56B-416A-B1A3-CF07A45AB37E}.Release|Mixed Platforms.Build.0 = Release|Any CPU
		{D16EE25D-E56B-416A-B1A3-CF07A45AB37E}.Release|x86.ActiveCfg = Release|Any CPU
		{D16EE25D-E56B-416A-B1A3-CF07A45AB37E}.SingleImage|Any CPU.ActiveCfg = Release|Any CPU
		{D16EE25D-E56B-416A-B1A3-CF07A45AB37E}.SingleImage|Any CPU.Build.0 = Release|Any CPU
		{D16EE25D-E56B-416A-B1A3-CF07A45AB37E}.SingleImage|Mixed Platforms.ActiveCfg = Release|Any CPU
		{D16EE25D-E56B-416A-B1A3-CF07A45AB37E}.SingleImage|Mixed Platforms.Build.0 = Release|Any CPU
		{D16EE25D-E56B-416A-B1A3-CF07A45AB37E}.SingleImage|x86.ActiveCfg = Release|Any CPU
		{9919E724-6184-4773-B48D-D53986ECFCE2}.CD_ROM|Any CPU.ActiveCfg = Release|Any CPU
		{9919E724-6184-4773-B48D-D53986ECFCE2}.CD_ROM|Any CPU.Build.0 = Release|Any CPU
		{9919E724-6184-4773-B48D-D53986ECFCE2}.CD_ROM|Mixed Platforms.ActiveCfg = Release|Any CPU
		{9919E724-6184-4773-B48D-D53986ECFCE2}.CD_ROM|Mixed Platforms.Build.0 = Release|Any CPU
		{9919E724-6184-4773-B48D-D53986ECFCE2}.CD_ROM|x86.ActiveCfg = Release|Any CPU
		{9919E724-6184-4773-B48D-D53986ECFCE2}.Debug|Any CPU.ActiveCfg = Debug|Any CPU
		{9919E724-6184-4773-B48D-D53986ECFCE2}.Debug|Any CPU.Build.0 = Debug|Any CPU
		{9919E724-6184-4773-B48D-D53986ECFCE2}.Debug|Mixed Platforms.ActiveCfg = Debug|Any CPU
		{9919E724-6184-4773-B48D-D53986ECFCE2}.Debug|Mixed Platforms.Build.0 = Debug|Any CPU
		{9919E724-6184-4773-B48D-D53986ECFCE2}.Debug|x86.ActiveCfg = Debug|Any CPU
		{9919E724-6184-4773-B48D-D53986ECFCE2}.DVD-5|Any CPU.ActiveCfg = Debug|Any CPU
		{9919E724-6184-4773-B48D-D53986ECFCE2}.DVD-5|Any CPU.Build.0 = Debug|Any CPU
		{9919E724-6184-4773-B48D-D53986ECFCE2}.DVD-5|Mixed Platforms.ActiveCfg = Debug|Any CPU
		{9919E724-6184-4773-B48D-D53986ECFCE2}.DVD-5|Mixed Platforms.Build.0 = Debug|Any CPU
		{9919E724-6184-4773-B48D-D53986ECFCE2}.DVD-5|x86.ActiveCfg = Debug|Any CPU
		{9919E724-6184-4773-B48D-D53986ECFCE2}.Release|Any CPU.ActiveCfg = Release|Any CPU
		{9919E724-6184-4773-B48D-D53986ECFCE2}.Release|Any CPU.Build.0 = Release|Any CPU
		{9919E724-6184-4773-B48D-D53986ECFCE2}.Release|Mixed Platforms.ActiveCfg = Release|Any CPU
		{9919E724-6184-4773-B48D-D53986ECFCE2}.Release|Mixed Platforms.Build.0 = Release|Any CPU
		{9919E724-6184-4773-B48D-D53986ECFCE2}.Release|x86.ActiveCfg = Release|Any CPU
		{9919E724-6184-4773-B48D-D53986ECFCE2}.SingleImage|Any CPU.ActiveCfg = Release|Any CPU
		{9919E724-6184-4773-B48D-D53986ECFCE2}.SingleImage|Any CPU.Build.0 = Release|Any CPU
		{9919E724-6184-4773-B48D-D53986ECFCE2}.SingleImage|Mixed Platforms.ActiveCfg = Release|Any CPU
		{9919E724-6184-4773-B48D-D53986ECFCE2}.SingleImage|Mixed Platforms.Build.0 = Release|Any CPU
		{9919E724-6184-4773-B48D-D53986ECFCE2}.SingleImage|x86.ActiveCfg = Release|Any CPU
		{DAABC94B-69CC-4C8C-ABC7-D9AE05D94759}.CD_ROM|Any CPU.ActiveCfg = Release|Any CPU
		{DAABC94B-69CC-4C8C-ABC7-D9AE05D94759}.CD_ROM|Any CPU.Build.0 = Release|Any CPU
		{DAABC94B-69CC-4C8C-ABC7-D9AE05D94759}.CD_ROM|Mixed Platforms.ActiveCfg = Release|Any CPU
		{DAABC94B-69CC-4C8C-ABC7-D9AE05D94759}.CD_ROM|Mixed Platforms.Build.0 = Release|Any CPU
		{DAABC94B-69CC-4C8C-ABC7-D9AE05D94759}.CD_ROM|x86.ActiveCfg = Release|Any CPU
		{DAABC94B-69CC-4C8C-ABC7-D9AE05D94759}.Debug|Any CPU.ActiveCfg = Debug|Any CPU
		{DAABC94B-69CC-4C8C-ABC7-D9AE05D94759}.Debug|Any CPU.Build.0 = Debug|Any CPU
		{DAABC94B-69CC-4C8C-ABC7-D9AE05D94759}.Debug|Mixed Platforms.ActiveCfg = Debug|Any CPU
		{DAABC94B-69CC-4C8C-ABC7-D9AE05D94759}.Debug|Mixed Platforms.Build.0 = Debug|Any CPU
		{DAABC94B-69CC-4C8C-ABC7-D9AE05D94759}.Debug|x86.ActiveCfg = Debug|Any CPU
		{DAABC94B-69CC-4C8C-ABC7-D9AE05D94759}.DVD-5|Any CPU.ActiveCfg = Debug|Any CPU
		{DAABC94B-69CC-4C8C-ABC7-D9AE05D94759}.DVD-5|Any CPU.Build.0 = Debug|Any CPU
		{DAABC94B-69CC-4C8C-ABC7-D9AE05D94759}.DVD-5|Mixed Platforms.ActiveCfg = Debug|Any CPU
		{DAABC94B-69CC-4C8C-ABC7-D9AE05D94759}.DVD-5|Mixed Platforms.Build.0 = Debug|Any CPU
		{DAABC94B-69CC-4C8C-ABC7-D9AE05D94759}.DVD-5|x86.ActiveCfg = Debug|Any CPU
		{DAABC94B-69CC-4C8C-ABC7-D9AE05D94759}.Release|Any CPU.ActiveCfg = Release|Any CPU
		{DAABC94B-69CC-4C8C-ABC7-D9AE05D94759}.Release|Any CPU.Build.0 = Release|Any CPU
		{DAABC94B-69CC-4C8C-ABC7-D9AE05D94759}.Release|Mixed Platforms.ActiveCfg = Release|Any CPU
		{DAABC94B-69CC-4C8C-ABC7-D9AE05D94759}.Release|Mixed Platforms.Build.0 = Release|Any CPU
		{DAABC94B-69CC-4C8C-ABC7-D9AE05D94759}.Release|x86.ActiveCfg = Release|Any CPU
		{DAABC94B-69CC-4C8C-ABC7-D9AE05D94759}.SingleImage|Any CPU.ActiveCfg = Release|Any CPU
		{DAABC94B-69CC-4C8C-ABC7-D9AE05D94759}.SingleImage|Any CPU.Build.0 = Release|Any CPU
		{DAABC94B-69CC-4C8C-ABC7-D9AE05D94759}.SingleImage|Mixed Platforms.ActiveCfg = Release|Any CPU
		{DAABC94B-69CC-4C8C-ABC7-D9AE05D94759}.SingleImage|Mixed Platforms.Build.0 = Release|Any CPU
		{DAABC94B-69CC-4C8C-ABC7-D9AE05D94759}.SingleImage|x86.ActiveCfg = Release|Any CPU
		{5170A9BB-52E8-4001-8FCC-407CAEC11D81}.CD_ROM|Any CPU.ActiveCfg = Release|Any CPU
		{5170A9BB-52E8-4001-8FCC-407CAEC11D81}.CD_ROM|Any CPU.Build.0 = Release|Any CPU
		{5170A9BB-52E8-4001-8FCC-407CAEC11D81}.CD_ROM|Mixed Platforms.ActiveCfg = Release|Any CPU
		{5170A9BB-52E8-4001-8FCC-407CAEC11D81}.CD_ROM|Mixed Platforms.Build.0 = Release|Any CPU
		{5170A9BB-52E8-4001-8FCC-407CAEC11D81}.CD_ROM|x86.ActiveCfg = Release|Any CPU
		{5170A9BB-52E8-4001-8FCC-407CAEC11D81}.Debug|Any CPU.ActiveCfg = Debug|Any CPU
		{5170A9BB-52E8-4001-8FCC-407CAEC11D81}.Debug|Any CPU.Build.0 = Debug|Any CPU
		{5170A9BB-52E8-4001-8FCC-407CAEC11D81}.Debug|Mixed Platforms.ActiveCfg = Debug|Any CPU
		{5170A9BB-52E8-4001-8FCC-407CAEC11D81}.Debug|Mixed Platforms.Build.0 = Debug|Any CPU
		{5170A9BB-52E8-4001-8FCC-407CAEC11D81}.Debug|x86.ActiveCfg = Debug|Any CPU
		{5170A9BB-52E8-4001-8FCC-407CAEC11D81}.DVD-5|Any CPU.ActiveCfg = Debug|Any CPU
		{5170A9BB-52E8-4001-8FCC-407CAEC11D81}.DVD-5|Any CPU.Build.0 = Debug|Any CPU
		{5170A9BB-52E8-4001-8FCC-407CAEC11D81}.DVD-5|Mixed Platforms.ActiveCfg = Debug|Any CPU
		{5170A9BB-52E8-4001-8FCC-407CAEC11D81}.DVD-5|Mixed Platforms.Build.0 = Debug|Any CPU
		{5170A9BB-52E8-4001-8FCC-407CAEC11D81}.DVD-5|x86.ActiveCfg = Debug|Any CPU
		{5170A9BB-52E8-4001-8FCC-407CAEC11D81}.Release|Any CPU.ActiveCfg = Release|Any CPU
		{5170A9BB-52E8-4001-8FCC-407CAEC11D81}.Release|Any CPU.Build.0 = Release|Any CPU
		{5170A9BB-52E8-4001-8FCC-407CAEC11D81}.Release|Mixed Platforms.ActiveCfg = Release|Any CPU
		{5170A9BB-52E8-4001-8FCC-407CAEC11D81}.Release|Mixed Platforms.Build.0 = Release|Any CPU
		{5170A9BB-52E8-4001-8FCC-407CAEC11D81}.Release|x86.ActiveCfg = Release|Any CPU
		{5170A9BB-52E8-4001-8FCC-407CAEC11D81}.SingleImage|Any CPU.ActiveCfg = Release|Any CPU
		{5170A9BB-52E8-4001-8FCC-407CAEC11D81}.SingleImage|Any CPU.Build.0 = Release|Any CPU
		{5170A9BB-52E8-4001-8FCC-407CAEC11D81}.SingleImage|Mixed Platforms.ActiveCfg = Release|Any CPU
		{5170A9BB-52E8-4001-8FCC-407CAEC11D81}.SingleImage|Mixed Platforms.Build.0 = Release|Any CPU
		{5170A9BB-52E8-4001-8FCC-407CAEC11D81}.SingleImage|x86.ActiveCfg = Release|Any CPU
		{C4FB3423-CE73-4B44-A7FB-AFCD71F947D2}.CD_ROM|Any CPU.ActiveCfg = Release|Any CPU
		{C4FB3423-CE73-4B44-A7FB-AFCD71F947D2}.CD_ROM|Any CPU.Build.0 = Release|Any CPU
		{C4FB3423-CE73-4B44-A7FB-AFCD71F947D2}.CD_ROM|Mixed Platforms.ActiveCfg = Release|Any CPU
		{C4FB3423-CE73-4B44-A7FB-AFCD71F947D2}.CD_ROM|Mixed Platforms.Build.0 = Release|Any CPU
		{C4FB3423-CE73-4B44-A7FB-AFCD71F947D2}.CD_ROM|x86.ActiveCfg = Release|Any CPU
		{C4FB3423-CE73-4B44-A7FB-AFCD71F947D2}.Debug|Any CPU.ActiveCfg = Debug|Any CPU
		{C4FB3423-CE73-4B44-A7FB-AFCD71F947D2}.Debug|Any CPU.Build.0 = Debug|Any CPU
		{C4FB3423-CE73-4B44-A7FB-AFCD71F947D2}.Debug|Mixed Platforms.ActiveCfg = Debug|Any CPU
		{C4FB3423-CE73-4B44-A7FB-AFCD71F947D2}.Debug|Mixed Platforms.Build.0 = Debug|Any CPU
		{C4FB3423-CE73-4B44-A7FB-AFCD71F947D2}.Debug|x86.ActiveCfg = Debug|Any CPU
		{C4FB3423-CE73-4B44-A7FB-AFCD71F947D2}.DVD-5|Any CPU.ActiveCfg = Debug|Any CPU
		{C4FB3423-CE73-4B44-A7FB-AFCD71F947D2}.DVD-5|Any CPU.Build.0 = Debug|Any CPU
		{C4FB3423-CE73-4B44-A7FB-AFCD71F947D2}.DVD-5|Mixed Platforms.ActiveCfg = Debug|Any CPU
		{C4FB3423-CE73-4B44-A7FB-AFCD71F947D2}.DVD-5|Mixed Platforms.Build.0 = Debug|Any CPU
		{C4FB3423-CE73-4B44-A7FB-AFCD71F947D2}.DVD-5|x86.ActiveCfg = Debug|Any CPU
		{C4FB3423-CE73-4B44-A7FB-AFCD71F947D2}.Release|Any CPU.ActiveCfg = Release|Any CPU
		{C4FB3423-CE73-4B44-A7FB-AFCD71F947D2}.Release|Any CPU.Build.0 = Release|Any CPU
		{C4FB3423-CE73-4B44-A7FB-AFCD71F947D2}.Release|Mixed Platforms.ActiveCfg = Release|Any CPU
		{C4FB3423-CE73-4B44-A7FB-AFCD71F947D2}.Release|Mixed Platforms.Build.0 = Release|Any CPU
		{C4FB3423-CE73-4B44-A7FB-AFCD71F947D2}.Release|x86.ActiveCfg = Release|Any CPU
		{C4FB3423-CE73-4B44-A7FB-AFCD71F947D2}.SingleImage|Any CPU.ActiveCfg = Release|Any CPU
		{C4FB3423-CE73-4B44-A7FB-AFCD71F947D2}.SingleImage|Any CPU.Build.0 = Release|Any CPU
		{C4FB3423-CE73-4B44-A7FB-AFCD71F947D2}.SingleImage|Mixed Platforms.ActiveCfg = Release|Any CPU
		{C4FB3423-CE73-4B44-A7FB-AFCD71F947D2}.SingleImage|Mixed Platforms.Build.0 = Release|Any CPU
		{C4FB3423-CE73-4B44-A7FB-AFCD71F947D2}.SingleImage|x86.ActiveCfg = Release|Any CPU
		{88DF6FD6-C427-4320-8542-8B86A452E8C0}.CD_ROM|Any CPU.ActiveCfg = Release|Any CPU
		{88DF6FD6-C427-4320-8542-8B86A452E8C0}.CD_ROM|Any CPU.Build.0 = Release|Any CPU
		{88DF6FD6-C427-4320-8542-8B86A452E8C0}.CD_ROM|Mixed Platforms.ActiveCfg = Release|Any CPU
		{88DF6FD6-C427-4320-8542-8B86A452E8C0}.CD_ROM|Mixed Platforms.Build.0 = Release|Any CPU
		{88DF6FD6-C427-4320-8542-8B86A452E8C0}.CD_ROM|x86.ActiveCfg = Release|Any CPU
		{88DF6FD6-C427-4320-8542-8B86A452E8C0}.Debug|Any CPU.ActiveCfg = Debug|Any CPU
		{88DF6FD6-C427-4320-8542-8B86A452E8C0}.Debug|Any CPU.Build.0 = Debug|Any CPU
		{88DF6FD6-C427-4320-8542-8B86A452E8C0}.Debug|Mixed Platforms.ActiveCfg = Debug|Any CPU
		{88DF6FD6-C427-4320-8542-8B86A452E8C0}.Debug|Mixed Platforms.Build.0 = Debug|Any CPU
		{88DF6FD6-C427-4320-8542-8B86A452E8C0}.Debug|x86.ActiveCfg = Debug|Any CPU
		{88DF6FD6-C427-4320-8542-8B86A452E8C0}.DVD-5|Any CPU.ActiveCfg = Debug|Any CPU
		{88DF6FD6-C427-4320-8542-8B86A452E8C0}.DVD-5|Any CPU.Build.0 = Debug|Any CPU
		{88DF6FD6-C427-4320-8542-8B86A452E8C0}.DVD-5|Mixed Platforms.ActiveCfg = Debug|Any CPU
		{88DF6FD6-C427-4320-8542-8B86A452E8C0}.DVD-5|Mixed Platforms.Build.0 = Debug|Any CPU
		{88DF6FD6-C427-4320-8542-8B86A452E8C0}.DVD-5|x86.ActiveCfg = Debug|Any CPU
		{88DF6FD6-C427-4320-8542-8B86A452E8C0}.Release|Any CPU.ActiveCfg = Release|Any CPU
		{88DF6FD6-C427-4320-8542-8B86A452E8C0}.Release|Any CPU.Build.0 = Release|Any CPU
		{88DF6FD6-C427-4320-8542-8B86A452E8C0}.Release|Mixed Platforms.ActiveCfg = Release|Any CPU
		{88DF6FD6-C427-4320-8542-8B86A452E8C0}.Release|Mixed Platforms.Build.0 = Release|Any CPU
		{88DF6FD6-C427-4320-8542-8B86A452E8C0}.Release|x86.ActiveCfg = Release|Any CPU
		{88DF6FD6-C427-4320-8542-8B86A452E8C0}.SingleImage|Any CPU.ActiveCfg = Release|Any CPU
		{88DF6FD6-C427-4320-8542-8B86A452E8C0}.SingleImage|Any CPU.Build.0 = Release|Any CPU
		{88DF6FD6-C427-4320-8542-8B86A452E8C0}.SingleImage|Mixed Platforms.ActiveCfg = Release|Any CPU
		{88DF6FD6-C427-4320-8542-8B86A452E8C0}.SingleImage|Mixed Platforms.Build.0 = Release|Any CPU
		{88DF6FD6-C427-4320-8542-8B86A452E8C0}.SingleImage|x86.ActiveCfg = Release|Any CPU
		{1ED06D42-1F19-4DFC-A147-934ADF3FB73F}.CD_ROM|Any CPU.ActiveCfg = Release|Any CPU
		{1ED06D42-1F19-4DFC-A147-934ADF3FB73F}.CD_ROM|Any CPU.Build.0 = Release|Any CPU
		{1ED06D42-1F19-4DFC-A147-934ADF3FB73F}.CD_ROM|Mixed Platforms.ActiveCfg = Release|Any CPU
		{1ED06D42-1F19-4DFC-A147-934ADF3FB73F}.CD_ROM|Mixed Platforms.Build.0 = Release|Any CPU
		{1ED06D42-1F19-4DFC-A147-934ADF3FB73F}.CD_ROM|x86.ActiveCfg = Release|Any CPU
		{1ED06D42-1F19-4DFC-A147-934ADF3FB73F}.Debug|Any CPU.ActiveCfg = Debug|Any CPU
		{1ED06D42-1F19-4DFC-A147-934ADF3FB73F}.Debug|Any CPU.Build.0 = Debug|Any CPU
		{1ED06D42-1F19-4DFC-A147-934ADF3FB73F}.Debug|Mixed Platforms.ActiveCfg = Debug|Any CPU
		{1ED06D42-1F19-4DFC-A147-934ADF3FB73F}.Debug|Mixed Platforms.Build.0 = Debug|Any CPU
		{1ED06D42-1F19-4DFC-A147-934ADF3FB73F}.Debug|x86.ActiveCfg = Debug|Any CPU
		{1ED06D42-1F19-4DFC-A147-934ADF3FB73F}.DVD-5|Any CPU.ActiveCfg = Debug|Any CPU
		{1ED06D42-1F19-4DFC-A147-934ADF3FB73F}.DVD-5|Any CPU.Build.0 = Debug|Any CPU
		{1ED06D42-1F19-4DFC-A147-934ADF3FB73F}.DVD-5|Mixed Platforms.ActiveCfg = Debug|Any CPU
		{1ED06D42-1F19-4DFC-A147-934ADF3FB73F}.DVD-5|Mixed Platforms.Build.0 = Debug|Any CPU
		{1ED06D42-1F19-4DFC-A147-934ADF3FB73F}.DVD-5|x86.ActiveCfg = Debug|Any CPU
		{1ED06D42-1F19-4DFC-A147-934ADF3FB73F}.Release|Any CPU.ActiveCfg = Release|Any CPU
		{1ED06D42-1F19-4DFC-A147-934ADF3FB73F}.Release|Any CPU.Build.0 = Release|Any CPU
		{1ED06D42-1F19-4DFC-A147-934ADF3FB73F}.Release|Mixed Platforms.ActiveCfg = Release|Any CPU
		{1ED06D42-1F19-4DFC-A147-934ADF3FB73F}.Release|Mixed Platforms.Build.0 = Release|Any CPU
		{1ED06D42-1F19-4DFC-A147-934ADF3FB73F}.Release|x86.ActiveCfg = Release|Any CPU
		{1ED06D42-1F19-4DFC-A147-934ADF3FB73F}.SingleImage|Any CPU.ActiveCfg = Release|Any CPU
		{1ED06D42-1F19-4DFC-A147-934ADF3FB73F}.SingleImage|Any CPU.Build.0 = Release|Any CPU
		{1ED06D42-1F19-4DFC-A147-934ADF3FB73F}.SingleImage|Mixed Platforms.ActiveCfg = Release|Any CPU
		{1ED06D42-1F19-4DFC-A147-934ADF3FB73F}.SingleImage|Mixed Platforms.Build.0 = Release|Any CPU
		{1ED06D42-1F19-4DFC-A147-934ADF3FB73F}.SingleImage|x86.ActiveCfg = Release|Any CPU
	EndGlobalSection
	GlobalSection(SolutionProperties) = preSolution
		HideSolutionNode = FALSE
	EndGlobalSection
	GlobalSection(NestedProjects) = preSolution
		{3B441360-4843-4989-816A-449E227137CE} = {5DE8FAF5-ED0F-4681-9C50-159B781380D4}
		{3E0F1FBF-60D1-40B2-B649-933142C27CB7} = {F7B23167-AD4A-4FF4-ABDE-ACB6E2746F4E}
		{9ED04567-B2D0-4040-88A6-1AD752A3D83F} = {7CEA4962-8C5A-4AA1-983B-B80ADE0E1231}
		{0CAEE4F2-421B-4FA3-9A13-1402EA6FCDA8} = {7CEA4962-8C5A-4AA1-983B-B80ADE0E1231}
		{BC85A7BD-262D-43E0-8D9D-EE76C602BFAF} = {81F68805-46D9-4911-BBA9-3F908CC606EF}
		{F1AC4D4D-0633-4343-A657-DA275D33466D} = {7CEA4962-8C5A-4AA1-983B-B80ADE0E1231}
		{B4B7F91C-9412-4D6B-93E2-F3B7C4BD9B90} = {7CEA4962-8C5A-4AA1-983B-B80ADE0E1231}
		{A29AAA7A-E472-4661-A503-EB00FD43D2C3} = {F7B23167-AD4A-4FF4-ABDE-ACB6E2746F4E}
		{C2010FF2-7020-4BE7-8CB8-D43C7F9C4363} = {7CEA4962-8C5A-4AA1-983B-B80ADE0E1231}
		{2BA23366-38AA-4941-96B9-A5CF9429B0E6} = {B3E23D7B-5670-4C30-85BF-0094713146B2}
		{35DC2A36-5E24-4E09-8967-838C6EDCA465} = {7CEA4962-8C5A-4AA1-983B-B80ADE0E1231}
		{13D0B0B1-8C65-4BC4-8192-E6E9F4BAE6D6} = {BF3B9217-EC8F-41EF-ABFE-79DBD13CB37C}
		{7ACCE531-FF37-41B6-A04B-8BEC2677F59A} = {5DE8FAF5-ED0F-4681-9C50-159B781380D4}
		{091BCB44-6764-41CA-A255-C6DA6157092B} = {81F68805-46D9-4911-BBA9-3F908CC606EF}
		{EE1FE540-1FCA-4D00-BB0D-590837973724} = {5DE8FAF5-ED0F-4681-9C50-159B781380D4}
		{A09FB96C-5029-4DDB-95CA-6A452EB81D0B} = {EE1FE540-1FCA-4D00-BB0D-590837973724}
		{7CB4EFF4-FB2B-4EF4-9A51-B6CAA95CB0A4} = {EE1FE540-1FCA-4D00-BB0D-590837973724}
		{3D684359-03F1-485A-9811-D9830D4E6771} = {5DE8FAF5-ED0F-4681-9C50-159B781380D4}
		{EC932B4A-77CB-4292-A43D-D67E0D03DEA9} = {3D684359-03F1-485A-9811-D9830D4E6771}
		{BB7A281A-6674-4136-BF60-23048EA796FA} = {5DE8FAF5-ED0F-4681-9C50-159B781380D4}
		{A89DC973-7696-4E03-AD45-416B6163ABB5} = {BB7A281A-6674-4136-BF60-23048EA796FA}
		{E1DF0F49-15CB-4895-9E0A-3B0F4C37843B} = {3D684359-03F1-485A-9811-D9830D4E6771}
		{872878FA-A84A-4CD3-856A-4EE9018819C5} = {F7B23167-AD4A-4FF4-ABDE-ACB6E2746F4E}
		{66FA00CE-F8BC-478D-842F-B30B55C41180} = {5DE8FAF5-ED0F-4681-9C50-159B781380D4}
		{E181CB46-F04F-4A7F-B751-E334A5665D3E} = {66FA00CE-F8BC-478D-842F-B30B55C41180}
		{0CEACA1C-6246-4118-B6DD-D535594E4DF6} = {B3E23D7B-5670-4C30-85BF-0094713146B2}
		{4FBAAC02-F6D3-4980-91A3-75D3B3B26BB8} = {BF3B9217-EC8F-41EF-ABFE-79DBD13CB37C}
		{F5E270CF-6B83-4879-9B04-773B87F80B0E} = {F7B23167-AD4A-4FF4-ABDE-ACB6E2746F4E}
		{4F5EDC5B-31FA-4904-BD11-2CF1790AE234} = {F7B23167-AD4A-4FF4-ABDE-ACB6E2746F4E}
		{9BA4DF6C-B4DA-40D4-8A33-795F0BED2622} = {F7B23167-AD4A-4FF4-ABDE-ACB6E2746F4E}
		{B880414E-3D1B-4B65-80C2-555BA5B650AD} = {BF3B9217-EC8F-41EF-ABFE-79DBD13CB37C}
		{AF3E15D0-E445-48F4-90B5-805FEA131FAB} = {B3E23D7B-5670-4C30-85BF-0094713146B2}
		{9A210D03-F7A2-4CF6-B311-742A2A1949D4} = {F7B23167-AD4A-4FF4-ABDE-ACB6E2746F4E}
		{AC5E0579-E086-4592-A2A4-9E2373FA04F0} = {B3E23D7B-5670-4C30-85BF-0094713146B2}
		{14CF3AAD-D59F-4D55-A82F-5935A47E8946} = {BF3B9217-EC8F-41EF-ABFE-79DBD13CB37C}
		{D16EE25D-E56B-416A-B1A3-CF07A45AB37E} = {B3E23D7B-5670-4C30-85BF-0094713146B2}
		{9919E724-6184-4773-B48D-D53986ECFCE2} = {BF3B9217-EC8F-41EF-ABFE-79DBD13CB37C}
		{DAABC94B-69CC-4C8C-ABC7-D9AE05D94759} = {5DE8FAF5-ED0F-4681-9C50-159B781380D4}
		{5170A9BB-52E8-4001-8FCC-407CAEC11D81} = {EFA82140-5B66-491F-9C3A-B5F9C3A1BADA}
		{C4FB3423-CE73-4B44-A7FB-AFCD71F947D2} = {EFA82140-5B66-491F-9C3A-B5F9C3A1BADA}
		{88DF6FD6-C427-4320-8542-8B86A452E8C0} = {B3E23D7B-5670-4C30-85BF-0094713146B2}
		{1ED06D42-1F19-4DFC-A147-934ADF3FB73F} = {BF3B9217-EC8F-41EF-ABFE-79DBD13CB37C}
	EndGlobalSection
	GlobalSection(ExtensibilityGlobals) = postSolution
		EnterpriseLibraryConfigurationToolBinariesPath = packages\Unity.2.1.505.0\lib\NET35;packages\Unity.2.1.505.2\lib\NET35;packages\TransientFaultHandling.Core.5.1.1209.1\lib\NET4
	EndGlobalSection
	GlobalSection(SubversionScc) = preSolution
		Svn-Managed = True
		Manager = AnkhSVN - Subversion Support for Visual Studio
	EndGlobalSection
	GlobalSection(TestCaseManagementSettings) = postSolution
		CategoryFile = Zbang.Zbox1.vsmdi
	EndGlobalSection
EndGlobal
