{
  "name": "myproject",
  "version": "1.0.0",
  "lockfileVersion": 1,
  "requires": true,
  "dependencies": {
    "angular": {
      "version": "1.6.6",
      "resolved": "https://registry.npmjs.org/angular/-/angular-1.6.6.tgz",
      "integrity": "sha1-/Vo8+0N844LYVO4BEgeXl4Uny2Q=",
      "dev": true
    }
  }
}
